
Microsoft Visual Studio Solution File, Format Version 12.00
# Visual Studio Version 16
VisualStudioVersion = 16.0.29709.97
MinimumVisualStudioVersion = 10.0.40219.1
Project("{2150E333-8FDC-42A3-9474-1A3956D46DE8}") = "Ch01", "Ch01", "{F7E0FE20-9486-4601-AE0F-BD0D183432D2}"
EndProject
Project("{8BC9CEB8-8B4A-11D0-8D11-00A0C91BC942}") = "FirstApp", "FirstApp\FirstApp.vcxproj", "{F5EF5407-DCEB-4BE2-975C-F75B5D7DA42A}"
EndProject
Project("{8BC9CEB8-8B4A-11D0-8D11-00A0C91BC942}") = "NewAndNew", "NewAndNew\NewAndNew.vcxproj", "{6D193D35-FE2F-4BD2-87E5-B1B7AD82D80C}"
EndProject
Project("{8BC9CEB8-8B4A-11D0-8D11-00A0C91BC942}") = "EscapeTest", "EscapeTest\EscapeTest.vcxproj", "{D06B9DAB-71DE-46C3-A6F9-DF5D983CBE7F}"
EndProject
Project("{8BC9CEB8-8B4A-11D0-8D11-00A0C91BC942}") = "MyTemplateApp", "MyTemplateApp\MyTemplateApp.vcxproj", "{955778F8-E1E4-4718-82CB-D04A72BB17AB}"
EndProject
Project("{8BC9CEB8-8B4A-11D0-8D11-00A0C91BC942}") = "TemplateTest", "TemplateTest\TemplateTest.vcxproj", "{88FFFF39-5093-4F02-9DC3-7534DEC1C3B8}"
EndProject
Project("{2150E333-8FDC-42A3-9474-1A3956D46DE8}") = "Ch03", "Ch03", "{4FD1657F-618B-40CB-8E6B-21D7746683D9}"
EndProject
Project("{8BC9CEB8-8B4A-11D0-8D11-00A0C91BC942}") = "VarTest", "VarTest\VarTest.vcxproj", "{0D29B39F-5D79-4805-A49F-32C97ED28FE2}"
EndProject
Project("{8BC9CEB8-8B4A-11D0-8D11-00A0C91BC942}") = "StringTest", "StringTest\StringTest.vcxproj", "{1E026F9F-069F-46C4-958C-1A5810FE52B2}"
EndProject
Project("{2150E333-8FDC-42A3-9474-1A3956D46DE8}") = "Ch04", "Ch04", "{0CCB42BD-8B27-4931-96A8-A0C9883F5EE3}"
EndProject
Project("{8BC9CEB8-8B4A-11D0-8D11-00A0C91BC942}") = "DivideTest", "DivideTest\DivideTest.vcxproj", "{7799D815-AB8A-49BB-9B7E-F29EB11D7739}"
EndProject
Project("{8BC9CEB8-8B4A-11D0-8D11-00A0C91BC942}") = "CastTest", "CastTest\CastTest.vcxproj", "{4DE4CED6-9865-4C70-9585-65E8BEE349B3}"
EndProject
Project("{8BC9CEB8-8B4A-11D0-8D11-00A0C91BC942}") = "OpTestApp", "OpTestApp\OpTestApp.vcxproj", "{E8A91F8E-C97E-44A6-90B9-002215DAFFC8}"
EndProject
Project("{2150E333-8FDC-42A3-9474-1A3956D46DE8}") = "Ch05", "Ch05", "{58C87880-7587-4227-A8A7-57031816F28E}"
EndProject
Project("{8BC9CEB8-8B4A-11D0-8D11-00A0C91BC942}") = "IfTestApp", "IfTestApp\IfTestApp.vcxproj", "{CE85408D-E1CA-4119-AD36-E451222C2527}"
EndProject
Project("{8BC9CEB8-8B4A-11D0-8D11-00A0C91BC942}") = "SwitchTestApp", "SwitchTestApp\SwitchTestApp.vcxproj", "{E68634DA-9AB9-425E-B316-2F39C3DFA22B}"
EndProject
Project("{8BC9CEB8-8B4A-11D0-8D11-00A0C91BC942}") = "WhileTestApp", "WhileTestApp\WhileTestApp.vcxproj", "{A2D7885E-47FE-4394-9119-E31C4A9AA43A}"
EndProject
Project("{8BC9CEB8-8B4A-11D0-8D11-00A0C91BC942}") = "ForTestApp", "ForTestApp\ForTestApp.vcxproj", "{3167C321-227F-429A-AC57-070A134F704F}"
EndProject
Project("{8BC9CEB8-8B4A-11D0-8D11-00A0C91BC942}") = "MultiTableApp", "MultiTableApp\MultiTableApp.vcxproj", "{2E83D795-A061-496A-99DA-0F346FB0C94B}"
EndProject
Project("{2150E333-8FDC-42A3-9474-1A3956D46DE8}") = "Ch07", "Ch07", "{1EFD12FA-F7F1-4123-B7BE-E29BFF562113}"
EndProject
Project("{8BC9CEB8-8B4A-11D0-8D11-00A0C91BC942}") = "FuncTestApp", "FuncTestApp\FuncTestApp.vcxproj", "{C868415F-2CAA-4947-B925-14EFD9ECC5BE}"
EndProject
Project("{2150E333-8FDC-42A3-9474-1A3956D46DE8}") = "Ch08", "Ch08", "{2AD74A57-2DA6-4611-9607-BE9F95352D04}"
EndProject
Project("{8BC9CEB8-8B4A-11D0-8D11-00A0C91BC942}") = "ArrayTestApp", "ArrayTestApp\ArrayTestApp.vcxproj", "{0A1F14CC-8F82-49DE-8A9A-E5219823481C}"
EndProject
Project("{8BC9CEB8-8B4A-11D0-8D11-00A0C91BC942}") = "StringTestApp", "StringTestApp\StringTestApp.vcxproj", "{53B7075D-5651-4E6B-99F5-51643B379784}"
EndProject
Project("{2150E333-8FDC-42A3-9474-1A3956D46DE8}") = "Ch09", "Ch09", "{CC418851-7EAC-4DF4-B972-285ED2585588}"
EndProject
Project("{8BC9CEB8-8B4A-11D0-8D11-00A0C91BC942}") = "PointerTestApp", "PointerTestApp\PointerTestApp.vcxproj", "{4B9D6411-09C8-47BE-A455-265DA9C718D0}"
EndProject
Project("{8BC9CEB8-8B4A-11D0-8D11-00A0C91BC942}") = "SwapTestApp", "SwapTestApp\SwapTestApp.vcxproj", "{911292C3-C032-4F89-9EA1-204F440CAA6D}"
EndProject
Project("{2150E333-8FDC-42A3-9474-1A3956D46DE8}") = "Ch10", "Ch10", "{AF38D7AB-554C-4A36-A35B-966BFD5A8BF5}"
EndProject
Project("{8BC9CEB8-8B4A-11D0-8D11-00A0C91BC942}") = "ArrPtrTestApp", "ArrPtrTestApp\ArrPtrTestApp.vcxproj", "{B12B9A6A-E4F7-4637-BDE2-693B15E67057}"
EndProject
Project("{8BC9CEB8-8B4A-11D0-8D11-00A0C91BC942}") = "ArrPtrChkApp", "ArrPtrChkApp\ArrPtrChkApp.vcxproj", "{C29680D9-425A-4EF3-95E3-4C84E274056F}"
EndProject
Project("{8BC9CEB8-8B4A-11D0-8D11-00A0C91BC942}") = "FindMaxApp", "FindMaxApp\FindMaxApp.vcxproj", "{31D5DC99-7392-431E-9D9F-306C402BC174}"
EndProject
Project("{2150E333-8FDC-42A3-9474-1A3956D46DE8}") = "Ch11", "Ch11", "{45FA2D8A-5FD9-476F-A852-2FDCDD639B75}"
EndProject
Project("{8BC9CEB8-8B4A-11D0-8D11-00A0C91BC942}") = "CharTestApp", "CharTestApp\CharTestApp.vcxproj", "{B74A738C-155A-4128-B15D-4B50E0C2E2C9}"
EndProject
Project("{2150E333-8FDC-42A3-9474-1A3956D46DE8}") = "Ch12", "Ch12", "{D5865FA3-DEDD-406E-9965-B85EA51433F9}"
EndProject
Project("{8BC9CEB8-8B4A-11D0-8D11-00A0C91BC942}") = "StrTestApp", "StrTestApp\StrTestApp.vcxproj", "{BEDA8859-126D-4AE0-A5C8-972A28AD02E7}"
EndProject
Project("{8BC9CEB8-8B4A-11D0-8D11-00A0C91BC942}") = "IndiTest", "IndiTest\IndiTest.vcxproj", "{45FF79FF-793A-41BF-B95D-2334F30F9940}"
EndProject
Project("{2150E333-8FDC-42A3-9474-1A3956D46DE8}") = "Ch13", "Ch13", "{B1F15E34-AABA-4B4A-9E1A-CAC660F14B36}"
EndProject
Project("{8BC9CEB8-8B4A-11D0-8D11-00A0C91BC942}") = "VarTestApp", "VarTestApp\VarTestApp.vcxproj", "{415B0D66-E46A-40B6-8FCB-5DD35C8AE983}"
EndProject
Project("{8BC9CEB8-8B4A-11D0-8D11-00A0C91BC942}") = "StaticValTestApp", "StaticValTestApp\StaticValTestApp.vcxproj", "{6BC9E5A0-F071-414B-AC16-DEDB2A7F950E}"
EndProject
Project("{2150E333-8FDC-42A3-9474-1A3956D46DE8}") = "Ch14", "Ch14", "{5213FAB9-A4BB-4D60-80BE-A027F5274CF2}"
EndProject
Project("{8BC9CEB8-8B4A-11D0-8D11-00A0C91BC942}") = "SArryTestApp", "SArryTestApp\SArryTestApp.vcxproj", "{F3EF3279-B3AD-4371-8AAF-253FAE2CC99B}"
EndProject
Project("{2150E333-8FDC-42A3-9474-1A3956D46DE8}") = "Ch15", "Ch15", "{63684408-D9C3-4319-846D-897DACC5817D}"
EndProject
Project("{8BC9CEB8-8B4A-11D0-8D11-00A0C91BC942}") = "DoublePointerApp", "DoublePointerApp\DoublePointerApp.vcxproj", "{352006A9-33B7-4C99-BD0B-34D2AA68D4D3}"
EndProject
Project("{8BC9CEB8-8B4A-11D0-8D11-00A0C91BC942}") = "RegisterTestApp", "RegisterTestApp\RegisterTestApp.vcxproj", "{BFC00F83-5F27-49B7-A7FC-21CA5E9C25E4}"
EndProject
Project("{8BC9CEB8-8B4A-11D0-8D11-00A0C91BC942}") = "ThirdArrApp", "ThirdArrApp\ThirdArrApp.vcxproj", "{7CD1B8F2-A825-419C-983F-5F6F9EAA933E}"
EndProject
Project("{8BC9CEB8-8B4A-11D0-8D11-00A0C91BC942}") = "StringPtrApp", "StringPtrApp\StringPtrApp.vcxproj", "{A3BEDA7B-3F07-4611-A488-BFD41DCFFC8F}"
EndProject
Project("{8BC9CEB8-8B4A-11D0-8D11-00A0C91BC942}") = "PtrSwapApp", "PtrSwapApp\PtrSwapApp.vcxproj", "{9A0BE9CB-A639-4801-A5B3-33EFD536DA1B}"
EndProject
Project("{8BC9CEB8-8B4A-11D0-8D11-00A0C91BC942}") = "FuncPtrApp", "FuncPtrApp\FuncPtrApp.vcxproj", "{15D6EA38-56C1-4A3F-837A-BF810AEA7754}"
EndProject
Project("{2150E333-8FDC-42A3-9474-1A3956D46DE8}") = "Ch16", "Ch16", "{CCB313D9-6644-4C1D-8EEF-665622548677}"
EndProject
Project("{8BC9CEB8-8B4A-11D0-8D11-00A0C91BC942}") = "DyanmicMemApp", "DyanmicMemApp\DyanmicMemApp.vcxproj", "{027066F8-27BA-472B-BFD2-B2BD389C7809}"
EndProject
Project("{8BC9CEB8-8B4A-11D0-8D11-00A0C91BC942}") = "DynamicStrApp", "DynamicStrApp\DynamicStrApp.vcxproj", "{F7F85680-1F52-4C62-8BB3-5A990B086FD2}"
EndProject
Project("{8BC9CEB8-8B4A-11D0-8D11-00A0C91BC942}") = "MainArgApp", "MainArgApp\MainArgApp.vcxproj", "{C70FA5FF-A2D8-46C0-AF9E-2512D029AA9C}"
EndProject
Project("{FAE04EC0-301F-11D3-BF4B-00C04F79EFBC}") = "CsConsoleApp", "CsConsoleApp\CsConsoleApp.csproj", "{68B3D164-F317-4F05-8F4E-7155DE496939}"
EndProject
Project("{2150E333-8FDC-42A3-9474-1A3956D46DE8}") = "Ch17", "Ch17", "{F21C1C98-78B3-4174-A0DA-617F15FA6DC1}"
EndProject
Project("{8BC9CEB8-8B4A-11D0-8D11-00A0C91BC942}") = "StructTestApp", "StructTestApp\StructTestApp.vcxproj", "{9664B9C3-369E-4196-B52E-A95A7BE5D82B}"
EndProject
Project("{8BC9CEB8-8B4A-11D0-8D11-00A0C91BC942}") = "VisionApp", "VisionApp\VisionApp.vcxproj", "{B85D4CCC-6BEC-4482-87CD-E53D1E3DB52F}"
EndProject
Project("{8BC9CEB8-8B4A-11D0-8D11-00A0C91BC942}") = "StructPtrApp", "StructPtrApp\StructPtrApp.vcxproj", "{9B7179F2-DB39-43FD-8B6E-8E4CE164F717}"
EndProject
Project("{8BC9CEB8-8B4A-11D0-8D11-00A0C91BC942}") = "LinkedListApp", "LinkedListApp\LinkedListApp.vcxproj", "{0C75D5F0-CD66-4459-80E6-F2C3C34FDBCB}"
EndProject
Project("{8BC9CEB8-8B4A-11D0-8D11-00A0C91BC942}") = "UnionApp", "UnionApp\UnionApp.vcxproj", "{5CE7C8BA-583D-439D-9445-82B3999DB533}"
EndProject
Project("{2150E333-8FDC-42A3-9474-1A3956D46DE8}") = "Ch18", "Ch18", "{A443005A-4E1C-4CF6-B12C-FEA006B1B34B}"
EndProject
Project("{8BC9CEB8-8B4A-11D0-8D11-00A0C91BC942}") = "FileTestApp", "FileTestApp\FileTestApp.vcxproj", "{9C67EEA0-545F-4694-A92B-910004717604}"
EndProject
Project("{8BC9CEB8-8B4A-11D0-8D11-00A0C91BC942}") = "FileCopyApp", "FileCopyApp\FileCopyApp.vcxproj", "{EBC6DB17-D09B-469B-AC35-AE288FFA5262}"
EndProject
Project("{8BC9CEB8-8B4A-11D0-8D11-00A0C91BC942}") = "TestApp", "TestApp\TestApp.vcxproj", "{BD787275-7B3D-44C6-86E9-0200E33E88D3}"
EndProject
Project("{8BC9CEB8-8B4A-11D0-8D11-00A0C91BC942}") = "FileBufferErrApp", "FileBufferErrApp\FileBufferErrApp.vcxproj", "{7BDFF8B6-767F-4FC2-9630-D225D9D3E7C4}"
EndProject
Project("{2150E333-8FDC-42A3-9474-1A3956D46DE8}") = "Ch19", "Ch19", "{A644516C-FF78-4981-B30C-EF99D9DA82D6}"
EndProject
Project("{8BC9CEB8-8B4A-11D0-8D11-00A0C91BC942}") = "StandardApp", "StandardApp\StandardApp.vcxproj", "{5CA4F3EA-03C0-4A30-B1D0-3400CBC0C61D}"
EndProject
Project("{8BC9CEB8-8B4A-11D0-8D11-00A0C91BC942}") = "MacroApp", "MacroApp\MacroApp.vcxproj", "{A9242303-A688-40BF-8704-5BA9F634A772}"
EndProject
Project("{8BC9CEB8-8B4A-11D0-8D11-00A0C91BC942}") = "DivideSrcApp", "DivideSrcApp\DivideSrcApp.vcxproj", "{50A54E6D-5366-43D5-8E0F-5FE90AA3F316}"
EndProject
Project("{8BC9CEB8-8B4A-11D0-8D11-00A0C91BC942}") = "ExternStaticApp", "ExternStaticApp\ExternStaticApp.vcxproj", "{9416D4F7-5316-4C73-B7C7-3E7317E2B56C}"
EndProject
Project("{8BC9CEB8-8B4A-11D0-8D11-00A0C91BC942}") = "DupTestApp", "DupTestApp\DupTestApp.vcxproj", "{791BD123-0A38-4240-B118-D1C8FEE86327}"
EndProject
Project("{2150E333-8FDC-42A3-9474-1A3956D46DE8}") = "Add", "Add", "{B1F1211B-91E8-42BB-8BD9-2B309DF87180}"
EndProject
Project("{8BC9CEB8-8B4A-11D0-8D11-00A0C91BC942}") = "SelectSortApp", "SelectSortApp\SelectSortApp.vcxproj", "{0CD577D1-8924-45B2-A314-F891F5B1DF49}"
EndProject
Project("{2150E333-8FDC-42A3-9474-1A3956D46DE8}") = "Ch20", "Ch20", "{54246586-D04B-48AB-9EFF-0E17602E04AC}"
EndProject
Project("{8BC9CEB8-8B4A-11D0-8D11-00A0C91BC942}") = "CMathLib", "CMathLib\CMathLib.vcxproj", "{1B1DBBF5-2839-424E-A9C8-3C577A0F6900}"
EndProject
Project("{8BC9CEB8-8B4A-11D0-8D11-00A0C91BC942}") = "UsingStaticLibApp", "UsingStaticLibApp\UsingStaticLibApp.vcxproj", "{6F2B3BE1-028D-4694-8FC5-904400069D13}"
EndProject
Project("{8BC9CEB8-8B4A-11D0-8D11-00A0C91BC942}") = "MyMathLib", "MyMathLib\MyMathLib.vcxproj", "{303AD0C0-33A9-44C0-9C76-AAFB70CA98F2}"
EndProject
Project("{8BC9CEB8-8B4A-11D0-8D11-00A0C91BC942}") = "UsingDynLibApp", "UsingDynLibApp\UsingDynLibApp.vcxproj", "{089B050E-97CE-48C5-8966-8654F554E9E9}"
EndProject
Project("{8BC9CEB8-8B4A-11D0-8D11-00A0C91BC942}") = "MySqlTestApp", "MySqlTestApp\MySqlTestApp.vcxproj", "{F039149B-54B8-481C-963B-438193905C29}"
EndProject
Project("{2150E333-8FDC-42A3-9474-1A3956D46DE8}") = "Ch21", "Ch21", "{589EF830-20D2-4D73-ACC2-E121D877A732}"
EndProject
Project("{8BC9CEB8-8B4A-11D0-8D11-00A0C91BC942}") = "JsonSimpleParser", "JsonSimpleParser\JsonSimpleParser.vcxproj", "{4A894F82-13EC-49A1-AB98-50914AF237DD}"
EndProject
Project("{8BC9CEB8-8B4A-11D0-8D11-00A0C91BC942}") = "UsingParsonApp", "UsingParsonApp\UsingParsonApp.vcxproj", "{87F2BD8B-D470-48DC-A84C-40E5396497F3}"
EndProject
Global
	GlobalSection(SolutionConfigurationPlatforms) = preSolution
		Debug|Any CPU = Debug|Any CPU
		Debug|x64 = Debug|x64
		Debug|x86 = Debug|x86
		Release|Any CPU = Release|Any CPU
		Release|x64 = Release|x64
		Release|x86 = Release|x86
	EndGlobalSection
	GlobalSection(ProjectConfigurationPlatforms) = postSolution
		{F5EF5407-DCEB-4BE2-975C-F75B5D7DA42A}.Debug|Any CPU.ActiveCfg = Debug|Win32
		{F5EF5407-DCEB-4BE2-975C-F75B5D7DA42A}.Debug|x64.ActiveCfg = Debug|x64
		{F5EF5407-DCEB-4BE2-975C-F75B5D7DA42A}.Debug|x64.Build.0 = Debug|x64
		{F5EF5407-DCEB-4BE2-975C-F75B5D7DA42A}.Debug|x86.ActiveCfg = Debug|Win32
		{F5EF5407-DCEB-4BE2-975C-F75B5D7DA42A}.Debug|x86.Build.0 = Debug|Win32
		{F5EF5407-DCEB-4BE2-975C-F75B5D7DA42A}.Release|Any CPU.ActiveCfg = Release|Win32
		{F5EF5407-DCEB-4BE2-975C-F75B5D7DA42A}.Release|x64.ActiveCfg = Release|x64
		{F5EF5407-DCEB-4BE2-975C-F75B5D7DA42A}.Release|x64.Build.0 = Release|x64
		{F5EF5407-DCEB-4BE2-975C-F75B5D7DA42A}.Release|x86.ActiveCfg = Release|Win32
		{F5EF5407-DCEB-4BE2-975C-F75B5D7DA42A}.Release|x86.Build.0 = Release|Win32
		{6D193D35-FE2F-4BD2-87E5-B1B7AD82D80C}.Debug|Any CPU.ActiveCfg = Debug|Win32
		{6D193D35-FE2F-4BD2-87E5-B1B7AD82D80C}.Debug|x64.ActiveCfg = Debug|x64
		{6D193D35-FE2F-4BD2-87E5-B1B7AD82D80C}.Debug|x64.Build.0 = Debug|x64
		{6D193D35-FE2F-4BD2-87E5-B1B7AD82D80C}.Debug|x86.ActiveCfg = Debug|Win32
		{6D193D35-FE2F-4BD2-87E5-B1B7AD82D80C}.Debug|x86.Build.0 = Debug|Win32
		{6D193D35-FE2F-4BD2-87E5-B1B7AD82D80C}.Release|Any CPU.ActiveCfg = Release|Win32
		{6D193D35-FE2F-4BD2-87E5-B1B7AD82D80C}.Release|x64.ActiveCfg = Release|x64
		{6D193D35-FE2F-4BD2-87E5-B1B7AD82D80C}.Release|x64.Build.0 = Release|x64
		{6D193D35-FE2F-4BD2-87E5-B1B7AD82D80C}.Release|x86.ActiveCfg = Release|Win32
		{6D193D35-FE2F-4BD2-87E5-B1B7AD82D80C}.Release|x86.Build.0 = Release|Win32
		{D06B9DAB-71DE-46C3-A6F9-DF5D983CBE7F}.Debug|Any CPU.ActiveCfg = Debug|Win32
		{D06B9DAB-71DE-46C3-A6F9-DF5D983CBE7F}.Debug|x64.ActiveCfg = Debug|x64
		{D06B9DAB-71DE-46C3-A6F9-DF5D983CBE7F}.Debug|x64.Build.0 = Debug|x64
		{D06B9DAB-71DE-46C3-A6F9-DF5D983CBE7F}.Debug|x86.ActiveCfg = Debug|Win32
		{D06B9DAB-71DE-46C3-A6F9-DF5D983CBE7F}.Debug|x86.Build.0 = Debug|Win32
		{D06B9DAB-71DE-46C3-A6F9-DF5D983CBE7F}.Release|Any CPU.ActiveCfg = Release|Win32
		{D06B9DAB-71DE-46C3-A6F9-DF5D983CBE7F}.Release|x64.ActiveCfg = Release|x64
		{D06B9DAB-71DE-46C3-A6F9-DF5D983CBE7F}.Release|x64.Build.0 = Release|x64
		{D06B9DAB-71DE-46C3-A6F9-DF5D983CBE7F}.Release|x86.ActiveCfg = Release|Win32
		{D06B9DAB-71DE-46C3-A6F9-DF5D983CBE7F}.Release|x86.Build.0 = Release|Win32
		{955778F8-E1E4-4718-82CB-D04A72BB17AB}.Debug|Any CPU.ActiveCfg = Debug|Win32
		{955778F8-E1E4-4718-82CB-D04A72BB17AB}.Debug|x64.ActiveCfg = Debug|x64
		{955778F8-E1E4-4718-82CB-D04A72BB17AB}.Debug|x64.Build.0 = Debug|x64
		{955778F8-E1E4-4718-82CB-D04A72BB17AB}.Debug|x86.ActiveCfg = Debug|Win32
		{955778F8-E1E4-4718-82CB-D04A72BB17AB}.Debug|x86.Build.0 = Debug|Win32
		{955778F8-E1E4-4718-82CB-D04A72BB17AB}.Release|Any CPU.ActiveCfg = Release|Win32
		{955778F8-E1E4-4718-82CB-D04A72BB17AB}.Release|x64.ActiveCfg = Release|x64
		{955778F8-E1E4-4718-82CB-D04A72BB17AB}.Release|x64.Build.0 = Release|x64
		{955778F8-E1E4-4718-82CB-D04A72BB17AB}.Release|x86.ActiveCfg = Release|Win32
		{955778F8-E1E4-4718-82CB-D04A72BB17AB}.Release|x86.Build.0 = Release|Win32
		{88FFFF39-5093-4F02-9DC3-7534DEC1C3B8}.Debug|Any CPU.ActiveCfg = Debug|Win32
		{88FFFF39-5093-4F02-9DC3-7534DEC1C3B8}.Debug|x64.ActiveCfg = Debug|x64
		{88FFFF39-5093-4F02-9DC3-7534DEC1C3B8}.Debug|x64.Build.0 = Debug|x64
		{88FFFF39-5093-4F02-9DC3-7534DEC1C3B8}.Debug|x86.ActiveCfg = Debug|Win32
		{88FFFF39-5093-4F02-9DC3-7534DEC1C3B8}.Debug|x86.Build.0 = Debug|Win32
		{88FFFF39-5093-4F02-9DC3-7534DEC1C3B8}.Release|Any CPU.ActiveCfg = Release|Win32
		{88FFFF39-5093-4F02-9DC3-7534DEC1C3B8}.Release|x64.ActiveCfg = Release|x64
		{88FFFF39-5093-4F02-9DC3-7534DEC1C3B8}.Release|x64.Build.0 = Release|x64
		{88FFFF39-5093-4F02-9DC3-7534DEC1C3B8}.Release|x86.ActiveCfg = Release|Win32
		{88FFFF39-5093-4F02-9DC3-7534DEC1C3B8}.Release|x86.Build.0 = Release|Win32
		{0D29B39F-5D79-4805-A49F-32C97ED28FE2}.Debug|Any CPU.ActiveCfg = Debug|Win32
		{0D29B39F-5D79-4805-A49F-32C97ED28FE2}.Debug|x64.ActiveCfg = Debug|x64
		{0D29B39F-5D79-4805-A49F-32C97ED28FE2}.Debug|x64.Build.0 = Debug|x64
		{0D29B39F-5D79-4805-A49F-32C97ED28FE2}.Debug|x86.ActiveCfg = Debug|Win32
		{0D29B39F-5D79-4805-A49F-32C97ED28FE2}.Debug|x86.Build.0 = Debug|Win32
		{0D29B39F-5D79-4805-A49F-32C97ED28FE2}.Release|Any CPU.ActiveCfg = Release|Win32
		{0D29B39F-5D79-4805-A49F-32C97ED28FE2}.Release|x64.ActiveCfg = Release|x64
		{0D29B39F-5D79-4805-A49F-32C97ED28FE2}.Release|x64.Build.0 = Release|x64
		{0D29B39F-5D79-4805-A49F-32C97ED28FE2}.Release|x86.ActiveCfg = Release|Win32
		{0D29B39F-5D79-4805-A49F-32C97ED28FE2}.Release|x86.Build.0 = Release|Win32
		{1E026F9F-069F-46C4-958C-1A5810FE52B2}.Debug|Any CPU.ActiveCfg = Debug|Win32
		{1E026F9F-069F-46C4-958C-1A5810FE52B2}.Debug|x64.ActiveCfg = Debug|x64
		{1E026F9F-069F-46C4-958C-1A5810FE52B2}.Debug|x64.Build.0 = Debug|x64
		{1E026F9F-069F-46C4-958C-1A5810FE52B2}.Debug|x86.ActiveCfg = Debug|Win32
		{1E026F9F-069F-46C4-958C-1A5810FE52B2}.Debug|x86.Build.0 = Debug|Win32
		{1E026F9F-069F-46C4-958C-1A5810FE52B2}.Release|Any CPU.ActiveCfg = Release|Win32
		{1E026F9F-069F-46C4-958C-1A5810FE52B2}.Release|x64.ActiveCfg = Release|x64
		{1E026F9F-069F-46C4-958C-1A5810FE52B2}.Release|x64.Build.0 = Release|x64
		{1E026F9F-069F-46C4-958C-1A5810FE52B2}.Release|x86.ActiveCfg = Release|Win32
		{1E026F9F-069F-46C4-958C-1A5810FE52B2}.Release|x86.Build.0 = Release|Win32
		{7799D815-AB8A-49BB-9B7E-F29EB11D7739}.Debug|Any CPU.ActiveCfg = Debug|Win32
		{7799D815-AB8A-49BB-9B7E-F29EB11D7739}.Debug|x64.ActiveCfg = Debug|x64
		{7799D815-AB8A-49BB-9B7E-F29EB11D7739}.Debug|x64.Build.0 = Debug|x64
		{7799D815-AB8A-49BB-9B7E-F29EB11D7739}.Debug|x86.ActiveCfg = Debug|Win32
		{7799D815-AB8A-49BB-9B7E-F29EB11D7739}.Debug|x86.Build.0 = Debug|Win32
		{7799D815-AB8A-49BB-9B7E-F29EB11D7739}.Release|Any CPU.ActiveCfg = Release|Win32
		{7799D815-AB8A-49BB-9B7E-F29EB11D7739}.Release|x64.ActiveCfg = Release|x64
		{7799D815-AB8A-49BB-9B7E-F29EB11D7739}.Release|x64.Build.0 = Release|x64
		{7799D815-AB8A-49BB-9B7E-F29EB11D7739}.Release|x86.ActiveCfg = Release|Win32
		{7799D815-AB8A-49BB-9B7E-F29EB11D7739}.Release|x86.Build.0 = Release|Win32
		{4DE4CED6-9865-4C70-9585-65E8BEE349B3}.Debug|Any CPU.ActiveCfg = Debug|Win32
		{4DE4CED6-9865-4C70-9585-65E8BEE349B3}.Debug|x64.ActiveCfg = Debug|x64
		{4DE4CED6-9865-4C70-9585-65E8BEE349B3}.Debug|x64.Build.0 = Debug|x64
		{4DE4CED6-9865-4C70-9585-65E8BEE349B3}.Debug|x86.ActiveCfg = Debug|Win32
		{4DE4CED6-9865-4C70-9585-65E8BEE349B3}.Debug|x86.Build.0 = Debug|Win32
		{4DE4CED6-9865-4C70-9585-65E8BEE349B3}.Release|Any CPU.ActiveCfg = Release|Win32
		{4DE4CED6-9865-4C70-9585-65E8BEE349B3}.Release|x64.ActiveCfg = Release|x64
		{4DE4CED6-9865-4C70-9585-65E8BEE349B3}.Release|x64.Build.0 = Release|x64
		{4DE4CED6-9865-4C70-9585-65E8BEE349B3}.Release|x86.ActiveCfg = Release|Win32
		{4DE4CED6-9865-4C70-9585-65E8BEE349B3}.Release|x86.Build.0 = Release|Win32
		{E8A91F8E-C97E-44A6-90B9-002215DAFFC8}.Debug|Any CPU.ActiveCfg = Debug|Win32
		{E8A91F8E-C97E-44A6-90B9-002215DAFFC8}.Debug|x64.ActiveCfg = Debug|x64
		{E8A91F8E-C97E-44A6-90B9-002215DAFFC8}.Debug|x64.Build.0 = Debug|x64
		{E8A91F8E-C97E-44A6-90B9-002215DAFFC8}.Debug|x86.ActiveCfg = Debug|Win32
		{E8A91F8E-C97E-44A6-90B9-002215DAFFC8}.Debug|x86.Build.0 = Debug|Win32
		{E8A91F8E-C97E-44A6-90B9-002215DAFFC8}.Release|Any CPU.ActiveCfg = Release|Win32
		{E8A91F8E-C97E-44A6-90B9-002215DAFFC8}.Release|x64.ActiveCfg = Release|x64
		{E8A91F8E-C97E-44A6-90B9-002215DAFFC8}.Release|x64.Build.0 = Release|x64
		{E8A91F8E-C97E-44A6-90B9-002215DAFFC8}.Release|x86.ActiveCfg = Release|Win32
		{E8A91F8E-C97E-44A6-90B9-002215DAFFC8}.Release|x86.Build.0 = Release|Win32
		{CE85408D-E1CA-4119-AD36-E451222C2527}.Debug|Any CPU.ActiveCfg = Debug|Win32
		{CE85408D-E1CA-4119-AD36-E451222C2527}.Debug|x64.ActiveCfg = Debug|x64
		{CE85408D-E1CA-4119-AD36-E451222C2527}.Debug|x64.Build.0 = Debug|x64
		{CE85408D-E1CA-4119-AD36-E451222C2527}.Debug|x86.ActiveCfg = Debug|Win32
		{CE85408D-E1CA-4119-AD36-E451222C2527}.Debug|x86.Build.0 = Debug|Win32
		{CE85408D-E1CA-4119-AD36-E451222C2527}.Release|Any CPU.ActiveCfg = Release|Win32
		{CE85408D-E1CA-4119-AD36-E451222C2527}.Release|x64.ActiveCfg = Release|x64
		{CE85408D-E1CA-4119-AD36-E451222C2527}.Release|x64.Build.0 = Release|x64
		{CE85408D-E1CA-4119-AD36-E451222C2527}.Release|x86.ActiveCfg = Release|Win32
		{CE85408D-E1CA-4119-AD36-E451222C2527}.Release|x86.Build.0 = Release|Win32
		{E68634DA-9AB9-425E-B316-2F39C3DFA22B}.Debug|Any CPU.ActiveCfg = Debug|Win32
		{E68634DA-9AB9-425E-B316-2F39C3DFA22B}.Debug|x64.ActiveCfg = Debug|x64
		{E68634DA-9AB9-425E-B316-2F39C3DFA22B}.Debug|x64.Build.0 = Debug|x64
		{E68634DA-9AB9-425E-B316-2F39C3DFA22B}.Debug|x86.ActiveCfg = Debug|Win32
		{E68634DA-9AB9-425E-B316-2F39C3DFA22B}.Debug|x86.Build.0 = Debug|Win32
		{E68634DA-9AB9-425E-B316-2F39C3DFA22B}.Release|Any CPU.ActiveCfg = Release|Win32
		{E68634DA-9AB9-425E-B316-2F39C3DFA22B}.Release|x64.ActiveCfg = Release|x64
		{E68634DA-9AB9-425E-B316-2F39C3DFA22B}.Release|x64.Build.0 = Release|x64
		{E68634DA-9AB9-425E-B316-2F39C3DFA22B}.Release|x86.ActiveCfg = Release|Win32
		{E68634DA-9AB9-425E-B316-2F39C3DFA22B}.Release|x86.Build.0 = Release|Win32
		{A2D7885E-47FE-4394-9119-E31C4A9AA43A}.Debug|Any CPU.ActiveCfg = Debug|Win32
		{A2D7885E-47FE-4394-9119-E31C4A9AA43A}.Debug|x64.ActiveCfg = Debug|x64
		{A2D7885E-47FE-4394-9119-E31C4A9AA43A}.Debug|x64.Build.0 = Debug|x64
		{A2D7885E-47FE-4394-9119-E31C4A9AA43A}.Debug|x86.ActiveCfg = Debug|Win32
		{A2D7885E-47FE-4394-9119-E31C4A9AA43A}.Debug|x86.Build.0 = Debug|Win32
		{A2D7885E-47FE-4394-9119-E31C4A9AA43A}.Release|Any CPU.ActiveCfg = Release|Win32
		{A2D7885E-47FE-4394-9119-E31C4A9AA43A}.Release|x64.ActiveCfg = Release|x64
		{A2D7885E-47FE-4394-9119-E31C4A9AA43A}.Release|x64.Build.0 = Release|x64
		{A2D7885E-47FE-4394-9119-E31C4A9AA43A}.Release|x86.ActiveCfg = Release|Win32
		{A2D7885E-47FE-4394-9119-E31C4A9AA43A}.Release|x86.Build.0 = Release|Win32
		{3167C321-227F-429A-AC57-070A134F704F}.Debug|Any CPU.ActiveCfg = Debug|Win32
		{3167C321-227F-429A-AC57-070A134F704F}.Debug|x64.ActiveCfg = Debug|x64
		{3167C321-227F-429A-AC57-070A134F704F}.Debug|x64.Build.0 = Debug|x64
		{3167C321-227F-429A-AC57-070A134F704F}.Debug|x86.ActiveCfg = Debug|Win32
		{3167C321-227F-429A-AC57-070A134F704F}.Debug|x86.Build.0 = Debug|Win32
		{3167C321-227F-429A-AC57-070A134F704F}.Release|Any CPU.ActiveCfg = Release|Win32
		{3167C321-227F-429A-AC57-070A134F704F}.Release|x64.ActiveCfg = Release|x64
		{3167C321-227F-429A-AC57-070A134F704F}.Release|x64.Build.0 = Release|x64
		{3167C321-227F-429A-AC57-070A134F704F}.Release|x86.ActiveCfg = Release|Win32
		{3167C321-227F-429A-AC57-070A134F704F}.Release|x86.Build.0 = Release|Win32
		{2E83D795-A061-496A-99DA-0F346FB0C94B}.Debug|Any CPU.ActiveCfg = Debug|Win32
		{2E83D795-A061-496A-99DA-0F346FB0C94B}.Debug|x64.ActiveCfg = Debug|x64
		{2E83D795-A061-496A-99DA-0F346FB0C94B}.Debug|x64.Build.0 = Debug|x64
		{2E83D795-A061-496A-99DA-0F346FB0C94B}.Debug|x86.ActiveCfg = Debug|Win32
		{2E83D795-A061-496A-99DA-0F346FB0C94B}.Debug|x86.Build.0 = Debug|Win32
		{2E83D795-A061-496A-99DA-0F346FB0C94B}.Release|Any CPU.ActiveCfg = Release|Win32
		{2E83D795-A061-496A-99DA-0F346FB0C94B}.Release|x64.ActiveCfg = Release|x64
		{2E83D795-A061-496A-99DA-0F346FB0C94B}.Release|x64.Build.0 = Release|x64
		{2E83D795-A061-496A-99DA-0F346FB0C94B}.Release|x86.ActiveCfg = Release|Win32
		{2E83D795-A061-496A-99DA-0F346FB0C94B}.Release|x86.Build.0 = Release|Win32
		{C868415F-2CAA-4947-B925-14EFD9ECC5BE}.Debug|Any CPU.ActiveCfg = Debug|Win32
		{C868415F-2CAA-4947-B925-14EFD9ECC5BE}.Debug|x64.ActiveCfg = Debug|x64
		{C868415F-2CAA-4947-B925-14EFD9ECC5BE}.Debug|x64.Build.0 = Debug|x64
		{C868415F-2CAA-4947-B925-14EFD9ECC5BE}.Debug|x86.ActiveCfg = Debug|Win32
		{C868415F-2CAA-4947-B925-14EFD9ECC5BE}.Debug|x86.Build.0 = Debug|Win32
		{C868415F-2CAA-4947-B925-14EFD9ECC5BE}.Release|Any CPU.ActiveCfg = Release|Win32
		{C868415F-2CAA-4947-B925-14EFD9ECC5BE}.Release|x64.ActiveCfg = Release|x64
		{C868415F-2CAA-4947-B925-14EFD9ECC5BE}.Release|x64.Build.0 = Release|x64
		{C868415F-2CAA-4947-B925-14EFD9ECC5BE}.Release|x86.ActiveCfg = Release|Win32
		{C868415F-2CAA-4947-B925-14EFD9ECC5BE}.Release|x86.Build.0 = Release|Win32
		{0A1F14CC-8F82-49DE-8A9A-E5219823481C}.Debug|Any CPU.ActiveCfg = Debug|Win32
		{0A1F14CC-8F82-49DE-8A9A-E5219823481C}.Debug|x64.ActiveCfg = Debug|x64
		{0A1F14CC-8F82-49DE-8A9A-E5219823481C}.Debug|x64.Build.0 = Debug|x64
		{0A1F14CC-8F82-49DE-8A9A-E5219823481C}.Debug|x86.ActiveCfg = Debug|Win32
		{0A1F14CC-8F82-49DE-8A9A-E5219823481C}.Debug|x86.Build.0 = Debug|Win32
		{0A1F14CC-8F82-49DE-8A9A-E5219823481C}.Release|Any CPU.ActiveCfg = Release|Win32
		{0A1F14CC-8F82-49DE-8A9A-E5219823481C}.Release|x64.ActiveCfg = Release|x64
		{0A1F14CC-8F82-49DE-8A9A-E5219823481C}.Release|x64.Build.0 = Release|x64
		{0A1F14CC-8F82-49DE-8A9A-E5219823481C}.Release|x86.ActiveCfg = Release|Win32
		{0A1F14CC-8F82-49DE-8A9A-E5219823481C}.Release|x86.Build.0 = Release|Win32
		{53B7075D-5651-4E6B-99F5-51643B379784}.Debug|Any CPU.ActiveCfg = Debug|Win32
		{53B7075D-5651-4E6B-99F5-51643B379784}.Debug|x64.ActiveCfg = Debug|x64
		{53B7075D-5651-4E6B-99F5-51643B379784}.Debug|x64.Build.0 = Debug|x64
		{53B7075D-5651-4E6B-99F5-51643B379784}.Debug|x86.ActiveCfg = Debug|Win32
		{53B7075D-5651-4E6B-99F5-51643B379784}.Debug|x86.Build.0 = Debug|Win32
		{53B7075D-5651-4E6B-99F5-51643B379784}.Release|Any CPU.ActiveCfg = Release|Win32
		{53B7075D-5651-4E6B-99F5-51643B379784}.Release|x64.ActiveCfg = Release|x64
		{53B7075D-5651-4E6B-99F5-51643B379784}.Release|x64.Build.0 = Release|x64
		{53B7075D-5651-4E6B-99F5-51643B379784}.Release|x86.ActiveCfg = Release|Win32
		{53B7075D-5651-4E6B-99F5-51643B379784}.Release|x86.Build.0 = Release|Win32
		{4B9D6411-09C8-47BE-A455-265DA9C718D0}.Debug|Any CPU.ActiveCfg = Debug|Win32
		{4B9D6411-09C8-47BE-A455-265DA9C718D0}.Debug|x64.ActiveCfg = Debug|x64
		{4B9D6411-09C8-47BE-A455-265DA9C718D0}.Debug|x64.Build.0 = Debug|x64
		{4B9D6411-09C8-47BE-A455-265DA9C718D0}.Debug|x86.ActiveCfg = Debug|Win32
		{4B9D6411-09C8-47BE-A455-265DA9C718D0}.Debug|x86.Build.0 = Debug|Win32
		{4B9D6411-09C8-47BE-A455-265DA9C718D0}.Release|Any CPU.ActiveCfg = Release|Win32
		{4B9D6411-09C8-47BE-A455-265DA9C718D0}.Release|x64.ActiveCfg = Release|x64
		{4B9D6411-09C8-47BE-A455-265DA9C718D0}.Release|x64.Build.0 = Release|x64
		{4B9D6411-09C8-47BE-A455-265DA9C718D0}.Release|x86.ActiveCfg = Release|Win32
		{4B9D6411-09C8-47BE-A455-265DA9C718D0}.Release|x86.Build.0 = Release|Win32
		{911292C3-C032-4F89-9EA1-204F440CAA6D}.Debug|Any CPU.ActiveCfg = Debug|Win32
		{911292C3-C032-4F89-9EA1-204F440CAA6D}.Debug|x64.ActiveCfg = Debug|x64
		{911292C3-C032-4F89-9EA1-204F440CAA6D}.Debug|x64.Build.0 = Debug|x64
		{911292C3-C032-4F89-9EA1-204F440CAA6D}.Debug|x86.ActiveCfg = Debug|Win32
		{911292C3-C032-4F89-9EA1-204F440CAA6D}.Debug|x86.Build.0 = Debug|Win32
		{911292C3-C032-4F89-9EA1-204F440CAA6D}.Release|Any CPU.ActiveCfg = Release|Win32
		{911292C3-C032-4F89-9EA1-204F440CAA6D}.Release|x64.ActiveCfg = Release|x64
		{911292C3-C032-4F89-9EA1-204F440CAA6D}.Release|x64.Build.0 = Release|x64
		{911292C3-C032-4F89-9EA1-204F440CAA6D}.Release|x86.ActiveCfg = Release|Win32
		{911292C3-C032-4F89-9EA1-204F440CAA6D}.Release|x86.Build.0 = Release|Win32
		{B12B9A6A-E4F7-4637-BDE2-693B15E67057}.Debug|Any CPU.ActiveCfg = Debug|Win32
		{B12B9A6A-E4F7-4637-BDE2-693B15E67057}.Debug|x64.ActiveCfg = Debug|x64
		{B12B9A6A-E4F7-4637-BDE2-693B15E67057}.Debug|x64.Build.0 = Debug|x64
		{B12B9A6A-E4F7-4637-BDE2-693B15E67057}.Debug|x86.ActiveCfg = Debug|Win32
		{B12B9A6A-E4F7-4637-BDE2-693B15E67057}.Debug|x86.Build.0 = Debug|Win32
		{B12B9A6A-E4F7-4637-BDE2-693B15E67057}.Release|Any CPU.ActiveCfg = Release|Win32
		{B12B9A6A-E4F7-4637-BDE2-693B15E67057}.Release|x64.ActiveCfg = Release|x64
		{B12B9A6A-E4F7-4637-BDE2-693B15E67057}.Release|x64.Build.0 = Release|x64
		{B12B9A6A-E4F7-4637-BDE2-693B15E67057}.Release|x86.ActiveCfg = Release|Win32
		{B12B9A6A-E4F7-4637-BDE2-693B15E67057}.Release|x86.Build.0 = Release|Win32
		{C29680D9-425A-4EF3-95E3-4C84E274056F}.Debug|Any CPU.ActiveCfg = Debug|Win32
		{C29680D9-425A-4EF3-95E3-4C84E274056F}.Debug|x64.ActiveCfg = Debug|x64
		{C29680D9-425A-4EF3-95E3-4C84E274056F}.Debug|x64.Build.0 = Debug|x64
		{C29680D9-425A-4EF3-95E3-4C84E274056F}.Debug|x86.ActiveCfg = Debug|Win32
		{C29680D9-425A-4EF3-95E3-4C84E274056F}.Debug|x86.Build.0 = Debug|Win32
		{C29680D9-425A-4EF3-95E3-4C84E274056F}.Release|Any CPU.ActiveCfg = Release|Win32
		{C29680D9-425A-4EF3-95E3-4C84E274056F}.Release|x64.ActiveCfg = Release|x64
		{C29680D9-425A-4EF3-95E3-4C84E274056F}.Release|x64.Build.0 = Release|x64
		{C29680D9-425A-4EF3-95E3-4C84E274056F}.Release|x86.ActiveCfg = Release|Win32
		{C29680D9-425A-4EF3-95E3-4C84E274056F}.Release|x86.Build.0 = Release|Win32
		{31D5DC99-7392-431E-9D9F-306C402BC174}.Debug|Any CPU.ActiveCfg = Debug|Win32
		{31D5DC99-7392-431E-9D9F-306C402BC174}.Debug|x64.ActiveCfg = Debug|x64
		{31D5DC99-7392-431E-9D9F-306C402BC174}.Debug|x64.Build.0 = Debug|x64
		{31D5DC99-7392-431E-9D9F-306C402BC174}.Debug|x86.ActiveCfg = Debug|Win32
		{31D5DC99-7392-431E-9D9F-306C402BC174}.Debug|x86.Build.0 = Debug|Win32
		{31D5DC99-7392-431E-9D9F-306C402BC174}.Release|Any CPU.ActiveCfg = Release|Win32
		{31D5DC99-7392-431E-9D9F-306C402BC174}.Release|x64.ActiveCfg = Release|x64
		{31D5DC99-7392-431E-9D9F-306C402BC174}.Release|x64.Build.0 = Release|x64
		{31D5DC99-7392-431E-9D9F-306C402BC174}.Release|x86.ActiveCfg = Release|Win32
		{31D5DC99-7392-431E-9D9F-306C402BC174}.Release|x86.Build.0 = Release|Win32
		{B74A738C-155A-4128-B15D-4B50E0C2E2C9}.Debug|Any CPU.ActiveCfg = Debug|Win32
		{B74A738C-155A-4128-B15D-4B50E0C2E2C9}.Debug|x64.ActiveCfg = Debug|x64
		{B74A738C-155A-4128-B15D-4B50E0C2E2C9}.Debug|x64.Build.0 = Debug|x64
		{B74A738C-155A-4128-B15D-4B50E0C2E2C9}.Debug|x86.ActiveCfg = Debug|Win32
		{B74A738C-155A-4128-B15D-4B50E0C2E2C9}.Debug|x86.Build.0 = Debug|Win32
		{B74A738C-155A-4128-B15D-4B50E0C2E2C9}.Release|Any CPU.ActiveCfg = Release|Win32
		{B74A738C-155A-4128-B15D-4B50E0C2E2C9}.Release|x64.ActiveCfg = Release|x64
		{B74A738C-155A-4128-B15D-4B50E0C2E2C9}.Release|x64.Build.0 = Release|x64
		{B74A738C-155A-4128-B15D-4B50E0C2E2C9}.Release|x86.ActiveCfg = Release|Win32
		{B74A738C-155A-4128-B15D-4B50E0C2E2C9}.Release|x86.Build.0 = Release|Win32
		{BEDA8859-126D-4AE0-A5C8-972A28AD02E7}.Debug|Any CPU.ActiveCfg = Debug|Win32
		{BEDA8859-126D-4AE0-A5C8-972A28AD02E7}.Debug|x64.ActiveCfg = Debug|x64
		{BEDA8859-126D-4AE0-A5C8-972A28AD02E7}.Debug|x64.Build.0 = Debug|x64
		{BEDA8859-126D-4AE0-A5C8-972A28AD02E7}.Debug|x86.ActiveCfg = Debug|Win32
		{BEDA8859-126D-4AE0-A5C8-972A28AD02E7}.Debug|x86.Build.0 = Debug|Win32
		{BEDA8859-126D-4AE0-A5C8-972A28AD02E7}.Release|Any CPU.ActiveCfg = Release|Win32
		{BEDA8859-126D-4AE0-A5C8-972A28AD02E7}.Release|x64.ActiveCfg = Release|x64
		{BEDA8859-126D-4AE0-A5C8-972A28AD02E7}.Release|x64.Build.0 = Release|x64
		{BEDA8859-126D-4AE0-A5C8-972A28AD02E7}.Release|x86.ActiveCfg = Release|Win32
		{BEDA8859-126D-4AE0-A5C8-972A28AD02E7}.Release|x86.Build.0 = Release|Win32
		{45FF79FF-793A-41BF-B95D-2334F30F9940}.Debug|Any CPU.ActiveCfg = Debug|Win32
		{45FF79FF-793A-41BF-B95D-2334F30F9940}.Debug|x64.ActiveCfg = Debug|x64
		{45FF79FF-793A-41BF-B95D-2334F30F9940}.Debug|x64.Build.0 = Debug|x64
		{45FF79FF-793A-41BF-B95D-2334F30F9940}.Debug|x86.ActiveCfg = Debug|Win32
		{45FF79FF-793A-41BF-B95D-2334F30F9940}.Debug|x86.Build.0 = Debug|Win32
		{45FF79FF-793A-41BF-B95D-2334F30F9940}.Release|Any CPU.ActiveCfg = Release|Win32
		{45FF79FF-793A-41BF-B95D-2334F30F9940}.Release|x64.ActiveCfg = Release|x64
		{45FF79FF-793A-41BF-B95D-2334F30F9940}.Release|x64.Build.0 = Release|x64
		{45FF79FF-793A-41BF-B95D-2334F30F9940}.Release|x86.ActiveCfg = Release|Win32
		{45FF79FF-793A-41BF-B95D-2334F30F9940}.Release|x86.Build.0 = Release|Win32
		{415B0D66-E46A-40B6-8FCB-5DD35C8AE983}.Debug|Any CPU.ActiveCfg = Debug|Win32
		{415B0D66-E46A-40B6-8FCB-5DD35C8AE983}.Debug|x64.ActiveCfg = Debug|x64
		{415B0D66-E46A-40B6-8FCB-5DD35C8AE983}.Debug|x64.Build.0 = Debug|x64
		{415B0D66-E46A-40B6-8FCB-5DD35C8AE983}.Debug|x86.ActiveCfg = Debug|Win32
		{415B0D66-E46A-40B6-8FCB-5DD35C8AE983}.Debug|x86.Build.0 = Debug|Win32
		{415B0D66-E46A-40B6-8FCB-5DD35C8AE983}.Release|Any CPU.ActiveCfg = Release|Win32
		{415B0D66-E46A-40B6-8FCB-5DD35C8AE983}.Release|x64.ActiveCfg = Release|x64
		{415B0D66-E46A-40B6-8FCB-5DD35C8AE983}.Release|x64.Build.0 = Release|x64
		{415B0D66-E46A-40B6-8FCB-5DD35C8AE983}.Release|x86.ActiveCfg = Release|Win32
		{415B0D66-E46A-40B6-8FCB-5DD35C8AE983}.Release|x86.Build.0 = Release|Win32
		{6BC9E5A0-F071-414B-AC16-DEDB2A7F950E}.Debug|Any CPU.ActiveCfg = Debug|Win32
		{6BC9E5A0-F071-414B-AC16-DEDB2A7F950E}.Debug|x64.ActiveCfg = Debug|x64
		{6BC9E5A0-F071-414B-AC16-DEDB2A7F950E}.Debug|x64.Build.0 = Debug|x64
		{6BC9E5A0-F071-414B-AC16-DEDB2A7F950E}.Debug|x86.ActiveCfg = Debug|Win32
		{6BC9E5A0-F071-414B-AC16-DEDB2A7F950E}.Debug|x86.Build.0 = Debug|Win32
		{6BC9E5A0-F071-414B-AC16-DEDB2A7F950E}.Release|Any CPU.ActiveCfg = Release|Win32
		{6BC9E5A0-F071-414B-AC16-DEDB2A7F950E}.Release|x64.ActiveCfg = Release|x64
		{6BC9E5A0-F071-414B-AC16-DEDB2A7F950E}.Release|x64.Build.0 = Release|x64
		{6BC9E5A0-F071-414B-AC16-DEDB2A7F950E}.Release|x86.ActiveCfg = Release|Win32
		{6BC9E5A0-F071-414B-AC16-DEDB2A7F950E}.Release|x86.Build.0 = Release|Win32
		{F3EF3279-B3AD-4371-8AAF-253FAE2CC99B}.Debug|Any CPU.ActiveCfg = Debug|Win32
		{F3EF3279-B3AD-4371-8AAF-253FAE2CC99B}.Debug|x64.ActiveCfg = Debug|x64
		{F3EF3279-B3AD-4371-8AAF-253FAE2CC99B}.Debug|x64.Build.0 = Debug|x64
		{F3EF3279-B3AD-4371-8AAF-253FAE2CC99B}.Debug|x86.ActiveCfg = Debug|Win32
		{F3EF3279-B3AD-4371-8AAF-253FAE2CC99B}.Debug|x86.Build.0 = Debug|Win32
		{F3EF3279-B3AD-4371-8AAF-253FAE2CC99B}.Release|Any CPU.ActiveCfg = Release|Win32
		{F3EF3279-B3AD-4371-8AAF-253FAE2CC99B}.Release|x64.ActiveCfg = Release|x64
		{F3EF3279-B3AD-4371-8AAF-253FAE2CC99B}.Release|x64.Build.0 = Release|x64
		{F3EF3279-B3AD-4371-8AAF-253FAE2CC99B}.Release|x86.ActiveCfg = Release|Win32
		{F3EF3279-B3AD-4371-8AAF-253FAE2CC99B}.Release|x86.Build.0 = Release|Win32
		{352006A9-33B7-4C99-BD0B-34D2AA68D4D3}.Debug|Any CPU.ActiveCfg = Debug|Win32
		{352006A9-33B7-4C99-BD0B-34D2AA68D4D3}.Debug|x64.ActiveCfg = Debug|x64
		{352006A9-33B7-4C99-BD0B-34D2AA68D4D3}.Debug|x64.Build.0 = Debug|x64
		{352006A9-33B7-4C99-BD0B-34D2AA68D4D3}.Debug|x86.ActiveCfg = Debug|Win32
		{352006A9-33B7-4C99-BD0B-34D2AA68D4D3}.Debug|x86.Build.0 = Debug|Win32
		{352006A9-33B7-4C99-BD0B-34D2AA68D4D3}.Release|Any CPU.ActiveCfg = Release|Win32
		{352006A9-33B7-4C99-BD0B-34D2AA68D4D3}.Release|x64.ActiveCfg = Release|x64
		{352006A9-33B7-4C99-BD0B-34D2AA68D4D3}.Release|x64.Build.0 = Release|x64
		{352006A9-33B7-4C99-BD0B-34D2AA68D4D3}.Release|x86.ActiveCfg = Release|Win32
		{352006A9-33B7-4C99-BD0B-34D2AA68D4D3}.Release|x86.Build.0 = Release|Win32
		{BFC00F83-5F27-49B7-A7FC-21CA5E9C25E4}.Debug|Any CPU.ActiveCfg = Debug|Win32
		{BFC00F83-5F27-49B7-A7FC-21CA5E9C25E4}.Debug|x64.ActiveCfg = Debug|x64
		{BFC00F83-5F27-49B7-A7FC-21CA5E9C25E4}.Debug|x64.Build.0 = Debug|x64
		{BFC00F83-5F27-49B7-A7FC-21CA5E9C25E4}.Debug|x86.ActiveCfg = Debug|Win32
		{BFC00F83-5F27-49B7-A7FC-21CA5E9C25E4}.Debug|x86.Build.0 = Debug|Win32
		{BFC00F83-5F27-49B7-A7FC-21CA5E9C25E4}.Release|Any CPU.ActiveCfg = Release|Win32
		{BFC00F83-5F27-49B7-A7FC-21CA5E9C25E4}.Release|x64.ActiveCfg = Release|x64
		{BFC00F83-5F27-49B7-A7FC-21CA5E9C25E4}.Release|x64.Build.0 = Release|x64
		{BFC00F83-5F27-49B7-A7FC-21CA5E9C25E4}.Release|x86.ActiveCfg = Release|Win32
		{BFC00F83-5F27-49B7-A7FC-21CA5E9C25E4}.Release|x86.Build.0 = Release|Win32
		{7CD1B8F2-A825-419C-983F-5F6F9EAA933E}.Debug|Any CPU.ActiveCfg = Debug|Win32
		{7CD1B8F2-A825-419C-983F-5F6F9EAA933E}.Debug|x64.ActiveCfg = Debug|x64
		{7CD1B8F2-A825-419C-983F-5F6F9EAA933E}.Debug|x64.Build.0 = Debug|x64
		{7CD1B8F2-A825-419C-983F-5F6F9EAA933E}.Debug|x86.ActiveCfg = Debug|Win32
		{7CD1B8F2-A825-419C-983F-5F6F9EAA933E}.Debug|x86.Build.0 = Debug|Win32
		{7CD1B8F2-A825-419C-983F-5F6F9EAA933E}.Release|Any CPU.ActiveCfg = Release|Win32
		{7CD1B8F2-A825-419C-983F-5F6F9EAA933E}.Release|x64.ActiveCfg = Release|x64
		{7CD1B8F2-A825-419C-983F-5F6F9EAA933E}.Release|x64.Build.0 = Release|x64
		{7CD1B8F2-A825-419C-983F-5F6F9EAA933E}.Release|x86.ActiveCfg = Release|Win32
		{7CD1B8F2-A825-419C-983F-5F6F9EAA933E}.Release|x86.Build.0 = Release|Win32
		{A3BEDA7B-3F07-4611-A488-BFD41DCFFC8F}.Debug|Any CPU.ActiveCfg = Debug|Win32
		{A3BEDA7B-3F07-4611-A488-BFD41DCFFC8F}.Debug|x64.ActiveCfg = Debug|x64
		{A3BEDA7B-3F07-4611-A488-BFD41DCFFC8F}.Debug|x64.Build.0 = Debug|x64
		{A3BEDA7B-3F07-4611-A488-BFD41DCFFC8F}.Debug|x86.ActiveCfg = Debug|Win32
		{A3BEDA7B-3F07-4611-A488-BFD41DCFFC8F}.Debug|x86.Build.0 = Debug|Win32
		{A3BEDA7B-3F07-4611-A488-BFD41DCFFC8F}.Release|Any CPU.ActiveCfg = Release|Win32
		{A3BEDA7B-3F07-4611-A488-BFD41DCFFC8F}.Release|x64.ActiveCfg = Release|x64
		{A3BEDA7B-3F07-4611-A488-BFD41DCFFC8F}.Release|x64.Build.0 = Release|x64
		{A3BEDA7B-3F07-4611-A488-BFD41DCFFC8F}.Release|x86.ActiveCfg = Release|Win32
		{A3BEDA7B-3F07-4611-A488-BFD41DCFFC8F}.Release|x86.Build.0 = Release|Win32
		{9A0BE9CB-A639-4801-A5B3-33EFD536DA1B}.Debug|Any CPU.ActiveCfg = Debug|Win32
		{9A0BE9CB-A639-4801-A5B3-33EFD536DA1B}.Debug|x64.ActiveCfg = Debug|x64
		{9A0BE9CB-A639-4801-A5B3-33EFD536DA1B}.Debug|x64.Build.0 = Debug|x64
		{9A0BE9CB-A639-4801-A5B3-33EFD536DA1B}.Debug|x86.ActiveCfg = Debug|Win32
		{9A0BE9CB-A639-4801-A5B3-33EFD536DA1B}.Debug|x86.Build.0 = Debug|Win32
		{9A0BE9CB-A639-4801-A5B3-33EFD536DA1B}.Release|Any CPU.ActiveCfg = Release|Win32
		{9A0BE9CB-A639-4801-A5B3-33EFD536DA1B}.Release|x64.ActiveCfg = Release|x64
		{9A0BE9CB-A639-4801-A5B3-33EFD536DA1B}.Release|x64.Build.0 = Release|x64
		{9A0BE9CB-A639-4801-A5B3-33EFD536DA1B}.Release|x86.ActiveCfg = Release|Win32
		{9A0BE9CB-A639-4801-A5B3-33EFD536DA1B}.Release|x86.Build.0 = Release|Win32
		{15D6EA38-56C1-4A3F-837A-BF810AEA7754}.Debug|Any CPU.ActiveCfg = Debug|Win32
		{15D6EA38-56C1-4A3F-837A-BF810AEA7754}.Debug|x64.ActiveCfg = Debug|x64
		{15D6EA38-56C1-4A3F-837A-BF810AEA7754}.Debug|x64.Build.0 = Debug|x64
		{15D6EA38-56C1-4A3F-837A-BF810AEA7754}.Debug|x86.ActiveCfg = Debug|Win32
		{15D6EA38-56C1-4A3F-837A-BF810AEA7754}.Debug|x86.Build.0 = Debug|Win32
		{15D6EA38-56C1-4A3F-837A-BF810AEA7754}.Release|Any CPU.ActiveCfg = Release|Win32
		{15D6EA38-56C1-4A3F-837A-BF810AEA7754}.Release|x64.ActiveCfg = Release|x64
		{15D6EA38-56C1-4A3F-837A-BF810AEA7754}.Release|x64.Build.0 = Release|x64
		{15D6EA38-56C1-4A3F-837A-BF810AEA7754}.Release|x86.ActiveCfg = Release|Win32
		{15D6EA38-56C1-4A3F-837A-BF810AEA7754}.Release|x86.Build.0 = Release|Win32
		{027066F8-27BA-472B-BFD2-B2BD389C7809}.Debug|Any CPU.ActiveCfg = Debug|Win32
		{027066F8-27BA-472B-BFD2-B2BD389C7809}.Debug|x64.ActiveCfg = Debug|x64
		{027066F8-27BA-472B-BFD2-B2BD389C7809}.Debug|x64.Build.0 = Debug|x64
		{027066F8-27BA-472B-BFD2-B2BD389C7809}.Debug|x86.ActiveCfg = Debug|Win32
		{027066F8-27BA-472B-BFD2-B2BD389C7809}.Debug|x86.Build.0 = Debug|Win32
		{027066F8-27BA-472B-BFD2-B2BD389C7809}.Release|Any CPU.ActiveCfg = Release|Win32
		{027066F8-27BA-472B-BFD2-B2BD389C7809}.Release|x64.ActiveCfg = Release|x64
		{027066F8-27BA-472B-BFD2-B2BD389C7809}.Release|x64.Build.0 = Release|x64
		{027066F8-27BA-472B-BFD2-B2BD389C7809}.Release|x86.ActiveCfg = Release|Win32
		{027066F8-27BA-472B-BFD2-B2BD389C7809}.Release|x86.Build.0 = Release|Win32
		{F7F85680-1F52-4C62-8BB3-5A990B086FD2}.Debug|Any CPU.ActiveCfg = Debug|Win32
		{F7F85680-1F52-4C62-8BB3-5A990B086FD2}.Debug|x64.ActiveCfg = Debug|x64
		{F7F85680-1F52-4C62-8BB3-5A990B086FD2}.Debug|x64.Build.0 = Debug|x64
		{F7F85680-1F52-4C62-8BB3-5A990B086FD2}.Debug|x86.ActiveCfg = Debug|Win32
		{F7F85680-1F52-4C62-8BB3-5A990B086FD2}.Debug|x86.Build.0 = Debug|Win32
		{F7F85680-1F52-4C62-8BB3-5A990B086FD2}.Release|Any CPU.ActiveCfg = Release|Win32
		{F7F85680-1F52-4C62-8BB3-5A990B086FD2}.Release|x64.ActiveCfg = Release|x64
		{F7F85680-1F52-4C62-8BB3-5A990B086FD2}.Release|x64.Build.0 = Release|x64
		{F7F85680-1F52-4C62-8BB3-5A990B086FD2}.Release|x86.ActiveCfg = Release|Win32
		{F7F85680-1F52-4C62-8BB3-5A990B086FD2}.Release|x86.Build.0 = Release|Win32
		{C70FA5FF-A2D8-46C0-AF9E-2512D029AA9C}.Debug|Any CPU.ActiveCfg = Debug|Win32
		{C70FA5FF-A2D8-46C0-AF9E-2512D029AA9C}.Debug|x64.ActiveCfg = Debug|x64
		{C70FA5FF-A2D8-46C0-AF9E-2512D029AA9C}.Debug|x64.Build.0 = Debug|x64
		{C70FA5FF-A2D8-46C0-AF9E-2512D029AA9C}.Debug|x86.ActiveCfg = Debug|Win32
		{C70FA5FF-A2D8-46C0-AF9E-2512D029AA9C}.Debug|x86.Build.0 = Debug|Win32
		{C70FA5FF-A2D8-46C0-AF9E-2512D029AA9C}.Release|Any CPU.ActiveCfg = Release|Win32
		{C70FA5FF-A2D8-46C0-AF9E-2512D029AA9C}.Release|x64.ActiveCfg = Release|x64
		{C70FA5FF-A2D8-46C0-AF9E-2512D029AA9C}.Release|x64.Build.0 = Release|x64
		{C70FA5FF-A2D8-46C0-AF9E-2512D029AA9C}.Release|x86.ActiveCfg = Release|Win32
		{C70FA5FF-A2D8-46C0-AF9E-2512D029AA9C}.Release|x86.Build.0 = Release|Win32
		{68B3D164-F317-4F05-8F4E-7155DE496939}.Debug|Any CPU.ActiveCfg = Debug|Any CPU
		{68B3D164-F317-4F05-8F4E-7155DE496939}.Debug|Any CPU.Build.0 = Debug|Any CPU
		{68B3D164-F317-4F05-8F4E-7155DE496939}.Debug|x64.ActiveCfg = Debug|Any CPU
		{68B3D164-F317-4F05-8F4E-7155DE496939}.Debug|x64.Build.0 = Debug|Any CPU
		{68B3D164-F317-4F05-8F4E-7155DE496939}.Debug|x86.ActiveCfg = Debug|Any CPU
		{68B3D164-F317-4F05-8F4E-7155DE496939}.Debug|x86.Build.0 = Debug|Any CPU
		{68B3D164-F317-4F05-8F4E-7155DE496939}.Release|Any CPU.ActiveCfg = Release|Any CPU
		{68B3D164-F317-4F05-8F4E-7155DE496939}.Release|Any CPU.Build.0 = Release|Any CPU
		{68B3D164-F317-4F05-8F4E-7155DE496939}.Release|x64.ActiveCfg = Release|Any CPU
		{68B3D164-F317-4F05-8F4E-7155DE496939}.Release|x64.Build.0 = Release|Any CPU
		{68B3D164-F317-4F05-8F4E-7155DE496939}.Release|x86.ActiveCfg = Release|Any CPU
		{68B3D164-F317-4F05-8F4E-7155DE496939}.Release|x86.Build.0 = Release|Any CPU
		{9664B9C3-369E-4196-B52E-A95A7BE5D82B}.Debug|Any CPU.ActiveCfg = Debug|Win32
		{9664B9C3-369E-4196-B52E-A95A7BE5D82B}.Debug|x64.ActiveCfg = Debug|x64
		{9664B9C3-369E-4196-B52E-A95A7BE5D82B}.Debug|x64.Build.0 = Debug|x64
		{9664B9C3-369E-4196-B52E-A95A7BE5D82B}.Debug|x86.ActiveCfg = Debug|Win32
		{9664B9C3-369E-4196-B52E-A95A7BE5D82B}.Debug|x86.Build.0 = Debug|Win32
		{9664B9C3-369E-4196-B52E-A95A7BE5D82B}.Release|Any CPU.ActiveCfg = Release|Win32
		{9664B9C3-369E-4196-B52E-A95A7BE5D82B}.Release|x64.ActiveCfg = Release|x64
		{9664B9C3-369E-4196-B52E-A95A7BE5D82B}.Release|x64.Build.0 = Release|x64
		{9664B9C3-369E-4196-B52E-A95A7BE5D82B}.Release|x86.ActiveCfg = Release|Win32
		{9664B9C3-369E-4196-B52E-A95A7BE5D82B}.Release|x86.Build.0 = Release|Win32
		{B85D4CCC-6BEC-4482-87CD-E53D1E3DB52F}.Debug|Any CPU.ActiveCfg = Debug|Win32
		{B85D4CCC-6BEC-4482-87CD-E53D1E3DB52F}.Debug|x64.ActiveCfg = Debug|x64
		{B85D4CCC-6BEC-4482-87CD-E53D1E3DB52F}.Debug|x64.Build.0 = Debug|x64
		{B85D4CCC-6BEC-4482-87CD-E53D1E3DB52F}.Debug|x86.ActiveCfg = Debug|Win32
		{B85D4CCC-6BEC-4482-87CD-E53D1E3DB52F}.Debug|x86.Build.0 = Debug|Win32
		{B85D4CCC-6BEC-4482-87CD-E53D1E3DB52F}.Release|Any CPU.ActiveCfg = Release|Win32
		{B85D4CCC-6BEC-4482-87CD-E53D1E3DB52F}.Release|x64.ActiveCfg = Release|x64
		{B85D4CCC-6BEC-4482-87CD-E53D1E3DB52F}.Release|x64.Build.0 = Release|x64
		{B85D4CCC-6BEC-4482-87CD-E53D1E3DB52F}.Release|x86.ActiveCfg = Release|Win32
		{B85D4CCC-6BEC-4482-87CD-E53D1E3DB52F}.Release|x86.Build.0 = Release|Win32
		{9B7179F2-DB39-43FD-8B6E-8E4CE164F717}.Debug|Any CPU.ActiveCfg = Debug|Win32
		{9B7179F2-DB39-43FD-8B6E-8E4CE164F717}.Debug|x64.ActiveCfg = Debug|x64
		{9B7179F2-DB39-43FD-8B6E-8E4CE164F717}.Debug|x64.Build.0 = Debug|x64
		{9B7179F2-DB39-43FD-8B6E-8E4CE164F717}.Debug|x86.ActiveCfg = Debug|Win32
		{9B7179F2-DB39-43FD-8B6E-8E4CE164F717}.Debug|x86.Build.0 = Debug|Win32
		{9B7179F2-DB39-43FD-8B6E-8E4CE164F717}.Release|Any CPU.ActiveCfg = Release|Win32
		{9B7179F2-DB39-43FD-8B6E-8E4CE164F717}.Release|x64.ActiveCfg = Release|x64
		{9B7179F2-DB39-43FD-8B6E-8E4CE164F717}.Release|x64.Build.0 = Release|x64
		{9B7179F2-DB39-43FD-8B6E-8E4CE164F717}.Release|x86.ActiveCfg = Release|Win32
		{9B7179F2-DB39-43FD-8B6E-8E4CE164F717}.Release|x86.Build.0 = Release|Win32
		{0C75D5F0-CD66-4459-80E6-F2C3C34FDBCB}.Debug|Any CPU.ActiveCfg = Debug|Win32
		{0C75D5F0-CD66-4459-80E6-F2C3C34FDBCB}.Debug|x64.ActiveCfg = Debug|x64
		{0C75D5F0-CD66-4459-80E6-F2C3C34FDBCB}.Debug|x64.Build.0 = Debug|x64
		{0C75D5F0-CD66-4459-80E6-F2C3C34FDBCB}.Debug|x86.ActiveCfg = Debug|Win32
		{0C75D5F0-CD66-4459-80E6-F2C3C34FDBCB}.Debug|x86.Build.0 = Debug|Win32
		{0C75D5F0-CD66-4459-80E6-F2C3C34FDBCB}.Release|Any CPU.ActiveCfg = Release|Win32
		{0C75D5F0-CD66-4459-80E6-F2C3C34FDBCB}.Release|x64.ActiveCfg = Release|x64
		{0C75D5F0-CD66-4459-80E6-F2C3C34FDBCB}.Release|x64.Build.0 = Release|x64
		{0C75D5F0-CD66-4459-80E6-F2C3C34FDBCB}.Release|x86.ActiveCfg = Release|Win32
		{0C75D5F0-CD66-4459-80E6-F2C3C34FDBCB}.Release|x86.Build.0 = Release|Win32
		{5CE7C8BA-583D-439D-9445-82B3999DB533}.Debug|Any CPU.ActiveCfg = Debug|Win32
		{5CE7C8BA-583D-439D-9445-82B3999DB533}.Debug|x64.ActiveCfg = Debug|x64
		{5CE7C8BA-583D-439D-9445-82B3999DB533}.Debug|x64.Build.0 = Debug|x64
		{5CE7C8BA-583D-439D-9445-82B3999DB533}.Debug|x86.ActiveCfg = Debug|Win32
		{5CE7C8BA-583D-439D-9445-82B3999DB533}.Debug|x86.Build.0 = Debug|Win32
		{5CE7C8BA-583D-439D-9445-82B3999DB533}.Release|Any CPU.ActiveCfg = Release|Win32
		{5CE7C8BA-583D-439D-9445-82B3999DB533}.Release|x64.ActiveCfg = Release|x64
		{5CE7C8BA-583D-439D-9445-82B3999DB533}.Release|x64.Build.0 = Release|x64
		{5CE7C8BA-583D-439D-9445-82B3999DB533}.Release|x86.ActiveCfg = Release|Win32
		{5CE7C8BA-583D-439D-9445-82B3999DB533}.Release|x86.Build.0 = Release|Win32
		{9C67EEA0-545F-4694-A92B-910004717604}.Debug|Any CPU.ActiveCfg = Debug|Win32
		{9C67EEA0-545F-4694-A92B-910004717604}.Debug|x64.ActiveCfg = Debug|x64
		{9C67EEA0-545F-4694-A92B-910004717604}.Debug|x64.Build.0 = Debug|x64
		{9C67EEA0-545F-4694-A92B-910004717604}.Debug|x86.ActiveCfg = Debug|Win32
		{9C67EEA0-545F-4694-A92B-910004717604}.Debug|x86.Build.0 = Debug|Win32
		{9C67EEA0-545F-4694-A92B-910004717604}.Release|Any CPU.ActiveCfg = Release|Win32
		{9C67EEA0-545F-4694-A92B-910004717604}.Release|x64.ActiveCfg = Release|x64
		{9C67EEA0-545F-4694-A92B-910004717604}.Release|x64.Build.0 = Release|x64
		{9C67EEA0-545F-4694-A92B-910004717604}.Release|x86.ActiveCfg = Release|Win32
		{9C67EEA0-545F-4694-A92B-910004717604}.Release|x86.Build.0 = Release|Win32
		{EBC6DB17-D09B-469B-AC35-AE288FFA5262}.Debug|Any CPU.ActiveCfg = Debug|Win32
		{EBC6DB17-D09B-469B-AC35-AE288FFA5262}.Debug|x64.ActiveCfg = Debug|x64
		{EBC6DB17-D09B-469B-AC35-AE288FFA5262}.Debug|x64.Build.0 = Debug|x64
		{EBC6DB17-D09B-469B-AC35-AE288FFA5262}.Debug|x86.ActiveCfg = Debug|Win32
		{EBC6DB17-D09B-469B-AC35-AE288FFA5262}.Debug|x86.Build.0 = Debug|Win32
		{EBC6DB17-D09B-469B-AC35-AE288FFA5262}.Release|Any CPU.ActiveCfg = Release|Win32
		{EBC6DB17-D09B-469B-AC35-AE288FFA5262}.Release|x64.ActiveCfg = Release|x64
		{EBC6DB17-D09B-469B-AC35-AE288FFA5262}.Release|x64.Build.0 = Release|x64
		{EBC6DB17-D09B-469B-AC35-AE288FFA5262}.Release|x86.ActiveCfg = Release|Win32
		{EBC6DB17-D09B-469B-AC35-AE288FFA5262}.Release|x86.Build.0 = Release|Win32
		{BD787275-7B3D-44C6-86E9-0200E33E88D3}.Debug|Any CPU.ActiveCfg = Debug|Win32
		{BD787275-7B3D-44C6-86E9-0200E33E88D3}.Debug|x64.ActiveCfg = Debug|x64
		{BD787275-7B3D-44C6-86E9-0200E33E88D3}.Debug|x64.Build.0 = Debug|x64
		{BD787275-7B3D-44C6-86E9-0200E33E88D3}.Debug|x86.ActiveCfg = Debug|Win32
		{BD787275-7B3D-44C6-86E9-0200E33E88D3}.Debug|x86.Build.0 = Debug|Win32
		{BD787275-7B3D-44C6-86E9-0200E33E88D3}.Release|Any CPU.ActiveCfg = Release|Win32
		{BD787275-7B3D-44C6-86E9-0200E33E88D3}.Release|x64.ActiveCfg = Release|x64
		{BD787275-7B3D-44C6-86E9-0200E33E88D3}.Release|x64.Build.0 = Release|x64
		{BD787275-7B3D-44C6-86E9-0200E33E88D3}.Release|x86.ActiveCfg = Release|Win32
		{BD787275-7B3D-44C6-86E9-0200E33E88D3}.Release|x86.Build.0 = Release|Win32
		{7BDFF8B6-767F-4FC2-9630-D225D9D3E7C4}.Debug|Any CPU.ActiveCfg = Debug|Win32
		{7BDFF8B6-767F-4FC2-9630-D225D9D3E7C4}.Debug|x64.ActiveCfg = Debug|x64
		{7BDFF8B6-767F-4FC2-9630-D225D9D3E7C4}.Debug|x64.Build.0 = Debug|x64
		{7BDFF8B6-767F-4FC2-9630-D225D9D3E7C4}.Debug|x86.ActiveCfg = Debug|Win32
		{7BDFF8B6-767F-4FC2-9630-D225D9D3E7C4}.Debug|x86.Build.0 = Debug|Win32
		{7BDFF8B6-767F-4FC2-9630-D225D9D3E7C4}.Release|Any CPU.ActiveCfg = Release|Win32
		{7BDFF8B6-767F-4FC2-9630-D225D9D3E7C4}.Release|x64.ActiveCfg = Release|x64
		{7BDFF8B6-767F-4FC2-9630-D225D9D3E7C4}.Release|x64.Build.0 = Release|x64
		{7BDFF8B6-767F-4FC2-9630-D225D9D3E7C4}.Release|x86.ActiveCfg = Release|Win32
		{7BDFF8B6-767F-4FC2-9630-D225D9D3E7C4}.Release|x86.Build.0 = Release|Win32
		{5CA4F3EA-03C0-4A30-B1D0-3400CBC0C61D}.Debug|Any CPU.ActiveCfg = Debug|Win32
		{5CA4F3EA-03C0-4A30-B1D0-3400CBC0C61D}.Debug|x64.ActiveCfg = Debug|x64
		{5CA4F3EA-03C0-4A30-B1D0-3400CBC0C61D}.Debug|x64.Build.0 = Debug|x64
		{5CA4F3EA-03C0-4A30-B1D0-3400CBC0C61D}.Debug|x86.ActiveCfg = Debug|Win32
		{5CA4F3EA-03C0-4A30-B1D0-3400CBC0C61D}.Debug|x86.Build.0 = Debug|Win32
		{5CA4F3EA-03C0-4A30-B1D0-3400CBC0C61D}.Release|Any CPU.ActiveCfg = Release|Win32
		{5CA4F3EA-03C0-4A30-B1D0-3400CBC0C61D}.Release|x64.ActiveCfg = Release|x64
		{5CA4F3EA-03C0-4A30-B1D0-3400CBC0C61D}.Release|x64.Build.0 = Release|x64
		{5CA4F3EA-03C0-4A30-B1D0-3400CBC0C61D}.Release|x86.ActiveCfg = Release|Win32
		{5CA4F3EA-03C0-4A30-B1D0-3400CBC0C61D}.Release|x86.Build.0 = Release|Win32
		{A9242303-A688-40BF-8704-5BA9F634A772}.Debug|Any CPU.ActiveCfg = Debug|Win32
		{A9242303-A688-40BF-8704-5BA9F634A772}.Debug|x64.ActiveCfg = Debug|x64
		{A9242303-A688-40BF-8704-5BA9F634A772}.Debug|x64.Build.0 = Debug|x64
		{A9242303-A688-40BF-8704-5BA9F634A772}.Debug|x86.ActiveCfg = Debug|Win32
		{A9242303-A688-40BF-8704-5BA9F634A772}.Debug|x86.Build.0 = Debug|Win32
		{A9242303-A688-40BF-8704-5BA9F634A772}.Release|Any CPU.ActiveCfg = Release|Win32
		{A9242303-A688-40BF-8704-5BA9F634A772}.Release|x64.ActiveCfg = Release|x64
		{A9242303-A688-40BF-8704-5BA9F634A772}.Release|x64.Build.0 = Release|x64
		{A9242303-A688-40BF-8704-5BA9F634A772}.Release|x86.ActiveCfg = Release|Win32
		{A9242303-A688-40BF-8704-5BA9F634A772}.Release|x86.Build.0 = Release|Win32
		{50A54E6D-5366-43D5-8E0F-5FE90AA3F316}.Debug|Any CPU.ActiveCfg = Debug|Win32
		{50A54E6D-5366-43D5-8E0F-5FE90AA3F316}.Debug|x64.ActiveCfg = Debug|x64
		{50A54E6D-5366-43D5-8E0F-5FE90AA3F316}.Debug|x64.Build.0 = Debug|x64
		{50A54E6D-5366-43D5-8E0F-5FE90AA3F316}.Debug|x86.ActiveCfg = Debug|Win32
		{50A54E6D-5366-43D5-8E0F-5FE90AA3F316}.Debug|x86.Build.0 = Debug|Win32
		{50A54E6D-5366-43D5-8E0F-5FE90AA3F316}.Release|Any CPU.ActiveCfg = Release|Win32
		{50A54E6D-5366-43D5-8E0F-5FE90AA3F316}.Release|x64.ActiveCfg = Release|x64
		{50A54E6D-5366-43D5-8E0F-5FE90AA3F316}.Release|x64.Build.0 = Release|x64
		{50A54E6D-5366-43D5-8E0F-5FE90AA3F316}.Release|x86.ActiveCfg = Release|Win32
		{50A54E6D-5366-43D5-8E0F-5FE90AA3F316}.Release|x86.Build.0 = Release|Win32
		{9416D4F7-5316-4C73-B7C7-3E7317E2B56C}.Debug|Any CPU.ActiveCfg = Debug|Win32
		{9416D4F7-5316-4C73-B7C7-3E7317E2B56C}.Debug|x64.ActiveCfg = Debug|x64
		{9416D4F7-5316-4C73-B7C7-3E7317E2B56C}.Debug|x64.Build.0 = Debug|x64
		{9416D4F7-5316-4C73-B7C7-3E7317E2B56C}.Debug|x86.ActiveCfg = Debug|Win32
		{9416D4F7-5316-4C73-B7C7-3E7317E2B56C}.Debug|x86.Build.0 = Debug|Win32
		{9416D4F7-5316-4C73-B7C7-3E7317E2B56C}.Release|Any CPU.ActiveCfg = Release|Win32
		{9416D4F7-5316-4C73-B7C7-3E7317E2B56C}.Release|x64.ActiveCfg = Release|x64
		{9416D4F7-5316-4C73-B7C7-3E7317E2B56C}.Release|x64.Build.0 = Release|x64
		{9416D4F7-5316-4C73-B7C7-3E7317E2B56C}.Release|x86.ActiveCfg = Release|Win32
		{9416D4F7-5316-4C73-B7C7-3E7317E2B56C}.Release|x86.Build.0 = Release|Win32
		{791BD123-0A38-4240-B118-D1C8FEE86327}.Debug|Any CPU.ActiveCfg = Debug|Win32
		{791BD123-0A38-4240-B118-D1C8FEE86327}.Debug|x64.ActiveCfg = Debug|x64
		{791BD123-0A38-4240-B118-D1C8FEE86327}.Debug|x64.Build.0 = Debug|x64
		{791BD123-0A38-4240-B118-D1C8FEE86327}.Debug|x86.ActiveCfg = Debug|Win32
		{791BD123-0A38-4240-B118-D1C8FEE86327}.Debug|x86.Build.0 = Debug|Win32
		{791BD123-0A38-4240-B118-D1C8FEE86327}.Release|Any CPU.ActiveCfg = Release|Win32
		{791BD123-0A38-4240-B118-D1C8FEE86327}.Release|x64.ActiveCfg = Release|x64
		{791BD123-0A38-4240-B118-D1C8FEE86327}.Release|x64.Build.0 = Release|x64
		{791BD123-0A38-4240-B118-D1C8FEE86327}.Release|x86.ActiveCfg = Release|Win32
		{791BD123-0A38-4240-B118-D1C8FEE86327}.Release|x86.Build.0 = Release|Win32
		{0CD577D1-8924-45B2-A314-F891F5B1DF49}.Debug|Any CPU.ActiveCfg = Debug|Win32
		{0CD577D1-8924-45B2-A314-F891F5B1DF49}.Debug|x64.ActiveCfg = Debug|x64
		{0CD577D1-8924-45B2-A314-F891F5B1DF49}.Debug|x64.Build.0 = Debug|x64
		{0CD577D1-8924-45B2-A314-F891F5B1DF49}.Debug|x86.ActiveCfg = Debug|Win32
		{0CD577D1-8924-45B2-A314-F891F5B1DF49}.Debug|x86.Build.0 = Debug|Win32
		{0CD577D1-8924-45B2-A314-F891F5B1DF49}.Release|Any CPU.ActiveCfg = Release|Win32
		{0CD577D1-8924-45B2-A314-F891F5B1DF49}.Release|x64.ActiveCfg = Release|x64
		{0CD577D1-8924-45B2-A314-F891F5B1DF49}.Release|x64.Build.0 = Release|x64
		{0CD577D1-8924-45B2-A314-F891F5B1DF49}.Release|x86.ActiveCfg = Release|Win32
		{0CD577D1-8924-45B2-A314-F891F5B1DF49}.Release|x86.Build.0 = Release|Win32
		{1B1DBBF5-2839-424E-A9C8-3C577A0F6900}.Debug|Any CPU.ActiveCfg = Debug|Win32
		{1B1DBBF5-2839-424E-A9C8-3C577A0F6900}.Debug|x64.ActiveCfg = Debug|x64
		{1B1DBBF5-2839-424E-A9C8-3C577A0F6900}.Debug|x64.Build.0 = Debug|x64
		{1B1DBBF5-2839-424E-A9C8-3C577A0F6900}.Debug|x86.ActiveCfg = Debug|Win32
		{1B1DBBF5-2839-424E-A9C8-3C577A0F6900}.Debug|x86.Build.0 = Debug|Win32
		{1B1DBBF5-2839-424E-A9C8-3C577A0F6900}.Release|Any CPU.ActiveCfg = Release|Win32
		{1B1DBBF5-2839-424E-A9C8-3C577A0F6900}.Release|x64.ActiveCfg = Release|x64
		{1B1DBBF5-2839-424E-A9C8-3C577A0F6900}.Release|x64.Build.0 = Release|x64
		{1B1DBBF5-2839-424E-A9C8-3C577A0F6900}.Release|x86.ActiveCfg = Release|Win32
		{1B1DBBF5-2839-424E-A9C8-3C577A0F6900}.Release|x86.Build.0 = Release|Win32
		{6F2B3BE1-028D-4694-8FC5-904400069D13}.Debug|Any CPU.ActiveCfg = Debug|Win32
		{6F2B3BE1-028D-4694-8FC5-904400069D13}.Debug|x64.ActiveCfg = Debug|x64
		{6F2B3BE1-028D-4694-8FC5-904400069D13}.Debug|x64.Build.0 = Debug|x64
		{6F2B3BE1-028D-4694-8FC5-904400069D13}.Debug|x86.ActiveCfg = Debug|Win32
		{6F2B3BE1-028D-4694-8FC5-904400069D13}.Debug|x86.Build.0 = Debug|Win32
		{6F2B3BE1-028D-4694-8FC5-904400069D13}.Release|Any CPU.ActiveCfg = Release|Win32
		{6F2B3BE1-028D-4694-8FC5-904400069D13}.Release|x64.ActiveCfg = Release|x64
		{6F2B3BE1-028D-4694-8FC5-904400069D13}.Release|x64.Build.0 = Release|x64
		{6F2B3BE1-028D-4694-8FC5-904400069D13}.Release|x86.ActiveCfg = Release|Win32
		{6F2B3BE1-028D-4694-8FC5-904400069D13}.Release|x86.Build.0 = Release|Win32
		{303AD0C0-33A9-44C0-9C76-AAFB70CA98F2}.Debug|Any CPU.ActiveCfg = Debug|Win32
		{303AD0C0-33A9-44C0-9C76-AAFB70CA98F2}.Debug|x64.ActiveCfg = Debug|x64
		{303AD0C0-33A9-44C0-9C76-AAFB70CA98F2}.Debug|x64.Build.0 = Debug|x64
		{303AD0C0-33A9-44C0-9C76-AAFB70CA98F2}.Debug|x86.ActiveCfg = Debug|Win32
		{303AD0C0-33A9-44C0-9C76-AAFB70CA98F2}.Debug|x86.Build.0 = Debug|Win32
		{303AD0C0-33A9-44C0-9C76-AAFB70CA98F2}.Release|Any CPU.ActiveCfg = Release|Win32
		{303AD0C0-33A9-44C0-9C76-AAFB70CA98F2}.Release|x64.ActiveCfg = Release|x64
		{303AD0C0-33A9-44C0-9C76-AAFB70CA98F2}.Release|x64.Build.0 = Release|x64
		{303AD0C0-33A9-44C0-9C76-AAFB70CA98F2}.Release|x86.ActiveCfg = Release|Win32
		{303AD0C0-33A9-44C0-9C76-AAFB70CA98F2}.Release|x86.Build.0 = Release|Win32
		{089B050E-97CE-48C5-8966-8654F554E9E9}.Debug|Any CPU.ActiveCfg = Debug|Win32
		{089B050E-97CE-48C5-8966-8654F554E9E9}.Debug|x64.ActiveCfg = Debug|x64
		{089B050E-97CE-48C5-8966-8654F554E9E9}.Debug|x64.Build.0 = Debug|x64
		{089B050E-97CE-48C5-8966-8654F554E9E9}.Debug|x86.ActiveCfg = Debug|Win32
		{089B050E-97CE-48C5-8966-8654F554E9E9}.Debug|x86.Build.0 = Debug|Win32
		{089B050E-97CE-48C5-8966-8654F554E9E9}.Release|Any CPU.ActiveCfg = Release|Win32
		{089B050E-97CE-48C5-8966-8654F554E9E9}.Release|x64.ActiveCfg = Release|x64
		{089B050E-97CE-48C5-8966-8654F554E9E9}.Release|x64.Build.0 = Release|x64
		{089B050E-97CE-48C5-8966-8654F554E9E9}.Release|x86.ActiveCfg = Release|Win32
		{089B050E-97CE-48C5-8966-8654F554E9E9}.Release|x86.Build.0 = Release|Win32
		{F039149B-54B8-481C-963B-438193905C29}.Debug|Any CPU.ActiveCfg = Debug|Win32
		{F039149B-54B8-481C-963B-438193905C29}.Debug|x64.ActiveCfg = Debug|x64
		{F039149B-54B8-481C-963B-438193905C29}.Debug|x64.Build.0 = Debug|x64
		{F039149B-54B8-481C-963B-438193905C29}.Debug|x86.ActiveCfg = Debug|Win32
		{F039149B-54B8-481C-963B-438193905C29}.Debug|x86.Build.0 = Debug|Win32
		{F039149B-54B8-481C-963B-438193905C29}.Release|Any CPU.ActiveCfg = Release|Win32
		{F039149B-54B8-481C-963B-438193905C29}.Release|x64.ActiveCfg = Release|x64
		{F039149B-54B8-481C-963B-438193905C29}.Release|x64.Build.0 = Release|x64
		{F039149B-54B8-481C-963B-438193905C29}.Release|x86.ActiveCfg = Release|Win32
		{F039149B-54B8-481C-963B-438193905C29}.Release|x86.Build.0 = Release|Win32
		{4A894F82-13EC-49A1-AB98-50914AF237DD}.Debug|Any CPU.ActiveCfg = Debug|Win32
		{4A894F82-13EC-49A1-AB98-50914AF237DD}.Debug|x64.ActiveCfg = Debug|x64
		{4A894F82-13EC-49A1-AB98-50914AF237DD}.Debug|x64.Build.0 = Debug|x64
		{4A894F82-13EC-49A1-AB98-50914AF237DD}.Debug|x86.ActiveCfg = Debug|Win32
		{4A894F82-13EC-49A1-AB98-50914AF237DD}.Debug|x86.Build.0 = Debug|Win32
		{4A894F82-13EC-49A1-AB98-50914AF237DD}.Release|Any CPU.ActiveCfg = Release|Win32
		{4A894F82-13EC-49A1-AB98-50914AF237DD}.Release|x64.ActiveCfg = Release|x64
		{4A894F82-13EC-49A1-AB98-50914AF237DD}.Release|x64.Build.0 = Release|x64
		{4A894F82-13EC-49A1-AB98-50914AF237DD}.Release|x86.ActiveCfg = Release|Win32
		{4A894F82-13EC-49A1-AB98-50914AF237DD}.Release|x86.Build.0 = Release|Win32
		{87F2BD8B-D470-48DC-A84C-40E5396497F3}.Debug|Any CPU.ActiveCfg = Debug|Win32
		{87F2BD8B-D470-48DC-A84C-40E5396497F3}.Debug|x64.ActiveCfg = Debug|x64
		{87F2BD8B-D470-48DC-A84C-40E5396497F3}.Debug|x64.Build.0 = Debug|x64
		{87F2BD8B-D470-48DC-A84C-40E5396497F3}.Debug|x86.ActiveCfg = Debug|Win32
		{87F2BD8B-D470-48DC-A84C-40E5396497F3}.Debug|x86.Build.0 = Debug|Win32
		{87F2BD8B-D470-48DC-A84C-40E5396497F3}.Release|Any CPU.ActiveCfg = Release|Win32
		{87F2BD8B-D470-48DC-A84C-40E5396497F3}.Release|x64.ActiveCfg = Release|x64
		{87F2BD8B-D470-48DC-A84C-40E5396497F3}.Release|x64.Build.0 = Release|x64
		{87F2BD8B-D470-48DC-A84C-40E5396497F3}.Release|x86.ActiveCfg = Release|Win32
		{87F2BD8B-D470-48DC-A84C-40E5396497F3}.Release|x86.Build.0 = Release|Win32
	EndGlobalSection
	GlobalSection(SolutionProperties) = preSolution
		HideSolutionNode = FALSE
	EndGlobalSection
	GlobalSection(NestedProjects) = preSolution
		{F5EF5407-DCEB-4BE2-975C-F75B5D7DA42A} = {F7E0FE20-9486-4601-AE0F-BD0D183432D2}
		{6D193D35-FE2F-4BD2-87E5-B1B7AD82D80C} = {F7E0FE20-9486-4601-AE0F-BD0D183432D2}
		{D06B9DAB-71DE-46C3-A6F9-DF5D983CBE7F} = {F7E0FE20-9486-4601-AE0F-BD0D183432D2}
		{955778F8-E1E4-4718-82CB-D04A72BB17AB} = {F7E0FE20-9486-4601-AE0F-BD0D183432D2}
		{88FFFF39-5093-4F02-9DC3-7534DEC1C3B8} = {F7E0FE20-9486-4601-AE0F-BD0D183432D2}
		{0D29B39F-5D79-4805-A49F-32C97ED28FE2} = {4FD1657F-618B-40CB-8E6B-21D7746683D9}
		{1E026F9F-069F-46C4-958C-1A5810FE52B2} = {4FD1657F-618B-40CB-8E6B-21D7746683D9}
		{7799D815-AB8A-49BB-9B7E-F29EB11D7739} = {0CCB42BD-8B27-4931-96A8-A0C9883F5EE3}
		{4DE4CED6-9865-4C70-9585-65E8BEE349B3} = {0CCB42BD-8B27-4931-96A8-A0C9883F5EE3}
		{E8A91F8E-C97E-44A6-90B9-002215DAFFC8} = {0CCB42BD-8B27-4931-96A8-A0C9883F5EE3}
		{CE85408D-E1CA-4119-AD36-E451222C2527} = {58C87880-7587-4227-A8A7-57031816F28E}
		{E68634DA-9AB9-425E-B316-2F39C3DFA22B} = {58C87880-7587-4227-A8A7-57031816F28E}
		{A2D7885E-47FE-4394-9119-E31C4A9AA43A} = {58C87880-7587-4227-A8A7-57031816F28E}
		{3167C321-227F-429A-AC57-070A134F704F} = {58C87880-7587-4227-A8A7-57031816F28E}
		{2E83D795-A061-496A-99DA-0F346FB0C94B} = {58C87880-7587-4227-A8A7-57031816F28E}
		{C868415F-2CAA-4947-B925-14EFD9ECC5BE} = {1EFD12FA-F7F1-4123-B7BE-E29BFF562113}
		{0A1F14CC-8F82-49DE-8A9A-E5219823481C} = {2AD74A57-2DA6-4611-9607-BE9F95352D04}
		{53B7075D-5651-4E6B-99F5-51643B379784} = {2AD74A57-2DA6-4611-9607-BE9F95352D04}
		{4B9D6411-09C8-47BE-A455-265DA9C718D0} = {CC418851-7EAC-4DF4-B972-285ED2585588}
		{911292C3-C032-4F89-9EA1-204F440CAA6D} = {CC418851-7EAC-4DF4-B972-285ED2585588}
		{B12B9A6A-E4F7-4637-BDE2-693B15E67057} = {AF38D7AB-554C-4A36-A35B-966BFD5A8BF5}
		{C29680D9-425A-4EF3-95E3-4C84E274056F} = {AF38D7AB-554C-4A36-A35B-966BFD5A8BF5}
		{31D5DC99-7392-431E-9D9F-306C402BC174} = {AF38D7AB-554C-4A36-A35B-966BFD5A8BF5}
		{B74A738C-155A-4128-B15D-4B50E0C2E2C9} = {45FA2D8A-5FD9-476F-A852-2FDCDD639B75}
		{BEDA8859-126D-4AE0-A5C8-972A28AD02E7} = {D5865FA3-DEDD-406E-9965-B85EA51433F9}
		{45FF79FF-793A-41BF-B95D-2334F30F9940} = {D5865FA3-DEDD-406E-9965-B85EA51433F9}
		{415B0D66-E46A-40B6-8FCB-5DD35C8AE983} = {B1F15E34-AABA-4B4A-9E1A-CAC660F14B36}
		{6BC9E5A0-F071-414B-AC16-DEDB2A7F950E} = {B1F15E34-AABA-4B4A-9E1A-CAC660F14B36}
		{F3EF3279-B3AD-4371-8AAF-253FAE2CC99B} = {5213FAB9-A4BB-4D60-80BE-A027F5274CF2}
		{352006A9-33B7-4C99-BD0B-34D2AA68D4D3} = {63684408-D9C3-4319-846D-897DACC5817D}
		{BFC00F83-5F27-49B7-A7FC-21CA5E9C25E4} = {63684408-D9C3-4319-846D-897DACC5817D}
		{7CD1B8F2-A825-419C-983F-5F6F9EAA933E} = {5213FAB9-A4BB-4D60-80BE-A027F5274CF2}
		{A3BEDA7B-3F07-4611-A488-BFD41DCFFC8F} = {5213FAB9-A4BB-4D60-80BE-A027F5274CF2}
		{9A0BE9CB-A639-4801-A5B3-33EFD536DA1B} = {63684408-D9C3-4319-846D-897DACC5817D}
		{15D6EA38-56C1-4A3F-837A-BF810AEA7754} = {63684408-D9C3-4319-846D-897DACC5817D}
		{027066F8-27BA-472B-BFD2-B2BD389C7809} = {CCB313D9-6644-4C1D-8EEF-665622548677}
		{F7F85680-1F52-4C62-8BB3-5A990B086FD2} = {CCB313D9-6644-4C1D-8EEF-665622548677}
		{C70FA5FF-A2D8-46C0-AF9E-2512D029AA9C} = {CCB313D9-6644-4C1D-8EEF-665622548677}
		{68B3D164-F317-4F05-8F4E-7155DE496939} = {CCB313D9-6644-4C1D-8EEF-665622548677}
		{9664B9C3-369E-4196-B52E-A95A7BE5D82B} = {F21C1C98-78B3-4174-A0DA-617F15FA6DC1}
		{B85D4CCC-6BEC-4482-87CD-E53D1E3DB52F} = {F21C1C98-78B3-4174-A0DA-617F15FA6DC1}
		{9B7179F2-DB39-43FD-8B6E-8E4CE164F717} = {F21C1C98-78B3-4174-A0DA-617F15FA6DC1}
		{0C75D5F0-CD66-4459-80E6-F2C3C34FDBCB} = {F21C1C98-78B3-4174-A0DA-617F15FA6DC1}
		{5CE7C8BA-583D-439D-9445-82B3999DB533} = {F21C1C98-78B3-4174-A0DA-617F15FA6DC1}
		{9C67EEA0-545F-4694-A92B-910004717604} = {A443005A-4E1C-4CF6-B12C-FEA006B1B34B}
		{EBC6DB17-D09B-469B-AC35-AE288FFA5262} = {A443005A-4E1C-4CF6-B12C-FEA006B1B34B}
		{BD787275-7B3D-44C6-86E9-0200E33E88D3} = {A443005A-4E1C-4CF6-B12C-FEA006B1B34B}
		{7BDFF8B6-767F-4FC2-9630-D225D9D3E7C4} = {A443005A-4E1C-4CF6-B12C-FEA006B1B34B}
		{5CA4F3EA-03C0-4A30-B1D0-3400CBC0C61D} = {A644516C-FF78-4981-B30C-EF99D9DA82D6}
		{A9242303-A688-40BF-8704-5BA9F634A772} = {A644516C-FF78-4981-B30C-EF99D9DA82D6}
		{50A54E6D-5366-43D5-8E0F-5FE90AA3F316} = {A644516C-FF78-4981-B30C-EF99D9DA82D6}
		{9416D4F7-5316-4C73-B7C7-3E7317E2B56C} = {A644516C-FF78-4981-B30C-EF99D9DA82D6}
		{791BD123-0A38-4240-B118-D1C8FEE86327} = {A644516C-FF78-4981-B30C-EF99D9DA82D6}
		{0CD577D1-8924-45B2-A314-F891F5B1DF49} = {B1F1211B-91E8-42BB-8BD9-2B309DF87180}
		{1B1DBBF5-2839-424E-A9C8-3C577A0F6900} = {54246586-D04B-48AB-9EFF-0E17602E04AC}
		{6F2B3BE1-028D-4694-8FC5-904400069D13} = {54246586-D04B-48AB-9EFF-0E17602E04AC}
		{303AD0C0-33A9-44C0-9C76-AAFB70CA98F2} = {54246586-D04B-48AB-9EFF-0E17602E04AC}
		{089B050E-97CE-48C5-8966-8654F554E9E9} = {54246586-D04B-48AB-9EFF-0E17602E04AC}
		{F039149B-54B8-481C-963B-438193905C29} = {54246586-D04B-48AB-9EFF-0E17602E04AC}
		{4A894F82-13EC-49A1-AB98-50914AF237DD} = {589EF830-20D2-4D73-ACC2-E121D877A732}
		{87F2BD8B-D470-48DC-A84C-40E5396497F3} = {589EF830-20D2-4D73-ACC2-E121D877A732}
	EndGlobalSection
	GlobalSection(ExtensibilityGlobals) = postSolution
		SolutionGuid = {6B1F3FA4-51B8-4F0D-9C01-97961F79DE1D}
	EndGlobalSection
EndGlobal
