
Microsoft Visual Studio Solution File, Format Version 12.00
# Visual Studio Version 17
VisualStudioVersion = 17.4.33213.308
MinimumVisualStudioVersion = 10.0.40219.1
Project("{FAE04EC0-301F-11D3-BF4B-00C04F79EFBC}") = "ITS_CCTV_App", "ITS_CCTV_App\ITS_CCTV_App.csproj", "{812D6577-070F-49D7-8101-E23488738887}"
EndProject
Project("{FAE04EC0-301F-11D3-BF4B-00C04F79EFBC}") = "ProgressControls", "ProgressControls\ProgressControls.csproj", "{71C76A59-5E20-407C-AABB-A0B270CFD798}"
EndProject
Project("{FAE04EC0-301F-11D3-BF4B-00C04F79EFBC}") = "ProgressTestApp", "ProgressTestApp\ProgressTestApp.csproj", "{56192489-7CA7-4EAC-9BCF-AA74C712020B}"
EndProject
Global
	GlobalSection(SolutionConfigurationPlatforms) = preSolution
		Debug|Any CPU = Debug|Any CPU
		Release|Any CPU = Release|Any CPU
	EndGlobalSection
	GlobalSection(ProjectConfigurationPlatforms) = postSolution
		{812D6577-070F-49D7-8101-E23488738887}.Debug|Any CPU.ActiveCfg = Debug|Any CPU
		{812D6577-070F-49D7-8101-E23488738887}.Debug|Any CPU.Build.0 = Debug|Any CPU
		{812D6577-070F-49D7-8101-E23488738887}.Release|Any CPU.ActiveCfg = Release|Any CPU
		{812D6577-070F-49D7-8101-E23488738887}.Release|Any CPU.Build.0 = Release|Any CPU
		{71C76A59-5E20-407C-AABB-A0B270CFD798}.Debug|Any CPU.ActiveCfg = Debug|Any CPU
		{71C76A59-5E20-407C-AABB-A0B270CFD798}.Debug|Any CPU.Build.0 = Debug|Any CPU
		{71C76A59-5E20-407C-AABB-A0B270CFD798}.Release|Any CPU.ActiveCfg = Release|Any CPU
		{71C76A59-5E20-407C-AABB-A0B270CFD798}.Release|Any CPU.Build.0 = Release|Any CPU
		{56192489-7CA7-4EAC-9BCF-AA74C712020B}.Debug|Any CPU.ActiveCfg = Debug|Any CPU
		{56192489-7CA7-4EAC-9BCF-AA74C712020B}.Debug|Any CPU.Build.0 = Debug|Any CPU
		{56192489-7CA7-4EAC-9BCF-AA74C712020B}.Release|Any CPU.ActiveCfg = Release|Any CPU
		{56192489-7CA7-4EAC-9BCF-AA74C712020B}.Release|Any CPU.Build.0 = Release|Any CPU
	EndGlobalSection
	GlobalSection(SolutionProperties) = preSolution
		HideSolutionNode = FALSE
	EndGlobalSection
	GlobalSection(ExtensibilityGlobals) = postSolution
		SolutionGuid = {1AB27DAD-F5E2-4F0E-8140-142FF2DE89C8}
	EndGlobalSection
EndGlobal
