
Microsoft Visual Studio Solution File, Format Version 12.00
# Visual Studio Version 16
VisualStudioVersion = 16.0.30225.117
MinimumVisualStudioVersion = 10.0.40219.1
Project("{FAE04EC0-301F-11D3-BF4B-00C04F79EFBC}") = "BogusTestApp", "BogusTestApp\BogusTestApp.csproj", "{1DE3FFA7-0692-45DB-9F16-AB034E076179}"
EndProject
Project("{FAE04EC0-301F-11D3-BF4B-00C04F79EFBC}") = "BogusFakeTempHumidApp", "BogusFakeTempHumidApp\BogusFakeTempHumidApp.csproj", "{B9D96DFF-466B-44CA-98B8-A58568FBDE46}"
EndProject
Project("{FAE04EC0-301F-11D3-BF4B-00C04F79EFBC}") = "BogusTest2", "BogusTest2\BogusTest2.csproj", "{8CCB77D4-F564-445D-B74F-4431E1E294DC}"
EndProject
Project("{FAE04EC0-301F-11D3-BF4B-00C04F79EFBC}") = "BogusMqttApp", "BogusMqttApp\BogusMqttApp.csproj", "{60F7562E-524F-4C8B-9A36-A34CDF8E618E}"
EndProject
Project("{FAE04EC0-301F-11D3-BF4B-00C04F79EFBC}") = "BackgroundWorkerApp", "BackgroundWorkerApp\BackgroundWorkerApp.csproj", "{5ABC627B-A4A2-4BEB-86F1-4348BE5A2257}"
EndProject
Project("{FAE04EC0-301F-11D3-BF4B-00C04F79EFBC}") = "BogusMqttWinformApp", "BogusMqttWinformApp\BogusMqttWinformApp.csproj", "{45303218-1624-47F2-BF49-DB7D72F2A875}"
EndProject
Project("{2150E333-8FDC-42A3-9474-1A3956D46DE8}") = "Basic", "Basic", "{4A5395A8-9495-4A66-A598-0CF939A65FAB}"
EndProject
Project("{2150E333-8FDC-42A3-9474-1A3956D46DE8}") = "Intermediate", "Intermediate", "{4C9F6301-3264-4303-9962-D7AF60ADFC8B}"
EndProject
Project("{2150E333-8FDC-42A3-9474-1A3956D46DE8}") = "Advanced", "Advanced", "{854E825B-12F0-428F-9744-C5B6BE7EB061}"
EndProject
Project("{FAE04EC0-301F-11D3-BF4B-00C04F79EFBC}") = "MqttMonitorApp", "MqttMonitorApp\MqttMonitorApp.csproj", "{FC67D83A-AD63-4683-B7F3-EA9233B23D6C}"
EndProject
Project("{FAE04EC0-301F-11D3-BF4B-00C04F79EFBC}") = "WpfMqttMonApp", "WpfMqttMonApp\WpfMqttMonApp.csproj", "{9E7A7BA0-5D28-445B-AB84-BE2EC005D5B8}"
EndProject
Global
	GlobalSection(SolutionConfigurationPlatforms) = preSolution
		Debug|Any CPU = Debug|Any CPU
		Release|Any CPU = Release|Any CPU
	EndGlobalSection
	GlobalSection(ProjectConfigurationPlatforms) = postSolution
		{1DE3FFA7-0692-45DB-9F16-AB034E076179}.Debug|Any CPU.ActiveCfg = Debug|Any CPU
		{1DE3FFA7-0692-45DB-9F16-AB034E076179}.Debug|Any CPU.Build.0 = Debug|Any CPU
		{1DE3FFA7-0692-45DB-9F16-AB034E076179}.Release|Any CPU.ActiveCfg = Release|Any CPU
		{1DE3FFA7-0692-45DB-9F16-AB034E076179}.Release|Any CPU.Build.0 = Release|Any CPU
		{B9D96DFF-466B-44CA-98B8-A58568FBDE46}.Debug|Any CPU.ActiveCfg = Debug|Any CPU
		{B9D96DFF-466B-44CA-98B8-A58568FBDE46}.Debug|Any CPU.Build.0 = Debug|Any CPU
		{B9D96DFF-466B-44CA-98B8-A58568FBDE46}.Release|Any CPU.ActiveCfg = Release|Any CPU
		{B9D96DFF-466B-44CA-98B8-A58568FBDE46}.Release|Any CPU.Build.0 = Release|Any CPU
		{8CCB77D4-F564-445D-B74F-4431E1E294DC}.Debug|Any CPU.ActiveCfg = Debug|Any CPU
		{8CCB77D4-F564-445D-B74F-4431E1E294DC}.Debug|Any CPU.Build.0 = Debug|Any CPU
		{8CCB77D4-F564-445D-B74F-4431E1E294DC}.Release|Any CPU.ActiveCfg = Release|Any CPU
		{8CCB77D4-F564-445D-B74F-4431E1E294DC}.Release|Any CPU.Build.0 = Release|Any CPU
		{60F7562E-524F-4C8B-9A36-A34CDF8E618E}.Debug|Any CPU.ActiveCfg = Debug|Any CPU
		{60F7562E-524F-4C8B-9A36-A34CDF8E618E}.Debug|Any CPU.Build.0 = Debug|Any CPU
		{60F7562E-524F-4C8B-9A36-A34CDF8E618E}.Release|Any CPU.ActiveCfg = Release|Any CPU
		{60F7562E-524F-4C8B-9A36-A34CDF8E618E}.Release|Any CPU.Build.0 = Release|Any CPU
		{5ABC627B-A4A2-4BEB-86F1-4348BE5A2257}.Debug|Any CPU.ActiveCfg = Debug|Any CPU
		{5ABC627B-A4A2-4BEB-86F1-4348BE5A2257}.Debug|Any CPU.Build.0 = Debug|Any CPU
		{5ABC627B-A4A2-4BEB-86F1-4348BE5A2257}.Release|Any CPU.ActiveCfg = Release|Any CPU
		{5ABC627B-A4A2-4BEB-86F1-4348BE5A2257}.Release|Any CPU.Build.0 = Release|Any CPU
		{45303218-1624-47F2-BF49-DB7D72F2A875}.Debug|Any CPU.ActiveCfg = Debug|Any CPU
		{45303218-1624-47F2-BF49-DB7D72F2A875}.Debug|Any CPU.Build.0 = Debug|Any CPU
		{45303218-1624-47F2-BF49-DB7D72F2A875}.Release|Any CPU.ActiveCfg = Release|Any CPU
		{45303218-1624-47F2-BF49-DB7D72F2A875}.Release|Any CPU.Build.0 = Release|Any CPU
		{FC67D83A-AD63-4683-B7F3-EA9233B23D6C}.Debug|Any CPU.ActiveCfg = Debug|Any CPU
		{FC67D83A-AD63-4683-B7F3-EA9233B23D6C}.Debug|Any CPU.Build.0 = Debug|Any CPU
		{FC67D83A-AD63-4683-B7F3-EA9233B23D6C}.Release|Any CPU.ActiveCfg = Release|Any CPU
		{FC67D83A-AD63-4683-B7F3-EA9233B23D6C}.Release|Any CPU.Build.0 = Release|Any CPU
		{9E7A7BA0-5D28-445B-AB84-BE2EC005D5B8}.Debug|Any CPU.ActiveCfg = Debug|Any CPU
		{9E7A7BA0-5D28-445B-AB84-BE2EC005D5B8}.Debug|Any CPU.Build.0 = Debug|Any CPU
		{9E7A7BA0-5D28-445B-AB84-BE2EC005D5B8}.Release|Any CPU.ActiveCfg = Release|Any CPU
		{9E7A7BA0-5D28-445B-AB84-BE2EC005D5B8}.Release|Any CPU.Build.0 = Release|Any CPU
	EndGlobalSection
	GlobalSection(SolutionProperties) = preSolution
		HideSolutionNode = FALSE
	EndGlobalSection
	GlobalSection(NestedProjects) = preSolution
		{1DE3FFA7-0692-45DB-9F16-AB034E076179} = {4A5395A8-9495-4A66-A598-0CF939A65FAB}
		{B9D96DFF-466B-44CA-98B8-A58568FBDE46} = {4C9F6301-3264-4303-9962-D7AF60ADFC8B}
		{8CCB77D4-F564-445D-B74F-4431E1E294DC} = {4A5395A8-9495-4A66-A598-0CF939A65FAB}
		{60F7562E-524F-4C8B-9A36-A34CDF8E618E} = {4C9F6301-3264-4303-9962-D7AF60ADFC8B}
		{5ABC627B-A4A2-4BEB-86F1-4348BE5A2257} = {4C9F6301-3264-4303-9962-D7AF60ADFC8B}
		{45303218-1624-47F2-BF49-DB7D72F2A875} = {854E825B-12F0-428F-9744-C5B6BE7EB061}
		{FC67D83A-AD63-4683-B7F3-EA9233B23D6C} = {854E825B-12F0-428F-9744-C5B6BE7EB061}
		{9E7A7BA0-5D28-445B-AB84-BE2EC005D5B8} = {854E825B-12F0-428F-9744-C5B6BE7EB061}
	EndGlobalSection
	GlobalSection(ExtensibilityGlobals) = postSolution
		SolutionGuid = {44F6D456-606E-4A79-A648-C5835A320852}
	EndGlobalSection
EndGlobal
