
Microsoft Visual Studio Solution File, Format Version 12.00
# Visual Studio Version 16
VisualStudioVersion = 16.0.30320.27
MinimumVisualStudioVersion = 10.0.40219.1
Project("{9A19103F-16F7-4668-BE54-9A1E7A4F7556}") = "WpfMovieFinder", "WpfMovieFinder.csproj", "{A5346AC0-010C-4D59-A108-17E0743FDC58}"
EndProject
Project("{FAE04EC0-301F-11D3-BF4B-00C04F79EFBC}") = "NaverMovieFinder", "..\NaverMovieFinder\NaverMovieFinder.csproj", "{77CCE939-B729-46AB-B917-F1274255AD99}"
EndProject
Project("{FAE04EC0-301F-11D3-BF4B-00C04F79EFBC}") = "ConsoleNaverMovieApp", "..\ConsoleNaverMovieApp\ConsoleNaverMovieApp.csproj", "{6DC36289-C689-4911-968B-1BF06790AFF2}"
EndProject
Global
	GlobalSection(SolutionConfigurationPlatforms) = preSolution
		Debug|Any CPU = Debug|Any CPU
		Release|Any CPU = Release|Any CPU
	EndGlobalSection
	GlobalSection(ProjectConfigurationPlatforms) = postSolution
		{A5346AC0-010C-4D59-A108-17E0743FDC58}.Debug|Any CPU.ActiveCfg = Debug|Any CPU
		{A5346AC0-010C-4D59-A108-17E0743FDC58}.Debug|Any CPU.Build.0 = Debug|Any CPU
		{A5346AC0-010C-4D59-A108-17E0743FDC58}.Release|Any CPU.ActiveCfg = Release|Any CPU
		{A5346AC0-010C-4D59-A108-17E0743FDC58}.Release|Any CPU.Build.0 = Release|Any CPU
		{77CCE939-B729-46AB-B917-F1274255AD99}.Debug|Any CPU.ActiveCfg = Debug|Any CPU
		{77CCE939-B729-46AB-B917-F1274255AD99}.Debug|Any CPU.Build.0 = Debug|Any CPU
		{77CCE939-B729-46AB-B917-F1274255AD99}.Release|Any CPU.ActiveCfg = Release|Any CPU
		{77CCE939-B729-46AB-B917-F1274255AD99}.Release|Any CPU.Build.0 = Release|Any CPU
		{6DC36289-C689-4911-968B-1BF06790AFF2}.Debug|Any CPU.ActiveCfg = Debug|Any CPU
		{6DC36289-C689-4911-968B-1BF06790AFF2}.Debug|Any CPU.Build.0 = Debug|Any CPU
		{6DC36289-C689-4911-968B-1BF06790AFF2}.Release|Any CPU.ActiveCfg = Release|Any CPU
		{6DC36289-C689-4911-968B-1BF06790AFF2}.Release|Any CPU.Build.0 = Release|Any CPU
	EndGlobalSection
	GlobalSection(SolutionProperties) = preSolution
		HideSolutionNode = FALSE
	EndGlobalSection
	GlobalSection(ExtensibilityGlobals) = postSolution
		SolutionGuid = {21A9AB32-8EA0-4429-BB61-D1C95BCE6718}
	EndGlobalSection
EndGlobal
