
Microsoft Visual Studio Solution File, Format Version 12.00
# Visual Studio Version 16
VisualStudioVersion = 16.0.31410.357
MinimumVisualStudioVersion = 10.0.40219.1
Project("{2150E333-8FDC-42A3-9474-1A3956D46DE8}") = "SmartFactory", "SmartFactory", "{F025D412-8C6B-4A1C-9656-EC5783603785}"
EndProject
Project("{FAE04EC0-301F-11D3-BF4B-00C04F79EFBC}") = "DecumanMRP", "SmartFactory01\DecumanMRP\DecumanMRP.csproj", "{B6891F03-12BA-458A-9033-25DED50D5034}"
EndProject
Global
	GlobalSection(SolutionConfigurationPlatforms) = preSolution
		Debug|Any CPU = Debug|Any CPU
		Release|Any CPU = Release|Any CPU
	EndGlobalSection
	GlobalSection(ProjectConfigurationPlatforms) = postSolution
		{B6891F03-12BA-458A-9033-25DED50D5034}.Debug|Any CPU.ActiveCfg = Debug|Any CPU
		{B6891F03-12BA-458A-9033-25DED50D5034}.Debug|Any CPU.Build.0 = Debug|Any CPU
		{B6891F03-12BA-458A-9033-25DED50D5034}.Release|Any CPU.ActiveCfg = Release|Any CPU
		{B6891F03-12BA-458A-9033-25DED50D5034}.Release|Any CPU.Build.0 = Release|Any CPU
	EndGlobalSection
	GlobalSection(SolutionProperties) = preSolution
		HideSolutionNode = FALSE
	EndGlobalSection
	GlobalSection(NestedProjects) = preSolution
		{B6891F03-12BA-458A-9033-25DED50D5034} = {F025D412-8C6B-4A1C-9656-EC5783603785}
	EndGlobalSection
	GlobalSection(ExtensibilityGlobals) = postSolution
		SolutionGuid = {59C72804-03D2-4C0C-97A4-E268AB2158A2}
	EndGlobalSection
EndGlobal
