
Microsoft Visual Studio Solution File, Format Version 12.00
# Visual Studio Version 16
VisualStudioVersion = 16.0.31019.35
MinimumVisualStudioVersion = 10.0.40219.1
Project("{FAE04EC0-301F-11D3-BF4B-00C04F79EFBC}") = "AddressBookApp", "AddressBookApp\AddressBookApp.csproj", "{60BD856F-F996-4154-81E6-36383EA8DAEC}"
EndProject
Global
	GlobalSection(SolutionConfigurationPlatforms) = preSolution
		Debug|Any CPU = Debug|Any CPU
		Release|Any CPU = Release|Any CPU
	EndGlobalSection
	GlobalSection(ProjectConfigurationPlatforms) = postSolution
		{60BD856F-F996-4154-81E6-36383EA8DAEC}.Debug|Any CPU.ActiveCfg = Debug|Any CPU
		{60BD856F-F996-4154-81E6-36383EA8DAEC}.Debug|Any CPU.Build.0 = Debug|Any CPU
		{60BD856F-F996-4154-81E6-36383EA8DAEC}.Release|Any CPU.ActiveCfg = Release|Any CPU
		{60BD856F-F996-4154-81E6-36383EA8DAEC}.Release|Any CPU.Build.0 = Release|Any CPU
	EndGlobalSection
	GlobalSection(SolutionProperties) = preSolution
		HideSolutionNode = FALSE
	EndGlobalSection
	GlobalSection(ExtensibilityGlobals) = postSolution
		SolutionGuid = {4B73B4D7-CD77-42D8-90F0-7BD3C4F7EF45}
	EndGlobalSection
EndGlobal
