
Microsoft Visual Studio Solution File, Format Version 12.00
# Visual Studio Version 17
VisualStudioVersion = 17.5.33516.290
MinimumVisualStudioVersion = 10.0.40219.1
Project("{FAE04EC0-301F-11D3-BF4B-00C04F79EFBC}") = "wf01_simplewinapp", "wf01_simplewinapp\wf01_simplewinapp.csproj", "{6DCC03EE-73E9-4D89-9594-7B6049D6BA0C}"
EndProject
Project("{FAE04EC0-301F-11D3-BF4B-00C04F79EFBC}") = "wf02_realwinapp", "wf02_realwinapp\wf02_realwinapp.csproj", "{6B71B531-77D7-4761-B751-999860455F92}"
EndProject
Project("{FAE04EC0-301F-11D3-BF4B-00C04F79EFBC}") = "wf03_property", "wf03_property\wf03_property.csproj", "{F37C1BEC-5425-4901-81AD-E31774DDAA40}"
EndProject
Global
	GlobalSection(SolutionConfigurationPlatforms) = preSolution
		Debug|Any CPU = Debug|Any CPU
		Release|Any CPU = Release|Any CPU
	EndGlobalSection
	GlobalSection(ProjectConfigurationPlatforms) = postSolution
		{6DCC03EE-73E9-4D89-9594-7B6049D6BA0C}.Debug|Any CPU.ActiveCfg = Debug|Any CPU
		{6DCC03EE-73E9-4D89-9594-7B6049D6BA0C}.Debug|Any CPU.Build.0 = Debug|Any CPU
		{6DCC03EE-73E9-4D89-9594-7B6049D6BA0C}.Release|Any CPU.ActiveCfg = Release|Any CPU
		{6DCC03EE-73E9-4D89-9594-7B6049D6BA0C}.Release|Any CPU.Build.0 = Release|Any CPU
		{6B71B531-77D7-4761-B751-999860455F92}.Debug|Any CPU.ActiveCfg = Debug|Any CPU
		{6B71B531-77D7-4761-B751-999860455F92}.Debug|Any CPU.Build.0 = Debug|Any CPU
		{6B71B531-77D7-4761-B751-999860455F92}.Release|Any CPU.ActiveCfg = Release|Any CPU
		{6B71B531-77D7-4761-B751-999860455F92}.Release|Any CPU.Build.0 = Release|Any CPU
		{F37C1BEC-5425-4901-81AD-E31774DDAA40}.Debug|Any CPU.ActiveCfg = Debug|Any CPU
		{F37C1BEC-5425-4901-81AD-E31774DDAA40}.Debug|Any CPU.Build.0 = Debug|Any CPU
		{F37C1BEC-5425-4901-81AD-E31774DDAA40}.Release|Any CPU.ActiveCfg = Release|Any CPU
		{F37C1BEC-5425-4901-81AD-E31774DDAA40}.Release|Any CPU.Build.0 = Release|Any CPU
	EndGlobalSection
	GlobalSection(SolutionProperties) = preSolution
		HideSolutionNode = FALSE
	EndGlobalSection
	GlobalSection(ExtensibilityGlobals) = postSolution
		SolutionGuid = {D5970486-2DE2-41E1-9185-50B7B094C2BC}
	EndGlobalSection
EndGlobal
