
Microsoft Visual Studio Solution File, Format Version 12.00
# Visual Studio Version 16
VisualStudioVersion = 16.0.29806.167
MinimumVisualStudioVersion = 10.0.40219.1
Project("{8BC9CEB8-8B4A-11D0-8D11-00A0C91BC942}") = "Chap02App", "Chap02App\Chap02App.vcxproj", "{AE4A0C08-504A-42D7-B00D-8A10A2BA74B5}"
EndProject
Project("{8BC9CEB8-8B4A-11D0-8D11-00A0C91BC942}") = "Chap03App", "Chap03App\Chap03App.vcxproj", "{07316758-0247-493D-BEEE-E2AE910B3F69}"
EndProject
Project("{8BC9CEB8-8B4A-11D0-8D11-00A0C91BC942}") = "Chap04App", "Chap04App\Chap04App.vcxproj", "{89AF8B41-3504-4BB5-AB54-B396926A6194}"
EndProject
Project("{8BC9CEB8-8B4A-11D0-8D11-00A0C91BC942}") = "Chap05App", "Chap05App\Chap05App.vcxproj", "{54467701-94E2-42AC-81C4-0C8311395777}"
EndProject
Project("{8BC9CEB8-8B4A-11D0-8D11-00A0C91BC942}") = "Chap06App", "Chap06App\Chap06App.vcxproj", "{A658B235-0BB6-4963-95D5-478371495614}"
EndProject
Project("{8BC9CEB8-8B4A-11D0-8D11-00A0C91BC942}") = "Chap13App", "Chap13App\Chap13App.vcxproj", "{6A0CBB25-16F3-4406-8853-A650E3B5E055}"
EndProject
Project("{8BC9CEB8-8B4A-11D0-8D11-00A0C91BC942}") = "Chap07App", "Chap07App\Chap07App.vcxproj", "{F44C119F-880A-4C9A-916B-3FFA6F661408}"
EndProject
Project("{8BC9CEB8-8B4A-11D0-8D11-00A0C91BC942}") = "Chap08App", "Chap08App\Chap08App.vcxproj", "{6E40B44C-DD38-4314-BDAD-170D0979F36F}"
EndProject
Project("{8BC9CEB8-8B4A-11D0-8D11-00A0C91BC942}") = "Chap09App", "Chap09App\Chap09App.vcxproj", "{F5667EF0-6A62-436F-AA49-AB94168765C2}"
EndProject
Project("{FAE04EC0-301F-11D3-BF4B-00C04F79EFBC}") = "TryTest", "TryTest\TryTest.csproj", "{903330EA-B9F1-48A8-BC3B-219F20F6F3B5}"
EndProject
Project("{8BC9CEB8-8B4A-11D0-8D11-00A0C91BC942}") = "Chap10App", "Chap10App\Chap10App.vcxproj", "{E24A3F86-9856-489C-A43D-844C272076B0}"
EndProject
Project("{8BC9CEB8-8B4A-11D0-8D11-00A0C91BC942}") = "Chap11App", "Chap11App\Chap11App.vcxproj", "{A4F4D2A8-A798-413E-8694-FE2C8EB9DBC3}"
EndProject
Project("{FAE04EC0-301F-11D3-BF4B-00C04F79EFBC}") = "ConsoleApp1", "ConsoleApp1\ConsoleApp1.csproj", "{23404F37-05CF-46FC-8699-CABD67736C13}"
EndProject
Project("{8BC9CEB8-8B4A-11D0-8D11-00A0C91BC942}") = "Chap12App", "Chap12App\Chap12App.vcxproj", "{F8D03C30-6B29-47C4-8844-83FD9AE48EA5}"
EndProject
Project("{8BC9CEB8-8B4A-11D0-8D11-00A0C91BC942}") = "Chap14App", "Chap14App\Chap14App.vcxproj", "{A81EA16E-3E75-4FE6-8281-8B41DF4E7091}"
EndProject
Global
	GlobalSection(SolutionConfigurationPlatforms) = preSolution
		Debug|Any CPU = Debug|Any CPU
		Debug|x64 = Debug|x64
		Debug|x86 = Debug|x86
		Release|Any CPU = Release|Any CPU
		Release|x64 = Release|x64
		Release|x86 = Release|x86
	EndGlobalSection
	GlobalSection(ProjectConfigurationPlatforms) = postSolution
		{AE4A0C08-504A-42D7-B00D-8A10A2BA74B5}.Debug|Any CPU.ActiveCfg = Debug|Win32
		{AE4A0C08-504A-42D7-B00D-8A10A2BA74B5}.Debug|x64.ActiveCfg = Debug|x64
		{AE4A0C08-504A-42D7-B00D-8A10A2BA74B5}.Debug|x64.Build.0 = Debug|x64
		{AE4A0C08-504A-42D7-B00D-8A10A2BA74B5}.Debug|x86.ActiveCfg = Debug|Win32
		{AE4A0C08-504A-42D7-B00D-8A10A2BA74B5}.Debug|x86.Build.0 = Debug|Win32
		{AE4A0C08-504A-42D7-B00D-8A10A2BA74B5}.Release|Any CPU.ActiveCfg = Release|Win32
		{AE4A0C08-504A-42D7-B00D-8A10A2BA74B5}.Release|x64.ActiveCfg = Release|x64
		{AE4A0C08-504A-42D7-B00D-8A10A2BA74B5}.Release|x64.Build.0 = Release|x64
		{AE4A0C08-504A-42D7-B00D-8A10A2BA74B5}.Release|x86.ActiveCfg = Release|Win32
		{AE4A0C08-504A-42D7-B00D-8A10A2BA74B5}.Release|x86.Build.0 = Release|Win32
		{07316758-0247-493D-BEEE-E2AE910B3F69}.Debug|Any CPU.ActiveCfg = Debug|Win32
		{07316758-0247-493D-BEEE-E2AE910B3F69}.Debug|x64.ActiveCfg = Debug|x64
		{07316758-0247-493D-BEEE-E2AE910B3F69}.Debug|x64.Build.0 = Debug|x64
		{07316758-0247-493D-BEEE-E2AE910B3F69}.Debug|x86.ActiveCfg = Debug|Win32
		{07316758-0247-493D-BEEE-E2AE910B3F69}.Debug|x86.Build.0 = Debug|Win32
		{07316758-0247-493D-BEEE-E2AE910B3F69}.Release|Any CPU.ActiveCfg = Release|Win32
		{07316758-0247-493D-BEEE-E2AE910B3F69}.Release|x64.ActiveCfg = Release|x64
		{07316758-0247-493D-BEEE-E2AE910B3F69}.Release|x64.Build.0 = Release|x64
		{07316758-0247-493D-BEEE-E2AE910B3F69}.Release|x86.ActiveCfg = Release|Win32
		{07316758-0247-493D-BEEE-E2AE910B3F69}.Release|x86.Build.0 = Release|Win32
		{89AF8B41-3504-4BB5-AB54-B396926A6194}.Debug|Any CPU.ActiveCfg = Debug|Win32
		{89AF8B41-3504-4BB5-AB54-B396926A6194}.Debug|x64.ActiveCfg = Debug|x64
		{89AF8B41-3504-4BB5-AB54-B396926A6194}.Debug|x64.Build.0 = Debug|x64
		{89AF8B41-3504-4BB5-AB54-B396926A6194}.Debug|x86.ActiveCfg = Debug|Win32
		{89AF8B41-3504-4BB5-AB54-B396926A6194}.Debug|x86.Build.0 = Debug|Win32
		{89AF8B41-3504-4BB5-AB54-B396926A6194}.Release|Any CPU.ActiveCfg = Release|Win32
		{89AF8B41-3504-4BB5-AB54-B396926A6194}.Release|x64.ActiveCfg = Release|x64
		{89AF8B41-3504-4BB5-AB54-B396926A6194}.Release|x64.Build.0 = Release|x64
		{89AF8B41-3504-4BB5-AB54-B396926A6194}.Release|x86.ActiveCfg = Release|Win32
		{89AF8B41-3504-4BB5-AB54-B396926A6194}.Release|x86.Build.0 = Release|Win32
		{54467701-94E2-42AC-81C4-0C8311395777}.Debug|Any CPU.ActiveCfg = Debug|Win32
		{54467701-94E2-42AC-81C4-0C8311395777}.Debug|x64.ActiveCfg = Debug|x64
		{54467701-94E2-42AC-81C4-0C8311395777}.Debug|x64.Build.0 = Debug|x64
		{54467701-94E2-42AC-81C4-0C8311395777}.Debug|x86.ActiveCfg = Debug|Win32
		{54467701-94E2-42AC-81C4-0C8311395777}.Debug|x86.Build.0 = Debug|Win32
		{54467701-94E2-42AC-81C4-0C8311395777}.Release|Any CPU.ActiveCfg = Release|Win32
		{54467701-94E2-42AC-81C4-0C8311395777}.Release|x64.ActiveCfg = Release|x64
		{54467701-94E2-42AC-81C4-0C8311395777}.Release|x64.Build.0 = Release|x64
		{54467701-94E2-42AC-81C4-0C8311395777}.Release|x86.ActiveCfg = Release|Win32
		{54467701-94E2-42AC-81C4-0C8311395777}.Release|x86.Build.0 = Release|Win32
		{A658B235-0BB6-4963-95D5-478371495614}.Debug|Any CPU.ActiveCfg = Debug|Win32
		{A658B235-0BB6-4963-95D5-478371495614}.Debug|x64.ActiveCfg = Debug|x64
		{A658B235-0BB6-4963-95D5-478371495614}.Debug|x64.Build.0 = Debug|x64
		{A658B235-0BB6-4963-95D5-478371495614}.Debug|x86.ActiveCfg = Debug|Win32
		{A658B235-0BB6-4963-95D5-478371495614}.Debug|x86.Build.0 = Debug|Win32
		{A658B235-0BB6-4963-95D5-478371495614}.Release|Any CPU.ActiveCfg = Release|Win32
		{A658B235-0BB6-4963-95D5-478371495614}.Release|x64.ActiveCfg = Release|x64
		{A658B235-0BB6-4963-95D5-478371495614}.Release|x64.Build.0 = Release|x64
		{A658B235-0BB6-4963-95D5-478371495614}.Release|x86.ActiveCfg = Release|Win32
		{A658B235-0BB6-4963-95D5-478371495614}.Release|x86.Build.0 = Release|Win32
		{6A0CBB25-16F3-4406-8853-A650E3B5E055}.Debug|Any CPU.ActiveCfg = Debug|Win32
		{6A0CBB25-16F3-4406-8853-A650E3B5E055}.Debug|x64.ActiveCfg = Debug|x64
		{6A0CBB25-16F3-4406-8853-A650E3B5E055}.Debug|x64.Build.0 = Debug|x64
		{6A0CBB25-16F3-4406-8853-A650E3B5E055}.Debug|x86.ActiveCfg = Debug|Win32
		{6A0CBB25-16F3-4406-8853-A650E3B5E055}.Debug|x86.Build.0 = Debug|Win32
		{6A0CBB25-16F3-4406-8853-A650E3B5E055}.Release|Any CPU.ActiveCfg = Release|Win32
		{6A0CBB25-16F3-4406-8853-A650E3B5E055}.Release|x64.ActiveCfg = Release|x64
		{6A0CBB25-16F3-4406-8853-A650E3B5E055}.Release|x64.Build.0 = Release|x64
		{6A0CBB25-16F3-4406-8853-A650E3B5E055}.Release|x86.ActiveCfg = Release|Win32
		{6A0CBB25-16F3-4406-8853-A650E3B5E055}.Release|x86.Build.0 = Release|Win32
		{F44C119F-880A-4C9A-916B-3FFA6F661408}.Debug|Any CPU.ActiveCfg = Debug|Win32
		{F44C119F-880A-4C9A-916B-3FFA6F661408}.Debug|x64.ActiveCfg = Debug|x64
		{F44C119F-880A-4C9A-916B-3FFA6F661408}.Debug|x64.Build.0 = Debug|x64
		{F44C119F-880A-4C9A-916B-3FFA6F661408}.Debug|x86.ActiveCfg = Debug|Win32
		{F44C119F-880A-4C9A-916B-3FFA6F661408}.Debug|x86.Build.0 = Debug|Win32
		{F44C119F-880A-4C9A-916B-3FFA6F661408}.Release|Any CPU.ActiveCfg = Release|Win32
		{F44C119F-880A-4C9A-916B-3FFA6F661408}.Release|x64.ActiveCfg = Release|x64
		{F44C119F-880A-4C9A-916B-3FFA6F661408}.Release|x64.Build.0 = Release|x64
		{F44C119F-880A-4C9A-916B-3FFA6F661408}.Release|x86.ActiveCfg = Release|Win32
		{F44C119F-880A-4C9A-916B-3FFA6F661408}.Release|x86.Build.0 = Release|Win32
		{6E40B44C-DD38-4314-BDAD-170D0979F36F}.Debug|Any CPU.ActiveCfg = Debug|Win32
		{6E40B44C-DD38-4314-BDAD-170D0979F36F}.Debug|x64.ActiveCfg = Debug|x64
		{6E40B44C-DD38-4314-BDAD-170D0979F36F}.Debug|x64.Build.0 = Debug|x64
		{6E40B44C-DD38-4314-BDAD-170D0979F36F}.Debug|x86.ActiveCfg = Debug|Win32
		{6E40B44C-DD38-4314-BDAD-170D0979F36F}.Debug|x86.Build.0 = Debug|Win32
		{6E40B44C-DD38-4314-BDAD-170D0979F36F}.Release|Any CPU.ActiveCfg = Release|Win32
		{6E40B44C-DD38-4314-BDAD-170D0979F36F}.Release|x64.ActiveCfg = Release|x64
		{6E40B44C-DD38-4314-BDAD-170D0979F36F}.Release|x64.Build.0 = Release|x64
		{6E40B44C-DD38-4314-BDAD-170D0979F36F}.Release|x86.ActiveCfg = Release|Win32
		{6E40B44C-DD38-4314-BDAD-170D0979F36F}.Release|x86.Build.0 = Release|Win32
		{F5667EF0-6A62-436F-AA49-AB94168765C2}.Debug|Any CPU.ActiveCfg = Debug|Win32
		{F5667EF0-6A62-436F-AA49-AB94168765C2}.Debug|x64.ActiveCfg = Debug|x64
		{F5667EF0-6A62-436F-AA49-AB94168765C2}.Debug|x64.Build.0 = Debug|x64
		{F5667EF0-6A62-436F-AA49-AB94168765C2}.Debug|x86.ActiveCfg = Debug|Win32
		{F5667EF0-6A62-436F-AA49-AB94168765C2}.Debug|x86.Build.0 = Debug|Win32
		{F5667EF0-6A62-436F-AA49-AB94168765C2}.Release|Any CPU.ActiveCfg = Release|Win32
		{F5667EF0-6A62-436F-AA49-AB94168765C2}.Release|x64.ActiveCfg = Release|x64
		{F5667EF0-6A62-436F-AA49-AB94168765C2}.Release|x64.Build.0 = Release|x64
		{F5667EF0-6A62-436F-AA49-AB94168765C2}.Release|x86.ActiveCfg = Release|Win32
		{F5667EF0-6A62-436F-AA49-AB94168765C2}.Release|x86.Build.0 = Release|Win32
		{903330EA-B9F1-48A8-BC3B-219F20F6F3B5}.Debug|Any CPU.ActiveCfg = Debug|Any CPU
		{903330EA-B9F1-48A8-BC3B-219F20F6F3B5}.Debug|Any CPU.Build.0 = Debug|Any CPU
		{903330EA-B9F1-48A8-BC3B-219F20F6F3B5}.Debug|x64.ActiveCfg = Debug|Any CPU
		{903330EA-B9F1-48A8-BC3B-219F20F6F3B5}.Debug|x64.Build.0 = Debug|Any CPU
		{903330EA-B9F1-48A8-BC3B-219F20F6F3B5}.Debug|x86.ActiveCfg = Debug|Any CPU
		{903330EA-B9F1-48A8-BC3B-219F20F6F3B5}.Debug|x86.Build.0 = Debug|Any CPU
		{903330EA-B9F1-48A8-BC3B-219F20F6F3B5}.Release|Any CPU.ActiveCfg = Release|Any CPU
		{903330EA-B9F1-48A8-BC3B-219F20F6F3B5}.Release|Any CPU.Build.0 = Release|Any CPU
		{903330EA-B9F1-48A8-BC3B-219F20F6F3B5}.Release|x64.ActiveCfg = Release|Any CPU
		{903330EA-B9F1-48A8-BC3B-219F20F6F3B5}.Release|x64.Build.0 = Release|Any CPU
		{903330EA-B9F1-48A8-BC3B-219F20F6F3B5}.Release|x86.ActiveCfg = Release|Any CPU
		{903330EA-B9F1-48A8-BC3B-219F20F6F3B5}.Release|x86.Build.0 = Release|Any CPU
		{E24A3F86-9856-489C-A43D-844C272076B0}.Debug|Any CPU.ActiveCfg = Debug|Win32
		{E24A3F86-9856-489C-A43D-844C272076B0}.Debug|x64.ActiveCfg = Debug|x64
		{E24A3F86-9856-489C-A43D-844C272076B0}.Debug|x64.Build.0 = Debug|x64
		{E24A3F86-9856-489C-A43D-844C272076B0}.Debug|x86.ActiveCfg = Debug|Win32
		{E24A3F86-9856-489C-A43D-844C272076B0}.Debug|x86.Build.0 = Debug|Win32
		{E24A3F86-9856-489C-A43D-844C272076B0}.Release|Any CPU.ActiveCfg = Release|Win32
		{E24A3F86-9856-489C-A43D-844C272076B0}.Release|x64.ActiveCfg = Release|x64
		{E24A3F86-9856-489C-A43D-844C272076B0}.Release|x64.Build.0 = Release|x64
		{E24A3F86-9856-489C-A43D-844C272076B0}.Release|x86.ActiveCfg = Release|Win32
		{E24A3F86-9856-489C-A43D-844C272076B0}.Release|x86.Build.0 = Release|Win32
		{A4F4D2A8-A798-413E-8694-FE2C8EB9DBC3}.Debug|Any CPU.ActiveCfg = Debug|Win32
		{A4F4D2A8-A798-413E-8694-FE2C8EB9DBC3}.Debug|x64.ActiveCfg = Debug|x64
		{A4F4D2A8-A798-413E-8694-FE2C8EB9DBC3}.Debug|x64.Build.0 = Debug|x64
		{A4F4D2A8-A798-413E-8694-FE2C8EB9DBC3}.Debug|x86.ActiveCfg = Debug|Win32
		{A4F4D2A8-A798-413E-8694-FE2C8EB9DBC3}.Debug|x86.Build.0 = Debug|Win32
		{A4F4D2A8-A798-413E-8694-FE2C8EB9DBC3}.Release|Any CPU.ActiveCfg = Release|Win32
		{A4F4D2A8-A798-413E-8694-FE2C8EB9DBC3}.Release|x64.ActiveCfg = Release|x64
		{A4F4D2A8-A798-413E-8694-FE2C8EB9DBC3}.Release|x64.Build.0 = Release|x64
		{A4F4D2A8-A798-413E-8694-FE2C8EB9DBC3}.Release|x86.ActiveCfg = Release|Win32
		{A4F4D2A8-A798-413E-8694-FE2C8EB9DBC3}.Release|x86.Build.0 = Release|Win32
		{23404F37-05CF-46FC-8699-CABD67736C13}.Debug|Any CPU.ActiveCfg = Debug|Any CPU
		{23404F37-05CF-46FC-8699-CABD67736C13}.Debug|Any CPU.Build.0 = Debug|Any CPU
		{23404F37-05CF-46FC-8699-CABD67736C13}.Debug|x64.ActiveCfg = Debug|Any CPU
		{23404F37-05CF-46FC-8699-CABD67736C13}.Debug|x64.Build.0 = Debug|Any CPU
		{23404F37-05CF-46FC-8699-CABD67736C13}.Debug|x86.ActiveCfg = Debug|Any CPU
		{23404F37-05CF-46FC-8699-CABD67736C13}.Debug|x86.Build.0 = Debug|Any CPU
		{23404F37-05CF-46FC-8699-CABD67736C13}.Release|Any CPU.ActiveCfg = Release|Any CPU
		{23404F37-05CF-46FC-8699-CABD67736C13}.Release|Any CPU.Build.0 = Release|Any CPU
		{23404F37-05CF-46FC-8699-CABD67736C13}.Release|x64.ActiveCfg = Release|Any CPU
		{23404F37-05CF-46FC-8699-CABD67736C13}.Release|x64.Build.0 = Release|Any CPU
		{23404F37-05CF-46FC-8699-CABD67736C13}.Release|x86.ActiveCfg = Release|Any CPU
		{23404F37-05CF-46FC-8699-CABD67736C13}.Release|x86.Build.0 = Release|Any CPU
		{F8D03C30-6B29-47C4-8844-83FD9AE48EA5}.Debug|Any CPU.ActiveCfg = Debug|Win32
		{F8D03C30-6B29-47C4-8844-83FD9AE48EA5}.Debug|x64.ActiveCfg = Debug|x64
		{F8D03C30-6B29-47C4-8844-83FD9AE48EA5}.Debug|x64.Build.0 = Debug|x64
		{F8D03C30-6B29-47C4-8844-83FD9AE48EA5}.Debug|x86.ActiveCfg = Debug|Win32
		{F8D03C30-6B29-47C4-8844-83FD9AE48EA5}.Debug|x86.Build.0 = Debug|Win32
		{F8D03C30-6B29-47C4-8844-83FD9AE48EA5}.Release|Any CPU.ActiveCfg = Release|Win32
		{F8D03C30-6B29-47C4-8844-83FD9AE48EA5}.Release|x64.ActiveCfg = Release|x64
		{F8D03C30-6B29-47C4-8844-83FD9AE48EA5}.Release|x64.Build.0 = Release|x64
		{F8D03C30-6B29-47C4-8844-83FD9AE48EA5}.Release|x86.ActiveCfg = Release|Win32
		{F8D03C30-6B29-47C4-8844-83FD9AE48EA5}.Release|x86.Build.0 = Release|Win32
		{A81EA16E-3E75-4FE6-8281-8B41DF4E7091}.Debug|Any CPU.ActiveCfg = Debug|Win32
		{A81EA16E-3E75-4FE6-8281-8B41DF4E7091}.Debug|x64.ActiveCfg = Debug|x64
		{A81EA16E-3E75-4FE6-8281-8B41DF4E7091}.Debug|x64.Build.0 = Debug|x64
		{A81EA16E-3E75-4FE6-8281-8B41DF4E7091}.Debug|x86.ActiveCfg = Debug|Win32
		{A81EA16E-3E75-4FE6-8281-8B41DF4E7091}.Debug|x86.Build.0 = Debug|Win32
		{A81EA16E-3E75-4FE6-8281-8B41DF4E7091}.Release|Any CPU.ActiveCfg = Release|Win32
		{A81EA16E-3E75-4FE6-8281-8B41DF4E7091}.Release|x64.ActiveCfg = Release|x64
		{A81EA16E-3E75-4FE6-8281-8B41DF4E7091}.Release|x64.Build.0 = Release|x64
		{A81EA16E-3E75-4FE6-8281-8B41DF4E7091}.Release|x86.ActiveCfg = Release|Win32
		{A81EA16E-3E75-4FE6-8281-8B41DF4E7091}.Release|x86.Build.0 = Release|Win32
	EndGlobalSection
	GlobalSection(SolutionProperties) = preSolution
		HideSolutionNode = FALSE
	EndGlobalSection
	GlobalSection(ExtensibilityGlobals) = postSolution
		SolutionGuid = {3A1A78D5-7CC4-4E59-9405-1119074DCC2C}
	EndGlobalSection
EndGlobal
