
Microsoft Visual Studio Solution File, Format Version 12.00
# Visual Studio Version 16
VisualStudioVersion = 16.0.30320.27
MinimumVisualStudioVersion = 10.0.40219.1
Project("{FAE04EC0-301F-11D3-BF4B-00C04F79EFBC}") = "NewReactiveApp.Android", "NewReactiveApp\NewReactiveApp.Android\NewReactiveApp.Android.csproj", "{7F4FF1E5-72BE-4710-8BF8-81745B3F57B1}"
EndProject
Project("{FAE04EC0-301F-11D3-BF4B-00C04F79EFBC}") = "NewReactiveApp.iOS", "NewReactiveApp\NewReactiveApp.iOS\NewReactiveApp.iOS.csproj", "{D4E3F833-6224-426A-9D9D-B8BDD2FEE260}"
EndProject
Project("{FAE04EC0-301F-11D3-BF4B-00C04F79EFBC}") = "NewReactiveApp", "NewReactiveApp\NewReactiveApp\NewReactiveApp.csproj", "{D390DFDC-7854-457C-8C7A-3F2954ED58A8}"
EndProject
Global
	GlobalSection(SolutionConfigurationPlatforms) = preSolution
		Debug|Any CPU = Debug|Any CPU
		Debug|ARM = Debug|ARM
		Debug|iPhone = Debug|iPhone
		Debug|iPhoneSimulator = Debug|iPhoneSimulator
		Debug|x64 = Debug|x64
		Debug|x86 = Debug|x86
		Release|Any CPU = Release|Any CPU
		Release|ARM = Release|ARM
		Release|iPhone = Release|iPhone
		Release|iPhoneSimulator = Release|iPhoneSimulator
		Release|x64 = Release|x64
		Release|x86 = Release|x86
	EndGlobalSection
	GlobalSection(ProjectConfigurationPlatforms) = postSolution
		{7F4FF1E5-72BE-4710-8BF8-81745B3F57B1}.Debug|Any CPU.ActiveCfg = Debug|Any CPU
		{7F4FF1E5-72BE-4710-8BF8-81745B3F57B1}.Debug|Any CPU.Build.0 = Debug|Any CPU
		{7F4FF1E5-72BE-4710-8BF8-81745B3F57B1}.Debug|Any CPU.Deploy.0 = Debug|Any CPU
		{7F4FF1E5-72BE-4710-8BF8-81745B3F57B1}.Debug|ARM.ActiveCfg = Debug|Any CPU
		{7F4FF1E5-72BE-4710-8BF8-81745B3F57B1}.Debug|ARM.Build.0 = Debug|Any CPU
		{7F4FF1E5-72BE-4710-8BF8-81745B3F57B1}.Debug|ARM.Deploy.0 = Debug|Any CPU
		{7F4FF1E5-72BE-4710-8BF8-81745B3F57B1}.Debug|iPhone.ActiveCfg = Debug|Any CPU
		{7F4FF1E5-72BE-4710-8BF8-81745B3F57B1}.Debug|iPhone.Build.0 = Debug|Any CPU
		{7F4FF1E5-72BE-4710-8BF8-81745B3F57B1}.Debug|iPhone.Deploy.0 = Debug|Any CPU
		{7F4FF1E5-72BE-4710-8BF8-81745B3F57B1}.Debug|iPhoneSimulator.ActiveCfg = Debug|Any CPU
		{7F4FF1E5-72BE-4710-8BF8-81745B3F57B1}.Debug|iPhoneSimulator.Build.0 = Debug|Any CPU
		{7F4FF1E5-72BE-4710-8BF8-81745B3F57B1}.Debug|iPhoneSimulator.Deploy.0 = Debug|Any CPU
		{7F4FF1E5-72BE-4710-8BF8-81745B3F57B1}.Debug|x64.ActiveCfg = Debug|Any CPU
		{7F4FF1E5-72BE-4710-8BF8-81745B3F57B1}.Debug|x64.Build.0 = Debug|Any CPU
		{7F4FF1E5-72BE-4710-8BF8-81745B3F57B1}.Debug|x64.Deploy.0 = Debug|Any CPU
		{7F4FF1E5-72BE-4710-8BF8-81745B3F57B1}.Debug|x86.ActiveCfg = Debug|Any CPU
		{7F4FF1E5-72BE-4710-8BF8-81745B3F57B1}.Debug|x86.Build.0 = Debug|Any CPU
		{7F4FF1E5-72BE-4710-8BF8-81745B3F57B1}.Debug|x86.Deploy.0 = Debug|Any CPU
		{7F4FF1E5-72BE-4710-8BF8-81745B3F57B1}.Release|Any CPU.ActiveCfg = Release|Any CPU
		{7F4FF1E5-72BE-4710-8BF8-81745B3F57B1}.Release|Any CPU.Build.0 = Release|Any CPU
		{7F4FF1E5-72BE-4710-8BF8-81745B3F57B1}.Release|Any CPU.Deploy.0 = Release|Any CPU
		{7F4FF1E5-72BE-4710-8BF8-81745B3F57B1}.Release|ARM.ActiveCfg = Release|Any CPU
		{7F4FF1E5-72BE-4710-8BF8-81745B3F57B1}.Release|ARM.Build.0 = Release|Any CPU
		{7F4FF1E5-72BE-4710-8BF8-81745B3F57B1}.Release|ARM.Deploy.0 = Release|Any CPU
		{7F4FF1E5-72BE-4710-8BF8-81745B3F57B1}.Release|iPhone.ActiveCfg = Release|Any CPU
		{7F4FF1E5-72BE-4710-8BF8-81745B3F57B1}.Release|iPhone.Build.0 = Release|Any CPU
		{7F4FF1E5-72BE-4710-8BF8-81745B3F57B1}.Release|iPhone.Deploy.0 = Release|Any CPU
		{7F4FF1E5-72BE-4710-8BF8-81745B3F57B1}.Release|iPhoneSimulator.ActiveCfg = Release|Any CPU
		{7F4FF1E5-72BE-4710-8BF8-81745B3F57B1}.Release|iPhoneSimulator.Build.0 = Release|Any CPU
		{7F4FF1E5-72BE-4710-8BF8-81745B3F57B1}.Release|iPhoneSimulator.Deploy.0 = Release|Any CPU
		{7F4FF1E5-72BE-4710-8BF8-81745B3F57B1}.Release|x64.ActiveCfg = Release|Any CPU
		{7F4FF1E5-72BE-4710-8BF8-81745B3F57B1}.Release|x64.Build.0 = Release|Any CPU
		{7F4FF1E5-72BE-4710-8BF8-81745B3F57B1}.Release|x64.Deploy.0 = Release|Any CPU
		{7F4FF1E5-72BE-4710-8BF8-81745B3F57B1}.Release|x86.ActiveCfg = Release|Any CPU
		{7F4FF1E5-72BE-4710-8BF8-81745B3F57B1}.Release|x86.Build.0 = Release|Any CPU
		{7F4FF1E5-72BE-4710-8BF8-81745B3F57B1}.Release|x86.Deploy.0 = Release|Any CPU
		{D4E3F833-6224-426A-9D9D-B8BDD2FEE260}.Debug|Any CPU.ActiveCfg = Debug|iPhone
		{D4E3F833-6224-426A-9D9D-B8BDD2FEE260}.Debug|Any CPU.Build.0 = Debug|iPhone
		{D4E3F833-6224-426A-9D9D-B8BDD2FEE260}.Debug|Any CPU.Deploy.0 = Debug|iPhone
		{D4E3F833-6224-426A-9D9D-B8BDD2FEE260}.Debug|ARM.ActiveCfg = Debug|iPhone
		{D4E3F833-6224-426A-9D9D-B8BDD2FEE260}.Debug|ARM.Build.0 = Debug|iPhone
		{D4E3F833-6224-426A-9D9D-B8BDD2FEE260}.Debug|ARM.Deploy.0 = Debug|iPhone
		{D4E3F833-6224-426A-9D9D-B8BDD2FEE260}.Debug|iPhone.ActiveCfg = Debug|iPhone
		{D4E3F833-6224-426A-9D9D-B8BDD2FEE260}.Debug|iPhone.Build.0 = Debug|iPhone
		{D4E3F833-6224-426A-9D9D-B8BDD2FEE260}.Debug|iPhone.Deploy.0 = Debug|iPhone
		{D4E3F833-6224-426A-9D9D-B8BDD2FEE260}.Debug|iPhoneSimulator.ActiveCfg = Debug|iPhoneSimulator
		{D4E3F833-6224-426A-9D9D-B8BDD2FEE260}.Debug|iPhoneSimulator.Build.0 = Debug|iPhoneSimulator
		{D4E3F833-6224-426A-9D9D-B8BDD2FEE260}.Debug|iPhoneSimulator.Deploy.0 = Debug|iPhoneSimulator
		{D4E3F833-6224-426A-9D9D-B8BDD2FEE260}.Debug|x64.ActiveCfg = Debug|iPhone
		{D4E3F833-6224-426A-9D9D-B8BDD2FEE260}.Debug|x64.Build.0 = Debug|iPhone
		{D4E3F833-6224-426A-9D9D-B8BDD2FEE260}.Debug|x64.Deploy.0 = Debug|iPhone
		{D4E3F833-6224-426A-9D9D-B8BDD2FEE260}.Debug|x86.ActiveCfg = Debug|iPhone
		{D4E3F833-6224-426A-9D9D-B8BDD2FEE260}.Debug|x86.Build.0 = Debug|iPhone
		{D4E3F833-6224-426A-9D9D-B8BDD2FEE260}.Debug|x86.Deploy.0 = Debug|iPhone
		{D4E3F833-6224-426A-9D9D-B8BDD2FEE260}.Release|Any CPU.ActiveCfg = Release|iPhone
		{D4E3F833-6224-426A-9D9D-B8BDD2FEE260}.Release|Any CPU.Build.0 = Release|iPhone
		{D4E3F833-6224-426A-9D9D-B8BDD2FEE260}.Release|Any CPU.Deploy.0 = Release|iPhone
		{D4E3F833-6224-426A-9D9D-B8BDD2FEE260}.Release|ARM.ActiveCfg = Release|iPhone
		{D4E3F833-6224-426A-9D9D-B8BDD2FEE260}.Release|ARM.Build.0 = Release|iPhone
		{D4E3F833-6224-426A-9D9D-B8BDD2FEE260}.Release|ARM.Deploy.0 = Release|iPhone
		{D4E3F833-6224-426A-9D9D-B8BDD2FEE260}.Release|iPhone.ActiveCfg = Release|iPhone
		{D4E3F833-6224-426A-9D9D-B8BDD2FEE260}.Release|iPhone.Build.0 = Release|iPhone
		{D4E3F833-6224-426A-9D9D-B8BDD2FEE260}.Release|iPhone.Deploy.0 = Release|iPhone
		{D4E3F833-6224-426A-9D9D-B8BDD2FEE260}.Release|iPhoneSimulator.ActiveCfg = Release|iPhoneSimulator
		{D4E3F833-6224-426A-9D9D-B8BDD2FEE260}.Release|iPhoneSimulator.Build.0 = Release|iPhoneSimulator
		{D4E3F833-6224-426A-9D9D-B8BDD2FEE260}.Release|iPhoneSimulator.Deploy.0 = Release|iPhoneSimulator
		{D4E3F833-6224-426A-9D9D-B8BDD2FEE260}.Release|x64.ActiveCfg = Release|iPhone
		{D4E3F833-6224-426A-9D9D-B8BDD2FEE260}.Release|x64.Build.0 = Release|iPhone
		{D4E3F833-6224-426A-9D9D-B8BDD2FEE260}.Release|x64.Deploy.0 = Release|iPhone
		{D4E3F833-6224-426A-9D9D-B8BDD2FEE260}.Release|x86.ActiveCfg = Release|iPhone
		{D4E3F833-6224-426A-9D9D-B8BDD2FEE260}.Release|x86.Build.0 = Release|iPhone
		{D4E3F833-6224-426A-9D9D-B8BDD2FEE260}.Release|x86.Deploy.0 = Release|iPhone
		{D390DFDC-7854-457C-8C7A-3F2954ED58A8}.Debug|Any CPU.ActiveCfg = Debug|Any CPU
		{D390DFDC-7854-457C-8C7A-3F2954ED58A8}.Debug|Any CPU.Build.0 = Debug|Any CPU
		{D390DFDC-7854-457C-8C7A-3F2954ED58A8}.Debug|Any CPU.Deploy.0 = Debug|Any CPU
		{D390DFDC-7854-457C-8C7A-3F2954ED58A8}.Debug|ARM.ActiveCfg = Debug|Any CPU
		{D390DFDC-7854-457C-8C7A-3F2954ED58A8}.Debug|ARM.Build.0 = Debug|Any CPU
		{D390DFDC-7854-457C-8C7A-3F2954ED58A8}.Debug|ARM.Deploy.0 = Debug|Any CPU
		{D390DFDC-7854-457C-8C7A-3F2954ED58A8}.Debug|iPhone.ActiveCfg = Debug|Any CPU
		{D390DFDC-7854-457C-8C7A-3F2954ED58A8}.Debug|iPhone.Build.0 = Debug|Any CPU
		{D390DFDC-7854-457C-8C7A-3F2954ED58A8}.Debug|iPhone.Deploy.0 = Debug|Any CPU
		{D390DFDC-7854-457C-8C7A-3F2954ED58A8}.Debug|iPhoneSimulator.ActiveCfg = Debug|Any CPU
		{D390DFDC-7854-457C-8C7A-3F2954ED58A8}.Debug|iPhoneSimulator.Build.0 = Debug|Any CPU
		{D390DFDC-7854-457C-8C7A-3F2954ED58A8}.Debug|iPhoneSimulator.Deploy.0 = Debug|Any CPU
		{D390DFDC-7854-457C-8C7A-3F2954ED58A8}.Debug|x64.ActiveCfg = Debug|Any CPU
		{D390DFDC-7854-457C-8C7A-3F2954ED58A8}.Debug|x64.Build.0 = Debug|Any CPU
		{D390DFDC-7854-457C-8C7A-3F2954ED58A8}.Debug|x64.Deploy.0 = Debug|Any CPU
		{D390DFDC-7854-457C-8C7A-3F2954ED58A8}.Debug|x86.ActiveCfg = Debug|Any CPU
		{D390DFDC-7854-457C-8C7A-3F2954ED58A8}.Debug|x86.Build.0 = Debug|Any CPU
		{D390DFDC-7854-457C-8C7A-3F2954ED58A8}.Debug|x86.Deploy.0 = Debug|Any CPU
		{D390DFDC-7854-457C-8C7A-3F2954ED58A8}.Release|Any CPU.ActiveCfg = Release|Any CPU
		{D390DFDC-7854-457C-8C7A-3F2954ED58A8}.Release|Any CPU.Build.0 = Release|Any CPU
		{D390DFDC-7854-457C-8C7A-3F2954ED58A8}.Release|Any CPU.Deploy.0 = Release|Any CPU
		{D390DFDC-7854-457C-8C7A-3F2954ED58A8}.Release|ARM.ActiveCfg = Release|Any CPU
		{D390DFDC-7854-457C-8C7A-3F2954ED58A8}.Release|ARM.Build.0 = Release|Any CPU
		{D390DFDC-7854-457C-8C7A-3F2954ED58A8}.Release|ARM.Deploy.0 = Release|Any CPU
		{D390DFDC-7854-457C-8C7A-3F2954ED58A8}.Release|iPhone.ActiveCfg = Release|Any CPU
		{D390DFDC-7854-457C-8C7A-3F2954ED58A8}.Release|iPhone.Build.0 = Release|Any CPU
		{D390DFDC-7854-457C-8C7A-3F2954ED58A8}.Release|iPhone.Deploy.0 = Release|Any CPU
		{D390DFDC-7854-457C-8C7A-3F2954ED58A8}.Release|iPhoneSimulator.ActiveCfg = Release|Any CPU
		{D390DFDC-7854-457C-8C7A-3F2954ED58A8}.Release|iPhoneSimulator.Build.0 = Release|Any CPU
		{D390DFDC-7854-457C-8C7A-3F2954ED58A8}.Release|iPhoneSimulator.Deploy.0 = Release|Any CPU
		{D390DFDC-7854-457C-8C7A-3F2954ED58A8}.Release|x64.ActiveCfg = Release|Any CPU
		{D390DFDC-7854-457C-8C7A-3F2954ED58A8}.Release|x64.Build.0 = Release|Any CPU
		{D390DFDC-7854-457C-8C7A-3F2954ED58A8}.Release|x64.Deploy.0 = Release|Any CPU
		{D390DFDC-7854-457C-8C7A-3F2954ED58A8}.Release|x86.ActiveCfg = Release|Any CPU
		{D390DFDC-7854-457C-8C7A-3F2954ED58A8}.Release|x86.Build.0 = Release|Any CPU
		{D390DFDC-7854-457C-8C7A-3F2954ED58A8}.Release|x86.Deploy.0 = Release|Any CPU
	EndGlobalSection
	GlobalSection(SolutionProperties) = preSolution
		HideSolutionNode = FALSE
	EndGlobalSection
	GlobalSection(ExtensibilityGlobals) = postSolution
		SolutionGuid = {69D92A2B-A03A-42F4-B6BC-E8A579FC17CC}
	EndGlobalSection
EndGlobal
