
Microsoft Visual Studio Solution File, Format Version 12.00
# Visual Studio Version 16
VisualStudioVersion = 16.0.31025.194
MinimumVisualStudioVersion = 10.0.40219.1
Project("{FAE04EC0-301F-11D3-BF4B-00C04F79EFBC}") = "MyWindowApp", "MyWindowApp\MyWindowApp.csproj", "{3E84CF99-27FC-40D4-9B19-A1C1CE91BC7C}"
EndProject
Project("{FAE04EC0-301F-11D3-BF4B-00C04F79EFBC}") = "UsingControlsApp", "UsingControlsApp\UsingControlsApp.csproj", "{89DBE7E3-394B-4BC6-A83A-813F5F5605C1}"
EndProject
Project("{FAE04EC0-301F-11D3-BF4B-00C04F79EFBC}") = "FileCopyApp", "FileCopyApp\FileCopyApp.csproj", "{A0123B7C-3127-4F6D-BB3A-683039233C1F}"
EndProject
Global
	GlobalSection(SolutionConfigurationPlatforms) = preSolution
		Debug|Any CPU = Debug|Any CPU
		Release|Any CPU = Release|Any CPU
	EndGlobalSection
	GlobalSection(ProjectConfigurationPlatforms) = postSolution
		{3E84CF99-27FC-40D4-9B19-A1C1CE91BC7C}.Debug|Any CPU.ActiveCfg = Debug|Any CPU
		{3E84CF99-27FC-40D4-9B19-A1C1CE91BC7C}.Debug|Any CPU.Build.0 = Debug|Any CPU
		{3E84CF99-27FC-40D4-9B19-A1C1CE91BC7C}.Release|Any CPU.ActiveCfg = Release|Any CPU
		{3E84CF99-27FC-40D4-9B19-A1C1CE91BC7C}.Release|Any CPU.Build.0 = Release|Any CPU
		{89DBE7E3-394B-4BC6-A83A-813F5F5605C1}.Debug|Any CPU.ActiveCfg = Debug|Any CPU
		{89DBE7E3-394B-4BC6-A83A-813F5F5605C1}.Debug|Any CPU.Build.0 = Debug|Any CPU
		{89DBE7E3-394B-4BC6-A83A-813F5F5605C1}.Release|Any CPU.ActiveCfg = Release|Any CPU
		{89DBE7E3-394B-4BC6-A83A-813F5F5605C1}.Release|Any CPU.Build.0 = Release|Any CPU
		{A0123B7C-3127-4F6D-BB3A-683039233C1F}.Debug|Any CPU.ActiveCfg = Debug|Any CPU
		{A0123B7C-3127-4F6D-BB3A-683039233C1F}.Debug|Any CPU.Build.0 = Debug|Any CPU
		{A0123B7C-3127-4F6D-BB3A-683039233C1F}.Release|Any CPU.ActiveCfg = Release|Any CPU
		{A0123B7C-3127-4F6D-BB3A-683039233C1F}.Release|Any CPU.Build.0 = Release|Any CPU
	EndGlobalSection
	GlobalSection(SolutionProperties) = preSolution
		HideSolutionNode = FALSE
	EndGlobalSection
	GlobalSection(ExtensibilityGlobals) = postSolution
		SolutionGuid = {A57E9A46-CB79-42E0-A2F9-73DAD82F3C4B}
	EndGlobalSection
EndGlobal
