
Microsoft Visual Studio Solution File, Format Version 12.00
# Visual Studio Version 16
VisualStudioVersion = 16.0.31515.178
MinimumVisualStudioVersion = 10.0.40219.1
Project("{FAE04EC0-301F-11D3-BF4B-00C04F79EFBC}") = "Covid19MonitorApp", "Covid19MonitorApp\Covid19MonitorApp.csproj", "{224CF741-002D-4709-A312-2BD2E80ABB4C}"
EndProject
Project("{2150E333-8FDC-42A3-9474-1A3956D46DE8}") = "Caliburn", "Caliburn", "{F73CA8D1-EFB6-48D6-BF38-73D25ADB4516}"
EndProject
Project("{2150E333-8FDC-42A3-9474-1A3956D46DE8}") = "Prism", "Prism", "{9E5ADBD6-040A-4E4A-A72F-3F24FB340A75}"
EndProject
Project("{2150E333-8FDC-42A3-9474-1A3956D46DE8}") = "Basic", "Basic", "{CF7BBEC2-A3F2-44A4-8144-BD107C47EE09}"
EndProject
Project("{2150E333-8FDC-42A3-9474-1A3956D46DE8}") = "Advanced", "Advanced", "{81693DFA-0E16-4E3F-A1B4-110728CF4B36}"
EndProject
Project("{2150E333-8FDC-42A3-9474-1A3956D46DE8}") = "TimCorey_tutorial", "TimCorey_tutorial", "{996EE67C-E2A0-47D1-9D76-86F3F3A32202}"
EndProject
Project("{FAE04EC0-301F-11D3-BF4B-00C04F79EFBC}") = "MigrationUIApp", "MigrationUIApp\MigrationUIApp.csproj", "{DC2BD5B6-30CE-4B5A-9249-EA63514FF759}"
EndProject
Project("{FAE04EC0-301F-11D3-BF4B-00C04F79EFBC}") = "StartCaliburnApp", "StartCaliburnApp\StartCaliburnApp.csproj", "{5D85B42A-88B7-4D1A-89D7-40A6A31DDF90}"
EndProject
Project("{FAE04EC0-301F-11D3-BF4B-00C04F79EFBC}") = "WpfMvvmUIApp", "WpfUIApp\WpfMvvmUIApp.csproj", "{9AF471D0-63C7-4DCC-AA4D-69550F020CC8}"
EndProject
Project("{FAE04EC0-301F-11D3-BF4B-00C04F79EFBC}") = "SecondCaliburnApp", "SecondCaliburnApp\SecondCaliburnApp.csproj", "{E2528F36-864C-4A5E-B176-CAD25F57D4E2}"
EndProject
Project("{FAE04EC0-301F-11D3-BF4B-00C04F79EFBC}") = "ThirdCaliburnApp", "ThirdCaliburnApp\ThirdCaliburnApp.csproj", "{E21EA5EE-95EB-4FE7-84F2-A57180A44BB6}"
EndProject
Project("{FAE04EC0-301F-11D3-BF4B-00C04F79EFBC}") = "TutorialPrismApp", "TutorialPrismApp\TutorialPrismApp.csproj", "{C998C5D2-D558-4870-828D-21BFD14892B2}"
EndProject
Project("{FAE04EC0-301F-11D3-BF4B-00C04F79EFBC}") = "TutorialPrismApp.Core", "TutorialPrismApp.Core\TutorialPrismApp.Core.csproj", "{4AD25B43-66C2-439D-AC91-12F5A46062B8}"
EndProject
Project("{FAE04EC0-301F-11D3-BF4B-00C04F79EFBC}") = "InterPrismApp", "InterPrismApp\InterPrismApp.csproj", "{119FD5B7-D011-4B3B-8361-4BAC7F6C5A5D}"
EndProject
Project("{9A19103F-16F7-4668-BE54-9A1E7A4F7556}") = "InterPrismApp.Core", "InterPrismApp.Core\InterPrismApp.Core.csproj", "{24B21CD1-1CE3-4AC8-B39E-D6F905DCF347}"
EndProject
Project("{FAE04EC0-301F-11D3-BF4B-00C04F79EFBC}") = "InterPrismRegionApp", "InterPrismRegionApp\InterPrismRegionApp.csproj", "{5B37C4E0-4542-4EED-9E7F-82F7D13CE6CE}"
EndProject
Project("{FAE04EC0-301F-11D3-BF4B-00C04F79EFBC}") = "LeftModule", "LeftModule\LeftModule.csproj", "{60917B02-1D04-457A-AFE9-D8F830CC1175}"
EndProject
Project("{FAE04EC0-301F-11D3-BF4B-00C04F79EFBC}") = "ListModule", "ListModule\ListModule.csproj", "{7D55F9E1-4CC1-408E-AAA4-7E8E7FA8AA7B}"
EndProject
Project("{FAE04EC0-301F-11D3-BF4B-00C04F79EFBC}") = "Modules", "Modules\Modules.csproj", "{5C6EE6CF-A931-4C63-8B9A-1B3F2A9DE298}"
EndProject
Project("{FAE04EC0-301F-11D3-BF4B-00C04F79EFBC}") = "MvvmApp", "MvvmApp\MvvmApp.csproj", "{246BFCF0-1C4C-4A3E-9617-E809C497B024}"
EndProject
Project("{FAE04EC0-301F-11D3-BF4B-00C04F79EFBC}") = "MvvmChartApp", "MvvmChartApp\MvvmChartApp.csproj", "{E3596F3C-6FD0-4A81-A341-DDE4D4B57C5C}"
EndProject
Project("{FAE04EC0-301F-11D3-BF4B-00C04F79EFBC}") = "NavModule", "NavModule\NavModule.csproj", "{6E067752-0F52-4137-9F6A-74F664AF5E35}"
EndProject
Project("{FAE04EC0-301F-11D3-BF4B-00C04F79EFBC}") = "NewLiveChartApp", "NewLiveChartApp\NewLiveChartApp.csproj", "{B4CBF4B4-FD31-40EE-BED8-0B9A030587A1}"
EndProject
Project("{FAE04EC0-301F-11D3-BF4B-00C04F79EFBC}") = "RightModule", "RightModule\RightModule.csproj", "{FB74D299-3A56-4D0E-9C1D-BC18F50B6105}"
EndProject
Global
	GlobalSection(SolutionConfigurationPlatforms) = preSolution
		Debug|Any CPU = Debug|Any CPU
		Release|Any CPU = Release|Any CPU
	EndGlobalSection
	GlobalSection(ProjectConfigurationPlatforms) = postSolution
		{224CF741-002D-4709-A312-2BD2E80ABB4C}.Debug|Any CPU.ActiveCfg = Debug|Any CPU
		{224CF741-002D-4709-A312-2BD2E80ABB4C}.Debug|Any CPU.Build.0 = Debug|Any CPU
		{224CF741-002D-4709-A312-2BD2E80ABB4C}.Release|Any CPU.ActiveCfg = Release|Any CPU
		{224CF741-002D-4709-A312-2BD2E80ABB4C}.Release|Any CPU.Build.0 = Release|Any CPU
		{DC2BD5B6-30CE-4B5A-9249-EA63514FF759}.Debug|Any CPU.ActiveCfg = Debug|Any CPU
		{DC2BD5B6-30CE-4B5A-9249-EA63514FF759}.Debug|Any CPU.Build.0 = Debug|Any CPU
		{DC2BD5B6-30CE-4B5A-9249-EA63514FF759}.Release|Any CPU.ActiveCfg = Release|Any CPU
		{DC2BD5B6-30CE-4B5A-9249-EA63514FF759}.Release|Any CPU.Build.0 = Release|Any CPU
		{5D85B42A-88B7-4D1A-89D7-40A6A31DDF90}.Debug|Any CPU.ActiveCfg = Debug|Any CPU
		{5D85B42A-88B7-4D1A-89D7-40A6A31DDF90}.Debug|Any CPU.Build.0 = Debug|Any CPU
		{5D85B42A-88B7-4D1A-89D7-40A6A31DDF90}.Release|Any CPU.ActiveCfg = Release|Any CPU
		{5D85B42A-88B7-4D1A-89D7-40A6A31DDF90}.Release|Any CPU.Build.0 = Release|Any CPU
		{9AF471D0-63C7-4DCC-AA4D-69550F020CC8}.Debug|Any CPU.ActiveCfg = Debug|Any CPU
		{9AF471D0-63C7-4DCC-AA4D-69550F020CC8}.Debug|Any CPU.Build.0 = Debug|Any CPU
		{9AF471D0-63C7-4DCC-AA4D-69550F020CC8}.Release|Any CPU.ActiveCfg = Release|Any CPU
		{9AF471D0-63C7-4DCC-AA4D-69550F020CC8}.Release|Any CPU.Build.0 = Release|Any CPU
		{E2528F36-864C-4A5E-B176-CAD25F57D4E2}.Debug|Any CPU.ActiveCfg = Debug|Any CPU
		{E2528F36-864C-4A5E-B176-CAD25F57D4E2}.Debug|Any CPU.Build.0 = Debug|Any CPU
		{E2528F36-864C-4A5E-B176-CAD25F57D4E2}.Release|Any CPU.ActiveCfg = Release|Any CPU
		{E2528F36-864C-4A5E-B176-CAD25F57D4E2}.Release|Any CPU.Build.0 = Release|Any CPU
		{E21EA5EE-95EB-4FE7-84F2-A57180A44BB6}.Debug|Any CPU.ActiveCfg = Debug|Any CPU
		{E21EA5EE-95EB-4FE7-84F2-A57180A44BB6}.Debug|Any CPU.Build.0 = Debug|Any CPU
		{E21EA5EE-95EB-4FE7-84F2-A57180A44BB6}.Release|Any CPU.ActiveCfg = Release|Any CPU
		{E21EA5EE-95EB-4FE7-84F2-A57180A44BB6}.Release|Any CPU.Build.0 = Release|Any CPU
		{C998C5D2-D558-4870-828D-21BFD14892B2}.Debug|Any CPU.ActiveCfg = Debug|Any CPU
		{C998C5D2-D558-4870-828D-21BFD14892B2}.Debug|Any CPU.Build.0 = Debug|Any CPU
		{C998C5D2-D558-4870-828D-21BFD14892B2}.Release|Any CPU.ActiveCfg = Release|Any CPU
		{C998C5D2-D558-4870-828D-21BFD14892B2}.Release|Any CPU.Build.0 = Release|Any CPU
		{4AD25B43-66C2-439D-AC91-12F5A46062B8}.Debug|Any CPU.ActiveCfg = Debug|Any CPU
		{4AD25B43-66C2-439D-AC91-12F5A46062B8}.Debug|Any CPU.Build.0 = Debug|Any CPU
		{4AD25B43-66C2-439D-AC91-12F5A46062B8}.Release|Any CPU.ActiveCfg = Release|Any CPU
		{4AD25B43-66C2-439D-AC91-12F5A46062B8}.Release|Any CPU.Build.0 = Release|Any CPU
		{119FD5B7-D011-4B3B-8361-4BAC7F6C5A5D}.Debug|Any CPU.ActiveCfg = Debug|Any CPU
		{119FD5B7-D011-4B3B-8361-4BAC7F6C5A5D}.Debug|Any CPU.Build.0 = Debug|Any CPU
		{119FD5B7-D011-4B3B-8361-4BAC7F6C5A5D}.Release|Any CPU.ActiveCfg = Release|Any CPU
		{119FD5B7-D011-4B3B-8361-4BAC7F6C5A5D}.Release|Any CPU.Build.0 = Release|Any CPU
		{24B21CD1-1CE3-4AC8-B39E-D6F905DCF347}.Debug|Any CPU.ActiveCfg = Debug|Any CPU
		{24B21CD1-1CE3-4AC8-B39E-D6F905DCF347}.Debug|Any CPU.Build.0 = Debug|Any CPU
		{24B21CD1-1CE3-4AC8-B39E-D6F905DCF347}.Release|Any CPU.ActiveCfg = Release|Any CPU
		{24B21CD1-1CE3-4AC8-B39E-D6F905DCF347}.Release|Any CPU.Build.0 = Release|Any CPU
		{5B37C4E0-4542-4EED-9E7F-82F7D13CE6CE}.Debug|Any CPU.ActiveCfg = Debug|Any CPU
		{5B37C4E0-4542-4EED-9E7F-82F7D13CE6CE}.Debug|Any CPU.Build.0 = Debug|Any CPU
		{5B37C4E0-4542-4EED-9E7F-82F7D13CE6CE}.Release|Any CPU.ActiveCfg = Release|Any CPU
		{5B37C4E0-4542-4EED-9E7F-82F7D13CE6CE}.Release|Any CPU.Build.0 = Release|Any CPU
		{60917B02-1D04-457A-AFE9-D8F830CC1175}.Debug|Any CPU.ActiveCfg = Debug|Any CPU
		{60917B02-1D04-457A-AFE9-D8F830CC1175}.Debug|Any CPU.Build.0 = Debug|Any CPU
		{60917B02-1D04-457A-AFE9-D8F830CC1175}.Release|Any CPU.ActiveCfg = Release|Any CPU
		{60917B02-1D04-457A-AFE9-D8F830CC1175}.Release|Any CPU.Build.0 = Release|Any CPU
		{7D55F9E1-4CC1-408E-AAA4-7E8E7FA8AA7B}.Debug|Any CPU.ActiveCfg = Debug|Any CPU
		{7D55F9E1-4CC1-408E-AAA4-7E8E7FA8AA7B}.Debug|Any CPU.Build.0 = Debug|Any CPU
		{7D55F9E1-4CC1-408E-AAA4-7E8E7FA8AA7B}.Release|Any CPU.ActiveCfg = Release|Any CPU
		{7D55F9E1-4CC1-408E-AAA4-7E8E7FA8AA7B}.Release|Any CPU.Build.0 = Release|Any CPU
		{5C6EE6CF-A931-4C63-8B9A-1B3F2A9DE298}.Debug|Any CPU.ActiveCfg = Debug|Any CPU
		{5C6EE6CF-A931-4C63-8B9A-1B3F2A9DE298}.Debug|Any CPU.Build.0 = Debug|Any CPU
		{5C6EE6CF-A931-4C63-8B9A-1B3F2A9DE298}.Release|Any CPU.ActiveCfg = Release|Any CPU
		{5C6EE6CF-A931-4C63-8B9A-1B3F2A9DE298}.Release|Any CPU.Build.0 = Release|Any CPU
		{246BFCF0-1C4C-4A3E-9617-E809C497B024}.Debug|Any CPU.ActiveCfg = Debug|Any CPU
		{246BFCF0-1C4C-4A3E-9617-E809C497B024}.Debug|Any CPU.Build.0 = Debug|Any CPU
		{246BFCF0-1C4C-4A3E-9617-E809C497B024}.Release|Any CPU.ActiveCfg = Release|Any CPU
		{246BFCF0-1C4C-4A3E-9617-E809C497B024}.Release|Any CPU.Build.0 = Release|Any CPU
		{E3596F3C-6FD0-4A81-A341-DDE4D4B57C5C}.Debug|Any CPU.ActiveCfg = Debug|Any CPU
		{E3596F3C-6FD0-4A81-A341-DDE4D4B57C5C}.Debug|Any CPU.Build.0 = Debug|Any CPU
		{E3596F3C-6FD0-4A81-A341-DDE4D4B57C5C}.Release|Any CPU.ActiveCfg = Release|Any CPU
		{E3596F3C-6FD0-4A81-A341-DDE4D4B57C5C}.Release|Any CPU.Build.0 = Release|Any CPU
		{6E067752-0F52-4137-9F6A-74F664AF5E35}.Debug|Any CPU.ActiveCfg = Debug|Any CPU
		{6E067752-0F52-4137-9F6A-74F664AF5E35}.Debug|Any CPU.Build.0 = Debug|Any CPU
		{6E067752-0F52-4137-9F6A-74F664AF5E35}.Release|Any CPU.ActiveCfg = Release|Any CPU
		{6E067752-0F52-4137-9F6A-74F664AF5E35}.Release|Any CPU.Build.0 = Release|Any CPU
		{B4CBF4B4-FD31-40EE-BED8-0B9A030587A1}.Debug|Any CPU.ActiveCfg = Debug|Any CPU
		{B4CBF4B4-FD31-40EE-BED8-0B9A030587A1}.Debug|Any CPU.Build.0 = Debug|Any CPU
		{B4CBF4B4-FD31-40EE-BED8-0B9A030587A1}.Release|Any CPU.ActiveCfg = Release|Any CPU
		{B4CBF4B4-FD31-40EE-BED8-0B9A030587A1}.Release|Any CPU.Build.0 = Release|Any CPU
		{FB74D299-3A56-4D0E-9C1D-BC18F50B6105}.Debug|Any CPU.ActiveCfg = Debug|Any CPU
		{FB74D299-3A56-4D0E-9C1D-BC18F50B6105}.Debug|Any CPU.Build.0 = Debug|Any CPU
		{FB74D299-3A56-4D0E-9C1D-BC18F50B6105}.Release|Any CPU.ActiveCfg = Release|Any CPU
		{FB74D299-3A56-4D0E-9C1D-BC18F50B6105}.Release|Any CPU.Build.0 = Release|Any CPU
	EndGlobalSection
	GlobalSection(SolutionProperties) = preSolution
		HideSolutionNode = FALSE
	EndGlobalSection
	GlobalSection(NestedProjects) = preSolution
		{224CF741-002D-4709-A312-2BD2E80ABB4C} = {81693DFA-0E16-4E3F-A1B4-110728CF4B36}
		{DC2BD5B6-30CE-4B5A-9249-EA63514FF759} = {996EE67C-E2A0-47D1-9D76-86F3F3A32202}
		{5D85B42A-88B7-4D1A-89D7-40A6A31DDF90} = {996EE67C-E2A0-47D1-9D76-86F3F3A32202}
		{9AF471D0-63C7-4DCC-AA4D-69550F020CC8} = {996EE67C-E2A0-47D1-9D76-86F3F3A32202}
		{E2528F36-864C-4A5E-B176-CAD25F57D4E2} = {F73CA8D1-EFB6-48D6-BF38-73D25ADB4516}
		{E21EA5EE-95EB-4FE7-84F2-A57180A44BB6} = {F73CA8D1-EFB6-48D6-BF38-73D25ADB4516}
		{C998C5D2-D558-4870-828D-21BFD14892B2} = {9E5ADBD6-040A-4E4A-A72F-3F24FB340A75}
		{4AD25B43-66C2-439D-AC91-12F5A46062B8} = {9E5ADBD6-040A-4E4A-A72F-3F24FB340A75}
		{119FD5B7-D011-4B3B-8361-4BAC7F6C5A5D} = {9E5ADBD6-040A-4E4A-A72F-3F24FB340A75}
		{24B21CD1-1CE3-4AC8-B39E-D6F905DCF347} = {9E5ADBD6-040A-4E4A-A72F-3F24FB340A75}
		{5B37C4E0-4542-4EED-9E7F-82F7D13CE6CE} = {9E5ADBD6-040A-4E4A-A72F-3F24FB340A75}
		{60917B02-1D04-457A-AFE9-D8F830CC1175} = {9E5ADBD6-040A-4E4A-A72F-3F24FB340A75}
		{7D55F9E1-4CC1-408E-AAA4-7E8E7FA8AA7B} = {9E5ADBD6-040A-4E4A-A72F-3F24FB340A75}
		{5C6EE6CF-A931-4C63-8B9A-1B3F2A9DE298} = {9E5ADBD6-040A-4E4A-A72F-3F24FB340A75}
		{246BFCF0-1C4C-4A3E-9617-E809C497B024} = {CF7BBEC2-A3F2-44A4-8144-BD107C47EE09}
		{E3596F3C-6FD0-4A81-A341-DDE4D4B57C5C} = {F73CA8D1-EFB6-48D6-BF38-73D25ADB4516}
		{6E067752-0F52-4137-9F6A-74F664AF5E35} = {9E5ADBD6-040A-4E4A-A72F-3F24FB340A75}
		{B4CBF4B4-FD31-40EE-BED8-0B9A030587A1} = {F73CA8D1-EFB6-48D6-BF38-73D25ADB4516}
		{FB74D299-3A56-4D0E-9C1D-BC18F50B6105} = {9E5ADBD6-040A-4E4A-A72F-3F24FB340A75}
	EndGlobalSection
	GlobalSection(ExtensibilityGlobals) = postSolution
		SolutionGuid = {9A4D0937-07CB-4BC1-8377-8ED90D6F6E09}
	EndGlobalSection
EndGlobal
