
Microsoft Visual Studio Solution File, Format Version 12.00
# Visual Studio Version 16
VisualStudioVersion = 16.0.31515.178
MinimumVisualStudioVersion = 10.0.40219.1
Project("{FAE04EC0-301F-11D3-BF4B-00C04F79EFBC}") = "BasicApp", "BasicApp\BasicApp.csproj", "{3846C99B-435A-4B19-AD65-E118D9D0241B}"
EndProject
Project("{FAE04EC0-301F-11D3-BF4B-00C04F79EFBC}") = "BasicClass", "BasicClass\BasicClass.csproj", "{1165137A-6649-4A03-94D8-964C2B19338C}"
EndProject
Project("{FAE04EC0-301F-11D3-BF4B-00C04F79EFBC}") = "CalculatorTest", "CalculatorTest\CalculatorTest.csproj", "{527B6BC8-D9BE-43E0-9F6D-DA00E3ED65BB}"
EndProject
Project("{2150E333-8FDC-42A3-9474-1A3956D46DE8}") = "Chapter04", "Chapter04", "{9A8E2043-2FA7-4E75-9D56-79AC67345004}"
EndProject
Project("{FAE04EC0-301F-11D3-BF4B-00C04F79EFBC}") = "LogicalOperator", "LogicalOperator\LogicalOperator.csproj", "{B182E727-82F5-49E6-96AC-D7EDECB30C70}"
EndProject
Project("{FAE04EC0-301F-11D3-BF4B-00C04F79EFBC}") = "RelationalOperator", "RelationalOperator\RelationalOperator.csproj", "{00579CFE-52E6-4FB8-BA4D-328760F3B542}"
EndProject
Project("{FAE04EC0-301F-11D3-BF4B-00C04F79EFBC}") = "StringConcatenate2", "StringConcatenate2\StringConcatenate2.csproj", "{C2FB8ED7-B735-46EB-998D-D4A1B5AAE0A0}"
EndProject
Project("{FAE04EC0-301F-11D3-BF4B-00C04F79EFBC}") = "StringTest", "StringTest\StringTest.csproj", "{162366DD-3BDA-452B-B796-49B39721D8D5}"
EndProject
Project("{FAE04EC0-301F-11D3-BF4B-00C04F79EFBC}") = "ClassCasting", "ClassCasting\ClassCasting.csproj", "{DC8CBBE9-1320-43ED-A9AF-55DF525BF3DC}"
EndProject
Project("{2150E333-8FDC-42A3-9474-1A3956D46DE8}") = "ConsoleTest", "ConsoleTest", "{9D99175D-2890-42A0-BBEF-0EA6C9E07810}"
EndProject
Project("{FAE04EC0-301F-11D3-BF4B-00C04F79EFBC}") = "ConsoleTest1", "ConsoleTest1\ConsoleTest1.csproj", "{D53EB163-AC4D-467C-A475-9B84D6AFFDE1}"
EndProject
Project("{FAE04EC0-301F-11D3-BF4B-00C04F79EFBC}") = "ConsoleApp1", "ConsoleApp1\ConsoleApp1.csproj", "{A21078AB-E147-4FD8-878B-32AC25116C9A}"
EndProject
Project("{FAE04EC0-301F-11D3-BF4B-00C04F79EFBC}") = "ConsoleApp02", "ConsoleApp02\ConsoleApp02.csproj", "{BB142CD0-D75E-4EE0-B184-3C5026C74BC3}"
EndProject
Project("{FAE04EC0-301F-11D3-BF4B-00C04F79EFBC}") = "ConsoleApp2", "ConsoleApp2\ConsoleApp2.csproj", "{013FF316-4893-47D6-A425-FCC09C7F5C56}"
EndProject
Project("{FAE04EC0-301F-11D3-BF4B-00C04F79EFBC}") = "FileBrowser", "FileBrowser\FileBrowser.csproj", "{7B37AC4C-9640-43F5-A0E1-4D6F88DFB7AA}"
EndProject
Project("{FAE04EC0-301F-11D3-BF4B-00C04F79EFBC}") = "HelloWorld", "HelloWorld\HelloWorld.csproj", "{2C2B12D7-A5F2-4C2C-B6C1-4C2878AE0549}"
EndProject
Project("{FAE04EC0-301F-11D3-BF4B-00C04F79EFBC}") = "IfTestApp", "IfTestApp\IfTestApp.csproj", "{B4006CFB-5666-45B9-A38F-8321AC73287D}"
EndProject
Project("{FAE04EC0-301F-11D3-BF4B-00C04F79EFBC}") = "InheritanceTest", "InheritanceTest\InheritanceTest.csproj", "{8FA59CA0-A653-4976-938B-9F16F18D2696}"
EndProject
Project("{FAE04EC0-301F-11D3-BF4B-00C04F79EFBC}") = "IpWatchDog", "IpWatchDog\IpWatchDog.csproj", "{0A20C9D6-E6BB-40F4-A166-56B8612FECAA}"
EndProject
Project("{FAE04EC0-301F-11D3-BF4B-00C04F79EFBC}") = "UsingControls", "UsingControls\UsingControls.csproj", "{81AB54F6-A95F-4D57-95D6-1B9A8EA7D798}"
EndProject
Project("{2150E333-8FDC-42A3-9474-1A3956D46DE8}") = "WinForms", "WinForms", "{8C04FAFA-8460-4480-B2AC-F1AB7D24792D}"
EndProject
Project("{2150E333-8FDC-42A3-9474-1A3956D46DE8}") = "Advanced", "Advanced", "{FCFB1969-526C-40BF-B2D3-5F8024436DCA}"
EndProject
Project("{FAE04EC0-301F-11D3-BF4B-00C04F79EFBC}") = "Elevator", "Elevator\Elevator.csproj", "{F5051967-12A2-40C3-9F79-ECDFBF816F40}"
EndProject
Global
	GlobalSection(SolutionConfigurationPlatforms) = preSolution
		Debug|Any CPU = Debug|Any CPU
		Debug|x86 = Debug|x86
		Release|Any CPU = Release|Any CPU
		Release|x86 = Release|x86
	EndGlobalSection
	GlobalSection(ProjectConfigurationPlatforms) = postSolution
		{3846C99B-435A-4B19-AD65-E118D9D0241B}.Debug|Any CPU.ActiveCfg = Debug|Any CPU
		{3846C99B-435A-4B19-AD65-E118D9D0241B}.Debug|Any CPU.Build.0 = Debug|Any CPU
		{3846C99B-435A-4B19-AD65-E118D9D0241B}.Debug|x86.ActiveCfg = Debug|Any CPU
		{3846C99B-435A-4B19-AD65-E118D9D0241B}.Debug|x86.Build.0 = Debug|Any CPU
		{3846C99B-435A-4B19-AD65-E118D9D0241B}.Release|Any CPU.ActiveCfg = Release|Any CPU
		{3846C99B-435A-4B19-AD65-E118D9D0241B}.Release|Any CPU.Build.0 = Release|Any CPU
		{3846C99B-435A-4B19-AD65-E118D9D0241B}.Release|x86.ActiveCfg = Release|Any CPU
		{3846C99B-435A-4B19-AD65-E118D9D0241B}.Release|x86.Build.0 = Release|Any CPU
		{1165137A-6649-4A03-94D8-964C2B19338C}.Debug|Any CPU.ActiveCfg = Debug|Any CPU
		{1165137A-6649-4A03-94D8-964C2B19338C}.Debug|Any CPU.Build.0 = Debug|Any CPU
		{1165137A-6649-4A03-94D8-964C2B19338C}.Debug|x86.ActiveCfg = Debug|Any CPU
		{1165137A-6649-4A03-94D8-964C2B19338C}.Debug|x86.Build.0 = Debug|Any CPU
		{1165137A-6649-4A03-94D8-964C2B19338C}.Release|Any CPU.ActiveCfg = Release|Any CPU
		{1165137A-6649-4A03-94D8-964C2B19338C}.Release|Any CPU.Build.0 = Release|Any CPU
		{1165137A-6649-4A03-94D8-964C2B19338C}.Release|x86.ActiveCfg = Release|Any CPU
		{1165137A-6649-4A03-94D8-964C2B19338C}.Release|x86.Build.0 = Release|Any CPU
		{527B6BC8-D9BE-43E0-9F6D-DA00E3ED65BB}.Debug|Any CPU.ActiveCfg = Debug|Any CPU
		{527B6BC8-D9BE-43E0-9F6D-DA00E3ED65BB}.Debug|Any CPU.Build.0 = Debug|Any CPU
		{527B6BC8-D9BE-43E0-9F6D-DA00E3ED65BB}.Debug|x86.ActiveCfg = Debug|Any CPU
		{527B6BC8-D9BE-43E0-9F6D-DA00E3ED65BB}.Debug|x86.Build.0 = Debug|Any CPU
		{527B6BC8-D9BE-43E0-9F6D-DA00E3ED65BB}.Release|Any CPU.ActiveCfg = Release|Any CPU
		{527B6BC8-D9BE-43E0-9F6D-DA00E3ED65BB}.Release|Any CPU.Build.0 = Release|Any CPU
		{527B6BC8-D9BE-43E0-9F6D-DA00E3ED65BB}.Release|x86.ActiveCfg = Release|Any CPU
		{527B6BC8-D9BE-43E0-9F6D-DA00E3ED65BB}.Release|x86.Build.0 = Release|Any CPU
		{B182E727-82F5-49E6-96AC-D7EDECB30C70}.Debug|Any CPU.ActiveCfg = Debug|Any CPU
		{B182E727-82F5-49E6-96AC-D7EDECB30C70}.Debug|Any CPU.Build.0 = Debug|Any CPU
		{B182E727-82F5-49E6-96AC-D7EDECB30C70}.Debug|x86.ActiveCfg = Debug|Any CPU
		{B182E727-82F5-49E6-96AC-D7EDECB30C70}.Debug|x86.Build.0 = Debug|Any CPU
		{B182E727-82F5-49E6-96AC-D7EDECB30C70}.Release|Any CPU.ActiveCfg = Release|Any CPU
		{B182E727-82F5-49E6-96AC-D7EDECB30C70}.Release|Any CPU.Build.0 = Release|Any CPU
		{B182E727-82F5-49E6-96AC-D7EDECB30C70}.Release|x86.ActiveCfg = Release|Any CPU
		{B182E727-82F5-49E6-96AC-D7EDECB30C70}.Release|x86.Build.0 = Release|Any CPU
		{00579CFE-52E6-4FB8-BA4D-328760F3B542}.Debug|Any CPU.ActiveCfg = Debug|Any CPU
		{00579CFE-52E6-4FB8-BA4D-328760F3B542}.Debug|Any CPU.Build.0 = Debug|Any CPU
		{00579CFE-52E6-4FB8-BA4D-328760F3B542}.Debug|x86.ActiveCfg = Debug|Any CPU
		{00579CFE-52E6-4FB8-BA4D-328760F3B542}.Debug|x86.Build.0 = Debug|Any CPU
		{00579CFE-52E6-4FB8-BA4D-328760F3B542}.Release|Any CPU.ActiveCfg = Release|Any CPU
		{00579CFE-52E6-4FB8-BA4D-328760F3B542}.Release|Any CPU.Build.0 = Release|Any CPU
		{00579CFE-52E6-4FB8-BA4D-328760F3B542}.Release|x86.ActiveCfg = Release|Any CPU
		{00579CFE-52E6-4FB8-BA4D-328760F3B542}.Release|x86.Build.0 = Release|Any CPU
		{C2FB8ED7-B735-46EB-998D-D4A1B5AAE0A0}.Debug|Any CPU.ActiveCfg = Debug|Any CPU
		{C2FB8ED7-B735-46EB-998D-D4A1B5AAE0A0}.Debug|Any CPU.Build.0 = Debug|Any CPU
		{C2FB8ED7-B735-46EB-998D-D4A1B5AAE0A0}.Debug|x86.ActiveCfg = Debug|Any CPU
		{C2FB8ED7-B735-46EB-998D-D4A1B5AAE0A0}.Debug|x86.Build.0 = Debug|Any CPU
		{C2FB8ED7-B735-46EB-998D-D4A1B5AAE0A0}.Release|Any CPU.ActiveCfg = Release|Any CPU
		{C2FB8ED7-B735-46EB-998D-D4A1B5AAE0A0}.Release|Any CPU.Build.0 = Release|Any CPU
		{C2FB8ED7-B735-46EB-998D-D4A1B5AAE0A0}.Release|x86.ActiveCfg = Release|Any CPU
		{C2FB8ED7-B735-46EB-998D-D4A1B5AAE0A0}.Release|x86.Build.0 = Release|Any CPU
		{162366DD-3BDA-452B-B796-49B39721D8D5}.Debug|Any CPU.ActiveCfg = Debug|Any CPU
		{162366DD-3BDA-452B-B796-49B39721D8D5}.Debug|Any CPU.Build.0 = Debug|Any CPU
		{162366DD-3BDA-452B-B796-49B39721D8D5}.Debug|x86.ActiveCfg = Debug|Any CPU
		{162366DD-3BDA-452B-B796-49B39721D8D5}.Debug|x86.Build.0 = Debug|Any CPU
		{162366DD-3BDA-452B-B796-49B39721D8D5}.Release|Any CPU.ActiveCfg = Release|Any CPU
		{162366DD-3BDA-452B-B796-49B39721D8D5}.Release|Any CPU.Build.0 = Release|Any CPU
		{162366DD-3BDA-452B-B796-49B39721D8D5}.Release|x86.ActiveCfg = Release|Any CPU
		{162366DD-3BDA-452B-B796-49B39721D8D5}.Release|x86.Build.0 = Release|Any CPU
		{DC8CBBE9-1320-43ED-A9AF-55DF525BF3DC}.Debug|Any CPU.ActiveCfg = Debug|Any CPU
		{DC8CBBE9-1320-43ED-A9AF-55DF525BF3DC}.Debug|Any CPU.Build.0 = Debug|Any CPU
		{DC8CBBE9-1320-43ED-A9AF-55DF525BF3DC}.Debug|x86.ActiveCfg = Debug|Any CPU
		{DC8CBBE9-1320-43ED-A9AF-55DF525BF3DC}.Debug|x86.Build.0 = Debug|Any CPU
		{DC8CBBE9-1320-43ED-A9AF-55DF525BF3DC}.Release|Any CPU.ActiveCfg = Release|Any CPU
		{DC8CBBE9-1320-43ED-A9AF-55DF525BF3DC}.Release|Any CPU.Build.0 = Release|Any CPU
		{DC8CBBE9-1320-43ED-A9AF-55DF525BF3DC}.Release|x86.ActiveCfg = Release|Any CPU
		{DC8CBBE9-1320-43ED-A9AF-55DF525BF3DC}.Release|x86.Build.0 = Release|Any CPU
		{D53EB163-AC4D-467C-A475-9B84D6AFFDE1}.Debug|Any CPU.ActiveCfg = Debug|Any CPU
		{D53EB163-AC4D-467C-A475-9B84D6AFFDE1}.Debug|Any CPU.Build.0 = Debug|Any CPU
		{D53EB163-AC4D-467C-A475-9B84D6AFFDE1}.Debug|x86.ActiveCfg = Debug|Any CPU
		{D53EB163-AC4D-467C-A475-9B84D6AFFDE1}.Debug|x86.Build.0 = Debug|Any CPU
		{D53EB163-AC4D-467C-A475-9B84D6AFFDE1}.Release|Any CPU.ActiveCfg = Release|Any CPU
		{D53EB163-AC4D-467C-A475-9B84D6AFFDE1}.Release|Any CPU.Build.0 = Release|Any CPU
		{D53EB163-AC4D-467C-A475-9B84D6AFFDE1}.Release|x86.ActiveCfg = Release|Any CPU
		{D53EB163-AC4D-467C-A475-9B84D6AFFDE1}.Release|x86.Build.0 = Release|Any CPU
		{A21078AB-E147-4FD8-878B-32AC25116C9A}.Debug|Any CPU.ActiveCfg = Debug|Any CPU
		{A21078AB-E147-4FD8-878B-32AC25116C9A}.Debug|Any CPU.Build.0 = Debug|Any CPU
		{A21078AB-E147-4FD8-878B-32AC25116C9A}.Debug|x86.ActiveCfg = Debug|Any CPU
		{A21078AB-E147-4FD8-878B-32AC25116C9A}.Debug|x86.Build.0 = Debug|Any CPU
		{A21078AB-E147-4FD8-878B-32AC25116C9A}.Release|Any CPU.ActiveCfg = Release|Any CPU
		{A21078AB-E147-4FD8-878B-32AC25116C9A}.Release|Any CPU.Build.0 = Release|Any CPU
		{A21078AB-E147-4FD8-878B-32AC25116C9A}.Release|x86.ActiveCfg = Release|Any CPU
		{A21078AB-E147-4FD8-878B-32AC25116C9A}.Release|x86.Build.0 = Release|Any CPU
		{BB142CD0-D75E-4EE0-B184-3C5026C74BC3}.Debug|Any CPU.ActiveCfg = Debug|Any CPU
		{BB142CD0-D75E-4EE0-B184-3C5026C74BC3}.Debug|Any CPU.Build.0 = Debug|Any CPU
		{BB142CD0-D75E-4EE0-B184-3C5026C74BC3}.Debug|x86.ActiveCfg = Debug|Any CPU
		{BB142CD0-D75E-4EE0-B184-3C5026C74BC3}.Debug|x86.Build.0 = Debug|Any CPU
		{BB142CD0-D75E-4EE0-B184-3C5026C74BC3}.Release|Any CPU.ActiveCfg = Release|Any CPU
		{BB142CD0-D75E-4EE0-B184-3C5026C74BC3}.Release|Any CPU.Build.0 = Release|Any CPU
		{BB142CD0-D75E-4EE0-B184-3C5026C74BC3}.Release|x86.ActiveCfg = Release|Any CPU
		{BB142CD0-D75E-4EE0-B184-3C5026C74BC3}.Release|x86.Build.0 = Release|Any CPU
		{013FF316-4893-47D6-A425-FCC09C7F5C56}.Debug|Any CPU.ActiveCfg = Debug|Any CPU
		{013FF316-4893-47D6-A425-FCC09C7F5C56}.Debug|Any CPU.Build.0 = Debug|Any CPU
		{013FF316-4893-47D6-A425-FCC09C7F5C56}.Debug|x86.ActiveCfg = Debug|Any CPU
		{013FF316-4893-47D6-A425-FCC09C7F5C56}.Debug|x86.Build.0 = Debug|Any CPU
		{013FF316-4893-47D6-A425-FCC09C7F5C56}.Release|Any CPU.ActiveCfg = Release|Any CPU
		{013FF316-4893-47D6-A425-FCC09C7F5C56}.Release|Any CPU.Build.0 = Release|Any CPU
		{013FF316-4893-47D6-A425-FCC09C7F5C56}.Release|x86.ActiveCfg = Release|Any CPU
		{013FF316-4893-47D6-A425-FCC09C7F5C56}.Release|x86.Build.0 = Release|Any CPU
		{7B37AC4C-9640-43F5-A0E1-4D6F88DFB7AA}.Debug|Any CPU.ActiveCfg = Debug|Any CPU
		{7B37AC4C-9640-43F5-A0E1-4D6F88DFB7AA}.Debug|Any CPU.Build.0 = Debug|Any CPU
		{7B37AC4C-9640-43F5-A0E1-4D6F88DFB7AA}.Debug|x86.ActiveCfg = Debug|Any CPU
		{7B37AC4C-9640-43F5-A0E1-4D6F88DFB7AA}.Debug|x86.Build.0 = Debug|Any CPU
		{7B37AC4C-9640-43F5-A0E1-4D6F88DFB7AA}.Release|Any CPU.ActiveCfg = Release|Any CPU
		{7B37AC4C-9640-43F5-A0E1-4D6F88DFB7AA}.Release|Any CPU.Build.0 = Release|Any CPU
		{7B37AC4C-9640-43F5-A0E1-4D6F88DFB7AA}.Release|x86.ActiveCfg = Release|Any CPU
		{7B37AC4C-9640-43F5-A0E1-4D6F88DFB7AA}.Release|x86.Build.0 = Release|Any CPU
		{2C2B12D7-A5F2-4C2C-B6C1-4C2878AE0549}.Debug|Any CPU.ActiveCfg = Debug|Any CPU
		{2C2B12D7-A5F2-4C2C-B6C1-4C2878AE0549}.Debug|Any CPU.Build.0 = Debug|Any CPU
		{2C2B12D7-A5F2-4C2C-B6C1-4C2878AE0549}.Debug|x86.ActiveCfg = Debug|Any CPU
		{2C2B12D7-A5F2-4C2C-B6C1-4C2878AE0549}.Debug|x86.Build.0 = Debug|Any CPU
		{2C2B12D7-A5F2-4C2C-B6C1-4C2878AE0549}.Release|Any CPU.ActiveCfg = Release|Any CPU
		{2C2B12D7-A5F2-4C2C-B6C1-4C2878AE0549}.Release|Any CPU.Build.0 = Release|Any CPU
		{2C2B12D7-A5F2-4C2C-B6C1-4C2878AE0549}.Release|x86.ActiveCfg = Release|Any CPU
		{2C2B12D7-A5F2-4C2C-B6C1-4C2878AE0549}.Release|x86.Build.0 = Release|Any CPU
		{B4006CFB-5666-45B9-A38F-8321AC73287D}.Debug|Any CPU.ActiveCfg = Debug|Any CPU
		{B4006CFB-5666-45B9-A38F-8321AC73287D}.Debug|Any CPU.Build.0 = Debug|Any CPU
		{B4006CFB-5666-45B9-A38F-8321AC73287D}.Debug|x86.ActiveCfg = Debug|Any CPU
		{B4006CFB-5666-45B9-A38F-8321AC73287D}.Debug|x86.Build.0 = Debug|Any CPU
		{B4006CFB-5666-45B9-A38F-8321AC73287D}.Release|Any CPU.ActiveCfg = Release|Any CPU
		{B4006CFB-5666-45B9-A38F-8321AC73287D}.Release|Any CPU.Build.0 = Release|Any CPU
		{B4006CFB-5666-45B9-A38F-8321AC73287D}.Release|x86.ActiveCfg = Release|Any CPU
		{B4006CFB-5666-45B9-A38F-8321AC73287D}.Release|x86.Build.0 = Release|Any CPU
		{8FA59CA0-A653-4976-938B-9F16F18D2696}.Debug|Any CPU.ActiveCfg = Debug|Any CPU
		{8FA59CA0-A653-4976-938B-9F16F18D2696}.Debug|Any CPU.Build.0 = Debug|Any CPU
		{8FA59CA0-A653-4976-938B-9F16F18D2696}.Debug|x86.ActiveCfg = Debug|Any CPU
		{8FA59CA0-A653-4976-938B-9F16F18D2696}.Debug|x86.Build.0 = Debug|Any CPU
		{8FA59CA0-A653-4976-938B-9F16F18D2696}.Release|Any CPU.ActiveCfg = Release|Any CPU
		{8FA59CA0-A653-4976-938B-9F16F18D2696}.Release|Any CPU.Build.0 = Release|Any CPU
		{8FA59CA0-A653-4976-938B-9F16F18D2696}.Release|x86.ActiveCfg = Release|Any CPU
		{8FA59CA0-A653-4976-938B-9F16F18D2696}.Release|x86.Build.0 = Release|Any CPU
		{0A20C9D6-E6BB-40F4-A166-56B8612FECAA}.Debug|Any CPU.ActiveCfg = Debug|Any CPU
		{0A20C9D6-E6BB-40F4-A166-56B8612FECAA}.Debug|Any CPU.Build.0 = Debug|Any CPU
		{0A20C9D6-E6BB-40F4-A166-56B8612FECAA}.Debug|x86.ActiveCfg = Debug|x86
		{0A20C9D6-E6BB-40F4-A166-56B8612FECAA}.Debug|x86.Build.0 = Debug|x86
		{0A20C9D6-E6BB-40F4-A166-56B8612FECAA}.Release|Any CPU.ActiveCfg = Release|Any CPU
		{0A20C9D6-E6BB-40F4-A166-56B8612FECAA}.Release|Any CPU.Build.0 = Release|Any CPU
		{0A20C9D6-E6BB-40F4-A166-56B8612FECAA}.Release|x86.ActiveCfg = Release|x86
		{0A20C9D6-E6BB-40F4-A166-56B8612FECAA}.Release|x86.Build.0 = Release|x86
		{81AB54F6-A95F-4D57-95D6-1B9A8EA7D798}.Debug|Any CPU.ActiveCfg = Debug|Any CPU
		{81AB54F6-A95F-4D57-95D6-1B9A8EA7D798}.Debug|Any CPU.Build.0 = Debug|Any CPU
		{81AB54F6-A95F-4D57-95D6-1B9A8EA7D798}.Debug|x86.ActiveCfg = Debug|Any CPU
		{81AB54F6-A95F-4D57-95D6-1B9A8EA7D798}.Debug|x86.Build.0 = Debug|Any CPU
		{81AB54F6-A95F-4D57-95D6-1B9A8EA7D798}.Release|Any CPU.ActiveCfg = Release|Any CPU
		{81AB54F6-A95F-4D57-95D6-1B9A8EA7D798}.Release|Any CPU.Build.0 = Release|Any CPU
		{81AB54F6-A95F-4D57-95D6-1B9A8EA7D798}.Release|x86.ActiveCfg = Release|Any CPU
		{81AB54F6-A95F-4D57-95D6-1B9A8EA7D798}.Release|x86.Build.0 = Release|Any CPU
		{F5051967-12A2-40C3-9F79-ECDFBF816F40}.Debug|Any CPU.ActiveCfg = Debug|Any CPU
		{F5051967-12A2-40C3-9F79-ECDFBF816F40}.Debug|Any CPU.Build.0 = Debug|Any CPU
		{F5051967-12A2-40C3-9F79-ECDFBF816F40}.Debug|x86.ActiveCfg = Debug|Any CPU
		{F5051967-12A2-40C3-9F79-ECDFBF816F40}.Debug|x86.Build.0 = Debug|Any CPU
		{F5051967-12A2-40C3-9F79-ECDFBF816F40}.Release|Any CPU.ActiveCfg = Release|Any CPU
		{F5051967-12A2-40C3-9F79-ECDFBF816F40}.Release|Any CPU.Build.0 = Release|Any CPU
		{F5051967-12A2-40C3-9F79-ECDFBF816F40}.Release|x86.ActiveCfg = Release|Any CPU
		{F5051967-12A2-40C3-9F79-ECDFBF816F40}.Release|x86.Build.0 = Release|Any CPU
	EndGlobalSection
	GlobalSection(SolutionProperties) = preSolution
		HideSolutionNode = FALSE
	EndGlobalSection
	GlobalSection(NestedProjects) = preSolution
		{3846C99B-435A-4B19-AD65-E118D9D0241B} = {8C04FAFA-8460-4480-B2AC-F1AB7D24792D}
		{1165137A-6649-4A03-94D8-964C2B19338C} = {9D99175D-2890-42A0-BBEF-0EA6C9E07810}
		{527B6BC8-D9BE-43E0-9F6D-DA00E3ED65BB} = {9D99175D-2890-42A0-BBEF-0EA6C9E07810}
		{B182E727-82F5-49E6-96AC-D7EDECB30C70} = {9A8E2043-2FA7-4E75-9D56-79AC67345004}
		{00579CFE-52E6-4FB8-BA4D-328760F3B542} = {9A8E2043-2FA7-4E75-9D56-79AC67345004}
		{C2FB8ED7-B735-46EB-998D-D4A1B5AAE0A0} = {9A8E2043-2FA7-4E75-9D56-79AC67345004}
		{162366DD-3BDA-452B-B796-49B39721D8D5} = {9A8E2043-2FA7-4E75-9D56-79AC67345004}
		{DC8CBBE9-1320-43ED-A9AF-55DF525BF3DC} = {9D99175D-2890-42A0-BBEF-0EA6C9E07810}
		{D53EB163-AC4D-467C-A475-9B84D6AFFDE1} = {9D99175D-2890-42A0-BBEF-0EA6C9E07810}
		{A21078AB-E147-4FD8-878B-32AC25116C9A} = {9D99175D-2890-42A0-BBEF-0EA6C9E07810}
		{BB142CD0-D75E-4EE0-B184-3C5026C74BC3} = {9D99175D-2890-42A0-BBEF-0EA6C9E07810}
		{013FF316-4893-47D6-A425-FCC09C7F5C56} = {9D99175D-2890-42A0-BBEF-0EA6C9E07810}
		{7B37AC4C-9640-43F5-A0E1-4D6F88DFB7AA} = {8C04FAFA-8460-4480-B2AC-F1AB7D24792D}
		{2C2B12D7-A5F2-4C2C-B6C1-4C2878AE0549} = {9D99175D-2890-42A0-BBEF-0EA6C9E07810}
		{B4006CFB-5666-45B9-A38F-8321AC73287D} = {9D99175D-2890-42A0-BBEF-0EA6C9E07810}
		{8FA59CA0-A653-4976-938B-9F16F18D2696} = {9D99175D-2890-42A0-BBEF-0EA6C9E07810}
		{0A20C9D6-E6BB-40F4-A166-56B8612FECAA} = {FCFB1969-526C-40BF-B2D3-5F8024436DCA}
		{81AB54F6-A95F-4D57-95D6-1B9A8EA7D798} = {8C04FAFA-8460-4480-B2AC-F1AB7D24792D}
		{F5051967-12A2-40C3-9F79-ECDFBF816F40} = {9D99175D-2890-42A0-BBEF-0EA6C9E07810}
	EndGlobalSection
	GlobalSection(ExtensibilityGlobals) = postSolution
		SolutionGuid = {8756CD44-666F-4D58-8E40-D52C42D9C1CE}
	EndGlobalSection
EndGlobal
