
Microsoft Visual Studio Solution File, Format Version 12.00
# Visual Studio Version 17
VisualStudioVersion = 17.5.33516.290
MinimumVisualStudioVersion = 10.0.40219.1
Project("{FAE04EC0-301F-11D3-BF4B-00C04F79EFBC}") = "wp07_mahApp", "wp07_mahApp\wp07_mahApp.csproj", "{2D5773A7-912D-4A98-8A5C-D15F48F6F699}"
EndProject
Project("{FAE04EC0-301F-11D3-BF4B-00C04F79EFBC}") = "wp08_personalInfoApp", "wp08_personalInfoApp\wp08_personalInfoApp.csproj", "{EF69A01A-FA51-4BE2-8389-F8CA47226C2F}"
EndProject
Project("{2150E333-8FDC-42A3-9474-1A3956D46DE8}") = "Design", "Design", "{A882AE94-4938-40A5-BE16-2A91A8CB7CA0}"
EndProject
Project("{2150E333-8FDC-42A3-9474-1A3956D46DE8}") = "Mvvm", "Mvvm", "{7DCDBE02-FE12-4270-B966-F313D322FB1A}"
EndProject
Global
	GlobalSection(SolutionConfigurationPlatforms) = preSolution
		Debug|Any CPU = Debug|Any CPU
		Release|Any CPU = Release|Any CPU
	EndGlobalSection
	GlobalSection(ProjectConfigurationPlatforms) = postSolution
		{2D5773A7-912D-4A98-8A5C-D15F48F6F699}.Debug|Any CPU.ActiveCfg = Debug|Any CPU
		{2D5773A7-912D-4A98-8A5C-D15F48F6F699}.Debug|Any CPU.Build.0 = Debug|Any CPU
		{2D5773A7-912D-4A98-8A5C-D15F48F6F699}.Release|Any CPU.ActiveCfg = Release|Any CPU
		{2D5773A7-912D-4A98-8A5C-D15F48F6F699}.Release|Any CPU.Build.0 = Release|Any CPU
		{EF69A01A-FA51-4BE2-8389-F8CA47226C2F}.Debug|Any CPU.ActiveCfg = Debug|Any CPU
		{EF69A01A-FA51-4BE2-8389-F8CA47226C2F}.Debug|Any CPU.Build.0 = Debug|Any CPU
		{EF69A01A-FA51-4BE2-8389-F8CA47226C2F}.Release|Any CPU.ActiveCfg = Release|Any CPU
		{EF69A01A-FA51-4BE2-8389-F8CA47226C2F}.Release|Any CPU.Build.0 = Release|Any CPU
	EndGlobalSection
	GlobalSection(SolutionProperties) = preSolution
		HideSolutionNode = FALSE
	EndGlobalSection
	GlobalSection(NestedProjects) = preSolution
		{2D5773A7-912D-4A98-8A5C-D15F48F6F699} = {A882AE94-4938-40A5-BE16-2A91A8CB7CA0}
		{EF69A01A-FA51-4BE2-8389-F8CA47226C2F} = {7DCDBE02-FE12-4270-B966-F313D322FB1A}
	EndGlobalSection
	GlobalSection(ExtensibilityGlobals) = postSolution
		SolutionGuid = {D7662CD9-A873-4AED-BC84-12DB8EFB9129}
	EndGlobalSection
EndGlobal
