
Microsoft Visual Studio Solution File, Format Version 12.00
# Visual Studio Version 17
VisualStudioVersion = 17.5.33502.453
MinimumVisualStudioVersion = 10.0.40219.1
Project("{FAE04EC0-301F-11D3-BF4B-00C04F79EFBC}") = "HugoNoteApp", "HugoNoteApp.csproj", "{970B91F5-521F-42EB-8819-CEE3594A195B}"
EndProject
Project("{FAE04EC0-301F-11D3-BF4B-00C04F79EFBC}") = "NoteLibrary", "..\NoteLibrary\NoteLibrary.csproj", "{30CB361C-660F-4A6E-834E-ABB21AE261A2}"
EndProject
Global
	GlobalSection(SolutionConfigurationPlatforms) = preSolution
		Debug|Any CPU = Debug|Any CPU
		Release|Any CPU = Release|Any CPU
	EndGlobalSection
	GlobalSection(ProjectConfigurationPlatforms) = postSolution
		{970B91F5-521F-42EB-8819-CEE3594A195B}.Debug|Any CPU.ActiveCfg = Debug|Any CPU
		{970B91F5-521F-42EB-8819-CEE3594A195B}.Debug|Any CPU.Build.0 = Debug|Any CPU
		{970B91F5-521F-42EB-8819-CEE3594A195B}.Release|Any CPU.ActiveCfg = Release|Any CPU
		{970B91F5-521F-42EB-8819-CEE3594A195B}.Release|Any CPU.Build.0 = Release|Any CPU
		{30CB361C-660F-4A6E-834E-ABB21AE261A2}.Debug|Any CPU.ActiveCfg = Debug|Any CPU
		{30CB361C-660F-4A6E-834E-ABB21AE261A2}.Debug|Any CPU.Build.0 = Debug|Any CPU
		{30CB361C-660F-4A6E-834E-ABB21AE261A2}.Release|Any CPU.ActiveCfg = Release|Any CPU
		{30CB361C-660F-4A6E-834E-ABB21AE261A2}.Release|Any CPU.Build.0 = Release|Any CPU
	EndGlobalSection
	GlobalSection(SolutionProperties) = preSolution
		HideSolutionNode = FALSE
	EndGlobalSection
	GlobalSection(ExtensibilityGlobals) = postSolution
		SolutionGuid = {E5048186-7547-4D5C-92FE-F67BB7A0F1A7}
	EndGlobalSection
EndGlobal
