
Microsoft Visual Studio Solution File, Format Version 12.00
# Visual Studio Version 17
VisualStudioVersion = 17.5.33516.290
MinimumVisualStudioVersion = 10.0.40219.1
Project("{FAE04EC0-301F-11D3-BF4B-00C04F79EFBC}") = "cs26_delegate", "cs26_delegate\cs26_delegate.csproj", "{4B4A9660-61DB-43C4-BAE6-8B71F0BF7146}"
EndProject
Project("{FAE04EC0-301F-11D3-BF4B-00C04F79EFBC}") = "cs27_delgatechain", "cs27_delgatechain\cs27_delgatechain.csproj", "{3755D539-631E-4878-A252-8B63209556C6}"
EndProject
Project("{FAE04EC0-301F-11D3-BF4B-00C04F79EFBC}") = "cs28_event", "cs28_event\cs28_event.csproj", "{0E33069C-F6C9-454A-9144-6ED801A169D9}"
EndProject
Global
	GlobalSection(SolutionConfigurationPlatforms) = preSolution
		Debug|Any CPU = Debug|Any CPU
		Release|Any CPU = Release|Any CPU
	EndGlobalSection
	GlobalSection(ProjectConfigurationPlatforms) = postSolution
		{4B4A9660-61DB-43C4-BAE6-8B71F0BF7146}.Debug|Any CPU.ActiveCfg = Debug|Any CPU
		{4B4A9660-61DB-43C4-BAE6-8B71F0BF7146}.Debug|Any CPU.Build.0 = Debug|Any CPU
		{4B4A9660-61DB-43C4-BAE6-8B71F0BF7146}.Release|Any CPU.ActiveCfg = Release|Any CPU
		{4B4A9660-61DB-43C4-BAE6-8B71F0BF7146}.Release|Any CPU.Build.0 = Release|Any CPU
		{3755D539-631E-4878-A252-8B63209556C6}.Debug|Any CPU.ActiveCfg = Debug|Any CPU
		{3755D539-631E-4878-A252-8B63209556C6}.Debug|Any CPU.Build.0 = Debug|Any CPU
		{3755D539-631E-4878-A252-8B63209556C6}.Release|Any CPU.ActiveCfg = Release|Any CPU
		{3755D539-631E-4878-A252-8B63209556C6}.Release|Any CPU.Build.0 = Release|Any CPU
		{0E33069C-F6C9-454A-9144-6ED801A169D9}.Debug|Any CPU.ActiveCfg = Debug|Any CPU
		{0E33069C-F6C9-454A-9144-6ED801A169D9}.Debug|Any CPU.Build.0 = Debug|Any CPU
		{0E33069C-F6C9-454A-9144-6ED801A169D9}.Release|Any CPU.ActiveCfg = Release|Any CPU
		{0E33069C-F6C9-454A-9144-6ED801A169D9}.Release|Any CPU.Build.0 = Release|Any CPU
	EndGlobalSection
	GlobalSection(SolutionProperties) = preSolution
		HideSolutionNode = FALSE
	EndGlobalSection
	GlobalSection(ExtensibilityGlobals) = postSolution
		SolutionGuid = {A02F1010-B045-4585-9E58-1157588E35DE}
	EndGlobalSection
EndGlobal
