
Microsoft Visual Studio Solution File, Format Version 12.00
# Visual Studio Version 16
VisualStudioVersion = 16.0.29806.167
MinimumVisualStudioVersion = 10.0.40219.1
Project("{8BC9CEB8-8B4A-11D0-8D11-00A0C91BC942}") = "Chap07_again", "Chap07_again\Chap07_again.vcxproj", "{5D3D8343-1CAA-46B5-83FA-6FA49C61AE0B}"
EndProject
Global
	GlobalSection(SolutionConfigurationPlatforms) = preSolution
		Debug|x64 = Debug|x64
		Debug|x86 = Debug|x86
		Release|x64 = Release|x64
		Release|x86 = Release|x86
	EndGlobalSection
	GlobalSection(ProjectConfigurationPlatforms) = postSolution
		{5D3D8343-1CAA-46B5-83FA-6FA49C61AE0B}.Debug|x64.ActiveCfg = Debug|x64
		{5D3D8343-1CAA-46B5-83FA-6FA49C61AE0B}.Debug|x64.Build.0 = Debug|x64
		{5D3D8343-1CAA-46B5-83FA-6FA49C61AE0B}.Debug|x86.ActiveCfg = Debug|Win32
		{5D3D8343-1CAA-46B5-83FA-6FA49C61AE0B}.Debug|x86.Build.0 = Debug|Win32
		{5D3D8343-1CAA-46B5-83FA-6FA49C61AE0B}.Release|x64.ActiveCfg = Release|x64
		{5D3D8343-1CAA-46B5-83FA-6FA49C61AE0B}.Release|x64.Build.0 = Release|x64
		{5D3D8343-1CAA-46B5-83FA-6FA49C61AE0B}.Release|x86.ActiveCfg = Release|Win32
		{5D3D8343-1CAA-46B5-83FA-6FA49C61AE0B}.Release|x86.Build.0 = Release|Win32
	EndGlobalSection
	GlobalSection(SolutionProperties) = preSolution
		HideSolutionNode = FALSE
	EndGlobalSection
	GlobalSection(ExtensibilityGlobals) = postSolution
		SolutionGuid = {6CB6513E-43B4-40FA-BF69-A124A3990606}
	EndGlobalSection
EndGlobal
