
Microsoft Visual Studio Solution File, Format Version 12.00
# Visual Studio Version 16
VisualStudioVersion = 16.0.31025.194
MinimumVisualStudioVersion = 10.0.40219.1
Project("{FAE04EC0-301F-11D3-BF4B-00C04F79EFBC}") = "HelloAspNet", "HelloAspNet\HelloAspNet.csproj", "{7F71933D-5C8D-432C-8CEB-11C7048B3FE3}"
EndProject
Project("{FAE04EC0-301F-11D3-BF4B-00C04F79EFBC}") = "HelloAspNet.Tests", "HelloAspNet.Tests\HelloAspNet.Tests.csproj", "{06C4DF78-0529-4227-9E37-EB289BB9C110}"
EndProject
Project("{FAE04EC0-301F-11D3-BF4B-00C04F79EFBC}") = "FirstWebApp", "FirstWebApp\FirstWebApp.csproj", "{1842F0B3-5DD6-4768-9EF1-AEBC42CB9096}"
EndProject
Project("{FAE04EC0-301F-11D3-BF4B-00C04F79EFBC}") = "ValidationWebApp", "ValidationWebApp\ValidationWebApp.csproj", "{267F4337-1463-471D-948F-2A0BD4F443CD}"
EndProject
Project("{FAE04EC0-301F-11D3-BF4B-00C04F79EFBC}") = "TemplateWebApp", "TemplateWebApp\TemplateWebApp.csproj", "{CBB66A58-EC4E-4C6C-9D1A-468BA00F39E4}"
EndProject
Project("{FAE04EC0-301F-11D3-BF4B-00C04F79EFBC}") = "StateMngWebApp", "StateMngWebApp\StateMngWebApp.csproj", "{2E1D6137-D89D-4A93-BC6D-58AF13FC9B44}"
EndProject
Project("{FAE04EC0-301F-11D3-BF4B-00C04F79EFBC}") = "DbHandlingWebApp", "DbHandlingWebApp\DbHandlingWebApp.csproj", "{A341F8B6-61FE-4BD4-A1EE-10BB1B28FAB2}"
EndProject
Project("{FAE04EC0-301F-11D3-BF4B-00C04F79EFBC}") = "DataControlWebApp", "DataControlWebApp\DataControlWebApp.csproj", "{951E1FEC-ECF3-4746-B934-17FA2B36FFC7}"
EndProject
Project("{00D1A9C2-B5F0-4AF3-8072-F6C62B433612}") = "TestDB_Database", "TestDB_Database\TestDB_Database.sqlproj", "{5117EF49-8401-4F12-94EE-F25D4781B1FE}"
EndProject
Project("{FAE04EC0-301F-11D3-BF4B-00C04F79EFBC}") = "LoginWebApp", "LoginWebApp\LoginWebApp.csproj", "{1F05A8C6-8127-4C7E-BB0B-F5A005E1A7A9}"
EndProject
Global
	GlobalSection(SolutionConfigurationPlatforms) = preSolution
		Debug|Any CPU = Debug|Any CPU
		Release|Any CPU = Release|Any CPU
	EndGlobalSection
	GlobalSection(ProjectConfigurationPlatforms) = postSolution
		{7F71933D-5C8D-432C-8CEB-11C7048B3FE3}.Debug|Any CPU.ActiveCfg = Debug|Any CPU
		{7F71933D-5C8D-432C-8CEB-11C7048B3FE3}.Debug|Any CPU.Build.0 = Debug|Any CPU
		{7F71933D-5C8D-432C-8CEB-11C7048B3FE3}.Release|Any CPU.ActiveCfg = Release|Any CPU
		{7F71933D-5C8D-432C-8CEB-11C7048B3FE3}.Release|Any CPU.Build.0 = Release|Any CPU
		{06C4DF78-0529-4227-9E37-EB289BB9C110}.Debug|Any CPU.ActiveCfg = Debug|Any CPU
		{06C4DF78-0529-4227-9E37-EB289BB9C110}.Debug|Any CPU.Build.0 = Debug|Any CPU
		{06C4DF78-0529-4227-9E37-EB289BB9C110}.Release|Any CPU.ActiveCfg = Release|Any CPU
		{06C4DF78-0529-4227-9E37-EB289BB9C110}.Release|Any CPU.Build.0 = Release|Any CPU
		{1842F0B3-5DD6-4768-9EF1-AEBC42CB9096}.Debug|Any CPU.ActiveCfg = Debug|Any CPU
		{1842F0B3-5DD6-4768-9EF1-AEBC42CB9096}.Debug|Any CPU.Build.0 = Debug|Any CPU
		{1842F0B3-5DD6-4768-9EF1-AEBC42CB9096}.Release|Any CPU.ActiveCfg = Release|Any CPU
		{1842F0B3-5DD6-4768-9EF1-AEBC42CB9096}.Release|Any CPU.Build.0 = Release|Any CPU
		{267F4337-1463-471D-948F-2A0BD4F443CD}.Debug|Any CPU.ActiveCfg = Debug|Any CPU
		{267F4337-1463-471D-948F-2A0BD4F443CD}.Debug|Any CPU.Build.0 = Debug|Any CPU
		{267F4337-1463-471D-948F-2A0BD4F443CD}.Release|Any CPU.ActiveCfg = Release|Any CPU
		{267F4337-1463-471D-948F-2A0BD4F443CD}.Release|Any CPU.Build.0 = Release|Any CPU
		{CBB66A58-EC4E-4C6C-9D1A-468BA00F39E4}.Debug|Any CPU.ActiveCfg = Debug|Any CPU
		{CBB66A58-EC4E-4C6C-9D1A-468BA00F39E4}.Debug|Any CPU.Build.0 = Debug|Any CPU
		{CBB66A58-EC4E-4C6C-9D1A-468BA00F39E4}.Release|Any CPU.ActiveCfg = Release|Any CPU
		{CBB66A58-EC4E-4C6C-9D1A-468BA00F39E4}.Release|Any CPU.Build.0 = Release|Any CPU
		{2E1D6137-D89D-4A93-BC6D-58AF13FC9B44}.Debug|Any CPU.ActiveCfg = Debug|Any CPU
		{2E1D6137-D89D-4A93-BC6D-58AF13FC9B44}.Debug|Any CPU.Build.0 = Debug|Any CPU
		{2E1D6137-D89D-4A93-BC6D-58AF13FC9B44}.Release|Any CPU.ActiveCfg = Release|Any CPU
		{2E1D6137-D89D-4A93-BC6D-58AF13FC9B44}.Release|Any CPU.Build.0 = Release|Any CPU
		{A341F8B6-61FE-4BD4-A1EE-10BB1B28FAB2}.Debug|Any CPU.ActiveCfg = Debug|Any CPU
		{A341F8B6-61FE-4BD4-A1EE-10BB1B28FAB2}.Debug|Any CPU.Build.0 = Debug|Any CPU
		{A341F8B6-61FE-4BD4-A1EE-10BB1B28FAB2}.Release|Any CPU.ActiveCfg = Release|Any CPU
		{A341F8B6-61FE-4BD4-A1EE-10BB1B28FAB2}.Release|Any CPU.Build.0 = Release|Any CPU
		{951E1FEC-ECF3-4746-B934-17FA2B36FFC7}.Debug|Any CPU.ActiveCfg = Debug|Any CPU
		{951E1FEC-ECF3-4746-B934-17FA2B36FFC7}.Debug|Any CPU.Build.0 = Debug|Any CPU
		{951E1FEC-ECF3-4746-B934-17FA2B36FFC7}.Release|Any CPU.ActiveCfg = Release|Any CPU
		{951E1FEC-ECF3-4746-B934-17FA2B36FFC7}.Release|Any CPU.Build.0 = Release|Any CPU
		{5117EF49-8401-4F12-94EE-F25D4781B1FE}.Debug|Any CPU.ActiveCfg = Debug|Any CPU
		{5117EF49-8401-4F12-94EE-F25D4781B1FE}.Debug|Any CPU.Build.0 = Debug|Any CPU
		{5117EF49-8401-4F12-94EE-F25D4781B1FE}.Debug|Any CPU.Deploy.0 = Debug|Any CPU
		{5117EF49-8401-4F12-94EE-F25D4781B1FE}.Release|Any CPU.ActiveCfg = Release|Any CPU
		{5117EF49-8401-4F12-94EE-F25D4781B1FE}.Release|Any CPU.Build.0 = Release|Any CPU
		{5117EF49-8401-4F12-94EE-F25D4781B1FE}.Release|Any CPU.Deploy.0 = Release|Any CPU
		{1F05A8C6-8127-4C7E-BB0B-F5A005E1A7A9}.Debug|Any CPU.ActiveCfg = Debug|Any CPU
		{1F05A8C6-8127-4C7E-BB0B-F5A005E1A7A9}.Debug|Any CPU.Build.0 = Debug|Any CPU
		{1F05A8C6-8127-4C7E-BB0B-F5A005E1A7A9}.Release|Any CPU.ActiveCfg = Release|Any CPU
		{1F05A8C6-8127-4C7E-BB0B-F5A005E1A7A9}.Release|Any CPU.Build.0 = Release|Any CPU
	EndGlobalSection
	GlobalSection(SolutionProperties) = preSolution
		HideSolutionNode = FALSE
	EndGlobalSection
	GlobalSection(ExtensibilityGlobals) = postSolution
		SolutionGuid = {04DA6176-26AC-4379-8B61-E0BAD9A2A259}
	EndGlobalSection
EndGlobal
