
Microsoft Visual Studio Solution File, Format Version 12.00
# Visual Studio Version 17
VisualStudioVersion = 17.3.32929.385
MinimumVisualStudioVersion = 10.0.40219.1
Project("{FAE04EC0-301F-11D3-BF4B-00C04F79EFBC}") = "first-app", "first-app\first-app.csproj", "{572E3E39-A504-43ED-ADDA-62AD24900275}"
EndProject
Global
	GlobalSection(SolutionConfigurationPlatforms) = preSolution
		Debug|Any CPU = Debug|Any CPU
		Release|Any CPU = Release|Any CPU
	EndGlobalSection
	GlobalSection(ProjectConfigurationPlatforms) = postSolution
		{572E3E39-A504-43ED-ADDA-62AD24900275}.Debug|Any CPU.ActiveCfg = Debug|Any CPU
		{572E3E39-A504-43ED-ADDA-62AD24900275}.Debug|Any CPU.Build.0 = Debug|Any CPU
		{572E3E39-A504-43ED-ADDA-62AD24900275}.Release|Any CPU.ActiveCfg = Release|Any CPU
		{572E3E39-A504-43ED-ADDA-62AD24900275}.Release|Any CPU.Build.0 = Release|Any CPU
	EndGlobalSection
	GlobalSection(SolutionProperties) = preSolution
		HideSolutionNode = FALSE
	EndGlobalSection
	GlobalSection(ExtensibilityGlobals) = postSolution
		SolutionGuid = {859E5E5A-9A39-44B2-8C99-4614EED5A731}
	EndGlobalSection
EndGlobal
