
Microsoft Visual Studio Solution File, Format Version 12.00
# Visual Studio Version 16
VisualStudioVersion = 16.0.31729.503
MinimumVisualStudioVersion = 10.0.40219.1
Project("{FAE04EC0-301F-11D3-BF4B-00C04F79EFBC}") = "LearnDesignPattern", "LearnDesignPattern.csproj", "{DA80553D-C2F6-4ABD-8237-8CAC521D0E9C}"
EndProject
Global
	GlobalSection(SolutionConfigurationPlatforms) = preSolution
		Debug|Any CPU = Debug|Any CPU
		Release|Any CPU = Release|Any CPU
	EndGlobalSection
	GlobalSection(ProjectConfigurationPlatforms) = postSolution
		{DA80553D-C2F6-4ABD-8237-8CAC521D0E9C}.Debug|Any CPU.ActiveCfg = Debug|Any CPU
		{DA80553D-C2F6-4ABD-8237-8CAC521D0E9C}.Debug|Any CPU.Build.0 = Debug|Any CPU
		{DA80553D-C2F6-4ABD-8237-8CAC521D0E9C}.Release|Any CPU.ActiveCfg = Release|Any CPU
		{DA80553D-C2F6-4ABD-8237-8CAC521D0E9C}.Release|Any CPU.Build.0 = Release|Any CPU
	EndGlobalSection
	GlobalSection(SolutionProperties) = preSolution
		HideSolutionNode = FALSE
	EndGlobalSection
	GlobalSection(ExtensibilityGlobals) = postSolution
		SolutionGuid = {7A956805-C13B-4DE2-A9CC-AB3602D5614C}
	EndGlobalSection
EndGlobal
