
Microsoft Visual Studio Solution File, Format Version 12.00
# Visual Studio Version 17
VisualStudioVersion = 17.5.33516.290
MinimumVisualStudioVersion = 10.0.40219.1
Project("{FAE04EC0-301F-11D3-BF4B-00C04F79EFBC}") = "cs20_abstractClass", "cs20_abstractClass\cs20_abstractClass.csproj", "{9B070875-F92E-4580-960D-A2397FBEAF47}"
EndProject
Project("{FAE04EC0-301F-11D3-BF4B-00C04F79EFBC}") = "cs21_property", "cs21_property\cs21_property.csproj", "{920AA20C-F11E-4BBA-BE1E-C1B4E861AAA9}"
EndProject
Project("{FAE04EC0-301F-11D3-BF4B-00C04F79EFBC}") = "cs22_collection", "cs22_collection\cs22_collection.csproj", "{387165A2-6148-43D8-BFBF-8C7E75BA7FA5}"
EndProject
Global
	GlobalSection(SolutionConfigurationPlatforms) = preSolution
		Debug|Any CPU = Debug|Any CPU
		Release|Any CPU = Release|Any CPU
	EndGlobalSection
	GlobalSection(ProjectConfigurationPlatforms) = postSolution
		{9B070875-F92E-4580-960D-A2397FBEAF47}.Debug|Any CPU.ActiveCfg = Debug|Any CPU
		{9B070875-F92E-4580-960D-A2397FBEAF47}.Debug|Any CPU.Build.0 = Debug|Any CPU
		{9B070875-F92E-4580-960D-A2397FBEAF47}.Release|Any CPU.ActiveCfg = Release|Any CPU
		{9B070875-F92E-4580-960D-A2397FBEAF47}.Release|Any CPU.Build.0 = Release|Any CPU
		{920AA20C-F11E-4BBA-BE1E-C1B4E861AAA9}.Debug|Any CPU.ActiveCfg = Debug|Any CPU
		{920AA20C-F11E-4BBA-BE1E-C1B4E861AAA9}.Debug|Any CPU.Build.0 = Debug|Any CPU
		{920AA20C-F11E-4BBA-BE1E-C1B4E861AAA9}.Release|Any CPU.ActiveCfg = Release|Any CPU
		{920AA20C-F11E-4BBA-BE1E-C1B4E861AAA9}.Release|Any CPU.Build.0 = Release|Any CPU
		{387165A2-6148-43D8-BFBF-8C7E75BA7FA5}.Debug|Any CPU.ActiveCfg = Debug|Any CPU
		{387165A2-6148-43D8-BFBF-8C7E75BA7FA5}.Debug|Any CPU.Build.0 = Debug|Any CPU
		{387165A2-6148-43D8-BFBF-8C7E75BA7FA5}.Release|Any CPU.ActiveCfg = Release|Any CPU
		{387165A2-6148-43D8-BFBF-8C7E75BA7FA5}.Release|Any CPU.Build.0 = Release|Any CPU
	EndGlobalSection
	GlobalSection(SolutionProperties) = preSolution
		HideSolutionNode = FALSE
	EndGlobalSection
	GlobalSection(ExtensibilityGlobals) = postSolution
		SolutionGuid = {ACB6FE5B-3F36-427D-932A-EC2D25FFF3F4}
	EndGlobalSection
EndGlobal
