
Microsoft Visual Studio Solution File, Format Version 12.00
# Visual Studio Version 17
VisualStudioVersion = 17.5.33516.290
MinimumVisualStudioVersion = 10.0.40219.1
Project("{FAE04EC0-301F-11D3-BF4B-00C04F79EFBC}") = "wf08_dbhandling", "wf08_dbhandling\wf08_dbhandling.csproj", "{92713972-C3D9-4EE3-83FC-02A9963E99C5}"
EndProject
Project("{FAE04EC0-301F-11D3-BF4B-00C04F79EFBC}") = "wf07_myexplorer", "wf07_myexplorer\wf07_myexplorer.csproj", "{8422BA74-9B61-4707-85CC-1A9961A35D6B}"
EndProject
Global
	GlobalSection(SolutionConfigurationPlatforms) = preSolution
		Debug|Any CPU = Debug|Any CPU
		Release|Any CPU = Release|Any CPU
	EndGlobalSection
	GlobalSection(ProjectConfigurationPlatforms) = postSolution
		{92713972-C3D9-4EE3-83FC-02A9963E99C5}.Debug|Any CPU.ActiveCfg = Debug|Any CPU
		{92713972-C3D9-4EE3-83FC-02A9963E99C5}.Debug|Any CPU.Build.0 = Debug|Any CPU
		{92713972-C3D9-4EE3-83FC-02A9963E99C5}.Release|Any CPU.ActiveCfg = Release|Any CPU
		{92713972-C3D9-4EE3-83FC-02A9963E99C5}.Release|Any CPU.Build.0 = Release|Any CPU
		{8422BA74-9B61-4707-85CC-1A9961A35D6B}.Debug|Any CPU.ActiveCfg = Debug|Any CPU
		{8422BA74-9B61-4707-85CC-1A9961A35D6B}.Debug|Any CPU.Build.0 = Debug|Any CPU
		{8422BA74-9B61-4707-85CC-1A9961A35D6B}.Release|Any CPU.ActiveCfg = Release|Any CPU
		{8422BA74-9B61-4707-85CC-1A9961A35D6B}.Release|Any CPU.Build.0 = Release|Any CPU
	EndGlobalSection
	GlobalSection(SolutionProperties) = preSolution
		HideSolutionNode = FALSE
	EndGlobalSection
	GlobalSection(ExtensibilityGlobals) = postSolution
		SolutionGuid = {2C7ABECC-1929-4C5C-978D-1E70E9FE0BAE}
	EndGlobalSection
EndGlobal
