
Microsoft Visual Studio Solution File, Format Version 12.00
# Visual Studio Version 16
VisualStudioVersion = 16.0.30907.101
MinimumVisualStudioVersion = 10.0.40219.1
Project("{9A19103F-16F7-4668-BE54-9A1E7A4F7556}") = "Chap07App", "Chap07App\Chap07App.csproj", "{697C9452-D04A-46F9-A4ED-D8DB22110BCB}"
EndProject
Project("{FAE04EC0-301F-11D3-BF4B-00C04F79EFBC}") = "CalcTestApp", "CalcTestApp\CalcTestApp.csproj", "{52C78EC4-8469-4DF4-979B-99EF22617FA1}"
EndProject
Project("{FAE04EC0-301F-11D3-BF4B-00C04F79EFBC}") = "StaticTestApp", "StaticTestApp\StaticTestApp.csproj", "{E2295D0E-941C-4B6E-BEB9-A2BCB9015386}"
EndProject
Project("{FAE04EC0-301F-11D3-BF4B-00C04F79EFBC}") = "AccessModifierTestApp", "AccessModifierTestApp\AccessModifierTestApp.csproj", "{BA5DA643-42A5-47DD-9BE7-C477E8F1DE2B}"
EndProject
Project("{FAE04EC0-301F-11D3-BF4B-00C04F79EFBC}") = "InheritTestApp", "InheritTestApp\InheritTestApp.csproj", "{B79069C0-158F-4951-A698-63C3DD2A01A0}"
EndProject
Project("{FAE04EC0-301F-11D3-BF4B-00C04F79EFBC}") = "ClassTypeCastApp", "ClassTypeCastApp\ClassTypeCastApp.csproj", "{150085F9-C7F1-425B-B6A3-BCD6EFDFCEBE}"
EndProject
Project("{FAE04EC0-301F-11D3-BF4B-00C04F79EFBC}") = "InheritConfirmApp", "InheritConfirmApp\InheritConfirmApp.csproj", "{750196DC-1878-4B57-A8EF-233714027F23}"
EndProject
Project("{FAE04EC0-301F-11D3-BF4B-00C04F79EFBC}") = "OverrideTestApp", "OverrideTestApp\OverrideTestApp.csproj", "{752ECB44-73C7-4986-A602-475AD0AF8110}"
EndProject
Project("{FAE04EC0-301F-11D3-BF4B-00C04F79EFBC}") = "PartialClassApp", "PartialClassApp\PartialClassApp.csproj", "{856B2C49-B7E2-4C18-A481-5ADB1ED309A4}"
EndProject
Project("{9A19103F-16F7-4668-BE54-9A1E7A4F7556}") = "NewInheritTestApp", "NewInheritTestApp\NewInheritTestApp.csproj", "{037CE5FE-42BA-4D0F-AC34-3BE6BF605943}"
EndProject
Project("{FAE04EC0-301F-11D3-BF4B-00C04F79EFBC}") = "NewTypeCastApp", "NewTypeCastApp\NewTypeCastApp.csproj", "{858BBC47-03D3-4A89-8248-01D5D56A067E}"
EndProject
Project("{FAE04EC0-301F-11D3-BF4B-00C04F79EFBC}") = "NewOverrideTestApp", "NewOverrideTestApp\NewOverrideTestApp.csproj", "{293401CB-1012-487A-8A1B-96FA221766AD}"
EndProject
Project("{FAE04EC0-301F-11D3-BF4B-00C04F79EFBC}") = "TupleTestApp", "TupleTestApp\TupleTestApp.csproj", "{38564350-1C9E-4388-AA5B-5222A55432AD}"
EndProject
Global
	GlobalSection(SolutionConfigurationPlatforms) = preSolution
		Debug|Any CPU = Debug|Any CPU
		Release|Any CPU = Release|Any CPU
	EndGlobalSection
	GlobalSection(ProjectConfigurationPlatforms) = postSolution
		{697C9452-D04A-46F9-A4ED-D8DB22110BCB}.Debug|Any CPU.ActiveCfg = Debug|Any CPU
		{697C9452-D04A-46F9-A4ED-D8DB22110BCB}.Debug|Any CPU.Build.0 = Debug|Any CPU
		{697C9452-D04A-46F9-A4ED-D8DB22110BCB}.Release|Any CPU.ActiveCfg = Release|Any CPU
		{697C9452-D04A-46F9-A4ED-D8DB22110BCB}.Release|Any CPU.Build.0 = Release|Any CPU
		{52C78EC4-8469-4DF4-979B-99EF22617FA1}.Debug|Any CPU.ActiveCfg = Debug|Any CPU
		{52C78EC4-8469-4DF4-979B-99EF22617FA1}.Debug|Any CPU.Build.0 = Debug|Any CPU
		{52C78EC4-8469-4DF4-979B-99EF22617FA1}.Release|Any CPU.ActiveCfg = Release|Any CPU
		{52C78EC4-8469-4DF4-979B-99EF22617FA1}.Release|Any CPU.Build.0 = Release|Any CPU
		{E2295D0E-941C-4B6E-BEB9-A2BCB9015386}.Debug|Any CPU.ActiveCfg = Debug|Any CPU
		{E2295D0E-941C-4B6E-BEB9-A2BCB9015386}.Debug|Any CPU.Build.0 = Debug|Any CPU
		{E2295D0E-941C-4B6E-BEB9-A2BCB9015386}.Release|Any CPU.ActiveCfg = Release|Any CPU
		{E2295D0E-941C-4B6E-BEB9-A2BCB9015386}.Release|Any CPU.Build.0 = Release|Any CPU
		{BA5DA643-42A5-47DD-9BE7-C477E8F1DE2B}.Debug|Any CPU.ActiveCfg = Debug|Any CPU
		{BA5DA643-42A5-47DD-9BE7-C477E8F1DE2B}.Debug|Any CPU.Build.0 = Debug|Any CPU
		{BA5DA643-42A5-47DD-9BE7-C477E8F1DE2B}.Release|Any CPU.ActiveCfg = Release|Any CPU
		{BA5DA643-42A5-47DD-9BE7-C477E8F1DE2B}.Release|Any CPU.Build.0 = Release|Any CPU
		{B79069C0-158F-4951-A698-63C3DD2A01A0}.Debug|Any CPU.ActiveCfg = Debug|Any CPU
		{B79069C0-158F-4951-A698-63C3DD2A01A0}.Debug|Any CPU.Build.0 = Debug|Any CPU
		{B79069C0-158F-4951-A698-63C3DD2A01A0}.Release|Any CPU.ActiveCfg = Release|Any CPU
		{B79069C0-158F-4951-A698-63C3DD2A01A0}.Release|Any CPU.Build.0 = Release|Any CPU
		{150085F9-C7F1-425B-B6A3-BCD6EFDFCEBE}.Debug|Any CPU.ActiveCfg = Debug|Any CPU
		{150085F9-C7F1-425B-B6A3-BCD6EFDFCEBE}.Debug|Any CPU.Build.0 = Debug|Any CPU
		{150085F9-C7F1-425B-B6A3-BCD6EFDFCEBE}.Release|Any CPU.ActiveCfg = Release|Any CPU
		{150085F9-C7F1-425B-B6A3-BCD6EFDFCEBE}.Release|Any CPU.Build.0 = Release|Any CPU
		{750196DC-1878-4B57-A8EF-233714027F23}.Debug|Any CPU.ActiveCfg = Debug|Any CPU
		{750196DC-1878-4B57-A8EF-233714027F23}.Debug|Any CPU.Build.0 = Debug|Any CPU
		{750196DC-1878-4B57-A8EF-233714027F23}.Release|Any CPU.ActiveCfg = Release|Any CPU
		{750196DC-1878-4B57-A8EF-233714027F23}.Release|Any CPU.Build.0 = Release|Any CPU
		{752ECB44-73C7-4986-A602-475AD0AF8110}.Debug|Any CPU.ActiveCfg = Debug|Any CPU
		{752ECB44-73C7-4986-A602-475AD0AF8110}.Debug|Any CPU.Build.0 = Debug|Any CPU
		{752ECB44-73C7-4986-A602-475AD0AF8110}.Release|Any CPU.ActiveCfg = Release|Any CPU
		{752ECB44-73C7-4986-A602-475AD0AF8110}.Release|Any CPU.Build.0 = Release|Any CPU
		{856B2C49-B7E2-4C18-A481-5ADB1ED309A4}.Debug|Any CPU.ActiveCfg = Debug|Any CPU
		{856B2C49-B7E2-4C18-A481-5ADB1ED309A4}.Debug|Any CPU.Build.0 = Debug|Any CPU
		{856B2C49-B7E2-4C18-A481-5ADB1ED309A4}.Release|Any CPU.ActiveCfg = Release|Any CPU
		{856B2C49-B7E2-4C18-A481-5ADB1ED309A4}.Release|Any CPU.Build.0 = Release|Any CPU
		{037CE5FE-42BA-4D0F-AC34-3BE6BF605943}.Debug|Any CPU.ActiveCfg = Debug|Any CPU
		{037CE5FE-42BA-4D0F-AC34-3BE6BF605943}.Debug|Any CPU.Build.0 = Debug|Any CPU
		{037CE5FE-42BA-4D0F-AC34-3BE6BF605943}.Release|Any CPU.ActiveCfg = Release|Any CPU
		{037CE5FE-42BA-4D0F-AC34-3BE6BF605943}.Release|Any CPU.Build.0 = Release|Any CPU
		{858BBC47-03D3-4A89-8248-01D5D56A067E}.Debug|Any CPU.ActiveCfg = Debug|Any CPU
		{858BBC47-03D3-4A89-8248-01D5D56A067E}.Debug|Any CPU.Build.0 = Debug|Any CPU
		{858BBC47-03D3-4A89-8248-01D5D56A067E}.Release|Any CPU.ActiveCfg = Release|Any CPU
		{858BBC47-03D3-4A89-8248-01D5D56A067E}.Release|Any CPU.Build.0 = Release|Any CPU
		{293401CB-1012-487A-8A1B-96FA221766AD}.Debug|Any CPU.ActiveCfg = Debug|Any CPU
		{293401CB-1012-487A-8A1B-96FA221766AD}.Debug|Any CPU.Build.0 = Debug|Any CPU
		{293401CB-1012-487A-8A1B-96FA221766AD}.Release|Any CPU.ActiveCfg = Release|Any CPU
		{293401CB-1012-487A-8A1B-96FA221766AD}.Release|Any CPU.Build.0 = Release|Any CPU
		{38564350-1C9E-4388-AA5B-5222A55432AD}.Debug|Any CPU.ActiveCfg = Debug|Any CPU
		{38564350-1C9E-4388-AA5B-5222A55432AD}.Debug|Any CPU.Build.0 = Debug|Any CPU
		{38564350-1C9E-4388-AA5B-5222A55432AD}.Release|Any CPU.ActiveCfg = Release|Any CPU
		{38564350-1C9E-4388-AA5B-5222A55432AD}.Release|Any CPU.Build.0 = Release|Any CPU
	EndGlobalSection
	GlobalSection(SolutionProperties) = preSolution
		HideSolutionNode = FALSE
	EndGlobalSection
	GlobalSection(ExtensibilityGlobals) = postSolution
		SolutionGuid = {A272381F-73A2-467C-BBDF-4015304A1FED}
	EndGlobalSection
EndGlobal
